{
  "version": 4,
  "terraform_version": "1.5.7",
  "serial": 125,
  "lineage": "6c41e15f-b6b6-be69-7826-9eb87256398e",
  "outputs": {
    "address": {
      "value": "34.36.110.183",
      "type": "string"
    },
    "bucket_name": {
      "value": "abe-andb-cool-bluebird",
      "type": "string"
    },
    "url": {
      "value": "https://abe-sm.wandb.ml",
      "type": "string"
    }
  },
  "resources": [
    {
      "mode": "data",
      "type": "google_client_config",
      "name": "current",
      "provider": "provider[\"registry.terraform.io/hashicorp/google\"]",
      "instances": [
        {
          "schema_version": 0,
          "attributes": {
            "access_token": "ya29.a0AXooCgsiL8OqgymgFwhD65trFohCzId2cEbZN5fBpFe68ddMSWmRd9gcXDg5gDiVumbSzK2cRxLLWTLzl83td0nNR8zgx_Vw0fAmyw-O_T6QbnWRricL-X4UXyHbxcWkBlV6ETaG4aKClGMGskA7GoOqRg_ky9DKuuCLhwaCgYKASsSARASFQHGX2MiA-xmJZQrI9aG_ITV8u3PZQ0173",
            "id": "projects/\"playground-111\"/regions/\"us-central1\"/zones/\"us-central1-c\"",
            "project": "playground-111",
            "region": "us-central1",
            "zone": "us-central1-c"
          },
          "sensitive_attributes": []
        }
      ]
    },
    {
      "module": "module.wandb.module.app_gke",
      "mode": "managed",
      "type": "google_container_cluster",
      "name": "default",
      "provider": "provider[\"registry.terraform.io/hashicorp/google\"]",
      "instances": [
        {
          "schema_version": 1,
          "attributes": {
            "addons_config": [
              {
                "cloudrun_config": [],
                "config_connector_config": [],
                "dns_cache_config": [],
                "gce_persistent_disk_csi_driver_config": [
                  {
                    "enabled": true
                  }
                ],
                "gcp_filestore_csi_driver_config": [],
                "gcs_fuse_csi_driver_config": [],
                "gke_backup_agent_config": [],
                "horizontal_pod_autoscaling": [],
                "http_load_balancing": [],
                "network_policy_config": [
                  {
                    "disabled": true
                  }
                ]
              }
            ],
            "allow_net_admin": null,
            "authenticator_groups_config": [],
            "binary_authorization": [
              {
                "enabled": false,
                "evaluation_mode": "PROJECT_SINGLETON_POLICY_ENFORCE"
              }
            ],
            "cluster_autoscaling": [
              {
                "auto_provisioning_defaults": [],
                "enabled": false,
                "resource_limits": []
              }
            ],
            "cluster_ipv4_cidr": "10.0.0.0/14",
            "confidential_nodes": [],
            "cost_management_config": [],
            "database_encryption": [
              {
                "key_name": "",
                "state": "DECRYPTED"
              }
            ],
            "datapath_provider": "",
            "default_max_pods_per_node": 110,
            "default_snat_status": [
              {
                "disabled": false
              }
            ],
            "description": "",
            "dns_config": [],
            "enable_autopilot": false,
            "enable_binary_authorization": false,
            "enable_intranode_visibility": true,
            "enable_k8s_beta_apis": [],
            "enable_kubernetes_alpha": false,
            "enable_l4_ilb_subsetting": false,
            "enable_legacy_abac": false,
            "enable_shielded_nodes": true,
            "enable_tpu": false,
            "endpoint": "34.123.169.117",
            "gateway_api_config": [],
            "id": "projects/playground-111/locations/us-central1-c/clusters/abe-andb-cluster",
            "initial_node_count": 1,
            "ip_allocation_policy": [
              {
                "additional_pod_ranges_config": [],
                "cluster_ipv4_cidr_block": "10.0.0.0/14",
                "cluster_secondary_range_name": "gke-abe-andb-cluster-pods-73dc35d6",
                "pod_cidr_overprovision_config": [
                  {
                    "disabled": false
                  }
                ],
                "services_ipv4_cidr_block": "10.254.32.0/19",
                "services_secondary_range_name": "gke-abe-andb-cluster-services-73dc35d6",
                "stack_type": "IPV4"
              }
            ],
            "label_fingerprint": "a9dc16a7",
            "location": "us-central1-c",
            "logging_config": [
              {
                "enable_components": [
                  "SYSTEM_COMPONENTS",
                  "WORKLOADS"
                ]
              }
            ],
            "logging_service": "logging.googleapis.com/kubernetes",
            "maintenance_policy": [],
            "master_auth": [
              {
                "client_certificate": "",
                "client_certificate_config": [
                  {
                    "issue_client_certificate": false
                  }
                ],
                "client_key": "",
                "cluster_ca_certificate": "LS0tLS1CRUdJTiBDRVJUSUZJQ0FURS0tLS0tCk1JSUVMRENDQXBTZ0F3SUJBZ0lRVUZoanN5d2xmVkVSbWF0dWlMc0V5akFOQmdrcWhraUc5dzBCQVFzRkFEQXYKTVMwd0t3WURWUVFERXlSak1EWTVaalV3T1Mxak5qWXdMVFF5TTJVdFlqTXlOUzFtTkROaE5HRmxOalZoWWpJdwpJQmNOTWpRd056RTJNVFl3TkRRd1doZ1BNakExTkRBM01Ea3hOekEwTkRCYU1DOHhMVEFyQmdOVkJBTVRKR013Ck5qbG1OVEE1TFdNMk5qQXROREl6WlMxaU16STFMV1kwTTJFMFlXVTJOV0ZpTWpDQ0FhSXdEUVlKS29aSWh2Y04KQVFFQkJRQURnZ0dQQURDQ0FZb0NnZ0dCQUwwZ0liU2hkWjNMcnhnanZwcE5GR0RUY1NSNnlSYmxMbXV4cnVhMAp5TlFEZG9xb1dCMmpJMXFyT3AxSGpTWnp5bTZVMm12WEVYc3Njb2JZOWhFM0I5K3V0TXhKdTZpMHRHMmFpSmJyCk9CczBxbEFud1BFM3psOEZTYkQvMnBXMGJ4ZCt5R3U3Y0gxOWNNTnN6enZ4L3B1Q0pldi9RaEFteVRDWEFMVkcKczNFZmd0NWpLYWhnRFp0UGZtVCsvWkNqZ0piTzJhSUw1dlNtTzdOYzhEV29HSC9iVVRNYjVrWDZsNGxiVjN2bwp2M3AramVkS3lkN3pKMW9RWTJPbzRDWWo5NmNQTFI5U2xJeWpwSVUwZ2F4KzRCREErYzkyc2xFZmYxMXJWWkNLCmIxSFpPLzdFQ0tET3N1blRibTZwMzRTTHorenhPTUZGR1N0VmlYWHdJZ3NlWVJGQUtpSkw2Z1pNWXo1VWZFWnYKQzF0a0lsMStxNlNWc2RJZU5PRWZ2aUtPZDl1bTBydU1ReU5yMjVKMzlBRUJGQW84eUFtcGJXREk4ekdlWHRLYwo3R1dseHNIS2VSZ3RrcUpmcXhWbkpjcy9TU29kYlcrWEdRejd3MnhISUpnZkVQZ0dtVEwzM1dmZVZpMkNEL0x5CmVKSzBSQlFqVCtZSGFpMVNadTEyQmliN1RRSURBUUFCbzBJd1FEQU9CZ05WSFE4QkFmOEVCQU1DQWdRd0R3WUQKVlIwVEFRSC9CQVV3QXdFQi96QWRCZ05WSFE0RUZnUVVTNWpvQysrd3ZTL1JjVkUrZHFmSnJqVVl1ak13RFFZSgpLb1pJaHZjTkFRRUxCUUFEZ2dHQkFENm41UzVGWTJZVGt5RlF0RnlCUjFweFF1aXVCd0Q4ZGhuQTB3Q0ZlazNWCk5oc0lGWTlpQ2k4ZTFBZi8vYmpoTlZZdzVrVFI5NVZYNFJqYVNON1ZLNVYwVWo5Q0JPdU5Xb1Z0NTlRSCt0djMKSlFYbC8vNElKK24zL0lhRk05bHNqbGRPa2gzb2t0ZDBPeGdhellGc2Q2bDJNcW1LaUwxUFBnOXNIVVM3Rlh1cApENk1VS3kxREtSQk9ldDNid1ZvM3NHc2ZNK2RRaE1ZYlV0ZGp5MzBlQ3VKVEVqQWpmRldvcE8xVEE5ejFvVFEvCmIvM3lQSGljbjlheEE1bU1Hd3JoMDRXamYvS1EzRG0rZkVQK0R1YitkSFozaExDRStmam9HU2orS0V0ZG5zZU4KbXQ2V0Z6c1RGeFZSMSt5Q3laNW1Ya0F2a0xJcHlyb1Q4OHFsdk5PZW9xeHZiYWxEYm1VbVpBWFVLaHFrQTRrUQpvZEZLZUQxWGZHWm5PRU5FZzZnS044dWRrUXRDWDYvOVNzTlAwckIySktaZXd6cDVjQzg2TWdiZ1hRTElCaUkvCmZWa2RSY2k2QzdZSEIyOE9IeG1GSUlvTWt4TVkvQnQ1WEUvVVhETTZLUHV1NzlXMXdwbnl2UW8yNkJaLzBOT2IKUnFCSUV0ZDg0QU9WZXJwRklvYlB6dz09Ci0tLS0tRU5EIENFUlRJRklDQVRFLS0tLS0K"
              }
            ],
            "master_authorized_networks_config": [],
            "master_version": "1.28.9-gke.1289002",
            "mesh_certificates": [],
            "min_master_version": null,
            "monitoring_config": [
              {
                "advanced_datapath_observability_config": [
                  {
                    "enable_metrics": false,
                    "relay_mode": ""
                  }
                ],
                "enable_components": [
                  "SYSTEM_COMPONENTS"
                ],
                "managed_prometheus": [
                  {
                    "enabled": true
                  }
                ]
              }
            ],
            "monitoring_service": "monitoring.googleapis.com/kubernetes",
            "name": "abe-andb-cluster",
            "network": "projects/playground-111/global/networks/abe-andb-vpc",
            "network_policy": [
              {
                "enabled": false,
                "provider": "PROVIDER_UNSPECIFIED"
              }
            ],
            "networking_mode": "VPC_NATIVE",
            "node_config": [
              {
                "advanced_machine_features": [],
                "boot_disk_kms_key": "",
                "confidential_nodes": [],
                "disk_size_gb": 100,
                "disk_type": "pd-balanced",
                "ephemeral_storage_local_ssd_config": [],
                "fast_socket": [],
                "gcfs_config": [],
                "guest_accelerator": [],
                "gvnic": [],
                "host_maintenance_policy": [],
                "image_type": "COS_CONTAINERD",
                "kubelet_config": [],
                "labels": {},
                "linux_node_config": [],
                "local_nvme_ssd_block_config": [],
                "local_ssd_count": 0,
                "logging_variant": "DEFAULT",
                "machine_type": "n1-standard-4",
                "metadata": {
                  "disable-legacy-endpoints": "true"
                },
                "min_cpu_platform": "",
                "node_group": "",
                "oauth_scopes": [
                  "https://www.googleapis.com/auth/bigquery",
                  "https://www.googleapis.com/auth/bigtable.admin",
                  "https://www.googleapis.com/auth/bigtable.data",
                  "https://www.googleapis.com/auth/cloud-platform",
                  "https://www.googleapis.com/auth/devstorage.read_write",
                  "https://www.googleapis.com/auth/logging.write",
                  "https://www.googleapis.com/auth/monitoring",
                  "https://www.googleapis.com/auth/pubsub",
                  "https://www.googleapis.com/auth/sqlservice.admin",
                  "https://www.googleapis.com/auth/trace.append"
                ],
                "preemptible": false,
                "reservation_affinity": [],
                "resource_labels": {},
                "service_account": "abe-andb-sa-136616973301486430@playground-111.iam.gserviceaccount.com",
                "shielded_instance_config": [
                  {
                    "enable_integrity_monitoring": true,
                    "enable_secure_boot": true
                  }
                ],
                "sole_tenant_config": [],
                "spot": false,
                "tags": [],
                "taint": [],
                "workload_metadata_config": []
              }
            ],
            "node_locations": [],
            "node_pool": [
              {
                "autoscaling": [],
                "initial_node_count": 2,
                "instance_group_urls": [
                  "https://www.googleapis.com/compute/v1/projects/playground-111/zones/us-central1-c/instanceGroupManagers/gke-abe-andb-cluster-default-pool-gro-49b98ec5-grp"
                ],
                "managed_instance_group_urls": [
                  "https://www.googleapis.com/compute/v1/projects/playground-111/zones/us-central1-c/instanceGroups/gke-abe-andb-cluster-default-pool-gro-49b98ec5-grp"
                ],
                "management": [
                  {
                    "auto_repair": true,
                    "auto_upgrade": true
                  }
                ],
                "max_pods_per_node": 110,
                "name": "default-pool-grown-crayfish",
                "name_prefix": "",
                "network_config": [
                  {
                    "create_pod_range": false,
                    "enable_private_nodes": false,
                    "pod_cidr_overprovision_config": [],
                    "pod_ipv4_cidr_block": "10.0.0.0/14",
                    "pod_range": "gke-abe-andb-cluster-pods-73dc35d6"
                  }
                ],
                "node_config": [
                  {
                    "advanced_machine_features": [],
                    "boot_disk_kms_key": "",
                    "confidential_nodes": [],
                    "disk_size_gb": 100,
                    "disk_type": "pd-balanced",
                    "ephemeral_storage_local_ssd_config": [],
                    "fast_socket": [],
                    "gcfs_config": [],
                    "guest_accelerator": [],
                    "gvnic": [],
                    "host_maintenance_policy": [],
                    "image_type": "COS_CONTAINERD",
                    "kubelet_config": [],
                    "labels": {},
                    "linux_node_config": [],
                    "local_nvme_ssd_block_config": [],
                    "local_ssd_count": 0,
                    "logging_variant": "DEFAULT",
                    "machine_type": "n1-standard-4",
                    "metadata": {
                      "disable-legacy-endpoints": "true"
                    },
                    "min_cpu_platform": "",
                    "node_group": "",
                    "oauth_scopes": [
                      "https://www.googleapis.com/auth/bigquery",
                      "https://www.googleapis.com/auth/bigtable.admin",
                      "https://www.googleapis.com/auth/bigtable.data",
                      "https://www.googleapis.com/auth/cloud-platform",
                      "https://www.googleapis.com/auth/devstorage.read_write",
                      "https://www.googleapis.com/auth/logging.write",
                      "https://www.googleapis.com/auth/monitoring",
                      "https://www.googleapis.com/auth/pubsub",
                      "https://www.googleapis.com/auth/sqlservice.admin",
                      "https://www.googleapis.com/auth/trace.append"
                    ],
                    "preemptible": false,
                    "reservation_affinity": [],
                    "resource_labels": {},
                    "service_account": "abe-andb-sa-136616973301486430@playground-111.iam.gserviceaccount.com",
                    "shielded_instance_config": [
                      {
                        "enable_integrity_monitoring": true,
                        "enable_secure_boot": true
                      }
                    ],
                    "sole_tenant_config": [],
                    "spot": false,
                    "tags": [],
                    "taint": [],
                    "workload_metadata_config": []
                  }
                ],
                "node_count": 2,
                "node_locations": [
                  "us-central1-c"
                ],
                "placement_policy": [],
                "upgrade_settings": [
                  {
                    "blue_green_settings": [],
                    "max_surge": 1,
                    "max_unavailable": 0,
                    "strategy": "SURGE"
                  }
                ],
                "version": "1.28.9-gke.1289002"
              }
            ],
            "node_pool_auto_config": [],
            "node_pool_defaults": [
              {
                "node_config_defaults": [
                  {
                    "logging_variant": "DEFAULT"
                  }
                ]
              }
            ],
            "node_version": "1.28.9-gke.1289002",
            "notification_config": [
              {
                "pubsub": [
                  {
                    "enabled": false,
                    "filter": [],
                    "topic": ""
                  }
                ]
              }
            ],
            "operation": null,
            "private_cluster_config": [
              {
                "enable_private_endpoint": false,
                "enable_private_nodes": false,
                "master_global_access_config": [
                  {
                    "enabled": false
                  }
                ],
                "master_ipv4_cidr_block": "",
                "peering_name": "",
                "private_endpoint": "10.10.0.2",
                "private_endpoint_subnetwork": "",
                "public_endpoint": "34.123.169.117"
              }
            ],
            "private_ipv6_google_access": "",
            "project": "playground-111",
            "release_channel": [
              {
                "channel": "STABLE"
              }
            ],
            "remove_default_node_pool": true,
            "resource_labels": {},
            "resource_usage_export_config": [],
            "security_posture_config": [
              {
                "mode": "BASIC",
                "vulnerability_mode": "VULNERABILITY_MODE_UNSPECIFIED"
              }
            ],
            "self_link": "https://container.googleapis.com/v1/projects/playground-111/zones/us-central1-c/clusters/abe-andb-cluster",
            "service_external_ips_config": [
              {
                "enabled": false
              }
            ],
            "services_ipv4_cidr": "10.254.32.0/19",
            "subnetwork": "projects/playground-111/regions/us-central1/subnetworks/abe-andb-subnet",
            "timeouts": null,
            "tpu_ipv4_cidr_block": "",
            "vertical_pod_autoscaling": [],
            "workload_identity_config": []
          },
          "sensitive_attributes": [],
          "private": "eyJlMmJmYjczMC1lY2FhLTExZTYtOGY4OC0zNDM2M2JjN2M0YzAiOnsiY3JlYXRlIjoyNDAwMDAwMDAwMDAwLCJkZWxldGUiOjI0MDAwMDAwMDAwMDAsInJlYWQiOjI0MDAwMDAwMDAwMDAsInVwZGF0ZSI6MzYwMDAwMDAwMDAwMH0sInNjaGVtYV92ZXJzaW9uIjoiMSJ9",
          "dependencies": [
            "module.wandb.module.networking.google_compute_network.vpc",
            "module.wandb.module.networking.google_compute_subnetwork.default",
            "module.wandb.module.project_factory_project_services.data.google_compute_default_service_account.default",
            "module.wandb.module.project_factory_project_services.google_project_iam_member.project_service_identity_roles",
            "module.wandb.module.project_factory_project_services.google_project_service.project_services",
            "module.wandb.module.project_factory_project_services.google_project_service_identity.project_service_identities"
          ],
          "create_before_destroy": true
        }
      ]
    },
    {
      "module": "module.wandb.module.app_gke",
      "mode": "managed",
      "type": "google_container_node_pool",
      "name": "default",
      "provider": "provider[\"registry.terraform.io/hashicorp/google\"]",
      "instances": [
        {
          "schema_version": 1,
          "attributes": {
            "autoscaling": [],
            "cluster": "projects/playground-111/locations/us-central1-c/clusters/abe-andb-cluster",
            "id": "projects/playground-111/locations/us-central1-c/clusters/abe-andb-cluster/nodePools/default-pool-grown-crayfish",
            "initial_node_count": 2,
            "instance_group_urls": [
              "https://www.googleapis.com/compute/v1/projects/playground-111/zones/us-central1-c/instanceGroupManagers/gke-abe-andb-cluster-default-pool-gro-49b98ec5-grp"
            ],
            "location": "us-central1-c",
            "managed_instance_group_urls": [
              "https://www.googleapis.com/compute/v1/projects/playground-111/zones/us-central1-c/instanceGroups/gke-abe-andb-cluster-default-pool-gro-49b98ec5-grp"
            ],
            "management": [
              {
                "auto_repair": true,
                "auto_upgrade": true
              }
            ],
            "max_pods_per_node": 110,
            "name": "default-pool-grown-crayfish",
            "name_prefix": "",
            "network_config": [
              {
                "create_pod_range": false,
                "enable_private_nodes": false,
                "pod_cidr_overprovision_config": [],
                "pod_ipv4_cidr_block": "10.0.0.0/14",
                "pod_range": "gke-abe-andb-cluster-pods-73dc35d6"
              }
            ],
            "node_config": [
              {
                "advanced_machine_features": [],
                "boot_disk_kms_key": "",
                "confidential_nodes": [],
                "disk_size_gb": 100,
                "disk_type": "pd-balanced",
                "ephemeral_storage_local_ssd_config": [],
                "fast_socket": [],
                "gcfs_config": [],
                "guest_accelerator": [],
                "gvnic": [],
                "host_maintenance_policy": [],
                "image_type": "COS_CONTAINERD",
                "kubelet_config": [],
                "labels": {},
                "linux_node_config": [],
                "local_nvme_ssd_block_config": [],
                "local_ssd_count": 0,
                "logging_variant": "DEFAULT",
                "machine_type": "n1-standard-4",
                "metadata": {
                  "disable-legacy-endpoints": "true"
                },
                "min_cpu_platform": "",
                "node_group": "",
                "oauth_scopes": [
                  "https://www.googleapis.com/auth/bigquery",
                  "https://www.googleapis.com/auth/bigtable.admin",
                  "https://www.googleapis.com/auth/bigtable.data",
                  "https://www.googleapis.com/auth/cloud-platform",
                  "https://www.googleapis.com/auth/devstorage.read_write",
                  "https://www.googleapis.com/auth/logging.write",
                  "https://www.googleapis.com/auth/monitoring",
                  "https://www.googleapis.com/auth/pubsub",
                  "https://www.googleapis.com/auth/sqlservice.admin",
                  "https://www.googleapis.com/auth/trace.append"
                ],
                "preemptible": false,
                "reservation_affinity": [],
                "resource_labels": {},
                "service_account": "abe-andb-sa-136616973301486430@playground-111.iam.gserviceaccount.com",
                "shielded_instance_config": [
                  {
                    "enable_integrity_monitoring": true,
                    "enable_secure_boot": true
                  }
                ],
                "sole_tenant_config": [],
                "spot": false,
                "tags": [],
                "taint": [],
                "workload_metadata_config": []
              }
            ],
            "node_count": 2,
            "node_locations": [
              "us-central1-c"
            ],
            "operation": null,
            "placement_policy": [],
            "project": "playground-111",
            "timeouts": null,
            "upgrade_settings": [
              {
                "blue_green_settings": [],
                "max_surge": 1,
                "max_unavailable": 0,
                "strategy": "SURGE"
              }
            ],
            "version": "1.28.9-gke.1289002"
          },
          "sensitive_attributes": [],
          "private": "eyJlMmJmYjczMC1lY2FhLTExZTYtOGY4OC0zNDM2M2JjN2M0YzAiOnsiY3JlYXRlIjoxODAwMDAwMDAwMDAwLCJkZWxldGUiOjE4MDAwMDAwMDAwMDAsInVwZGF0ZSI6MTgwMDAwMDAwMDAwMH0sInNjaGVtYV92ZXJzaW9uIjoiMSJ9",
          "dependencies": [
            "module.wandb.module.app_gke.google_container_cluster.default",
            "module.wandb.module.app_gke.random_pet.node_pool",
            "module.wandb.module.networking.google_compute_network.vpc",
            "module.wandb.module.networking.google_compute_subnetwork.default",
            "module.wandb.module.project_factory_project_services.data.google_compute_default_service_account.default",
            "module.wandb.module.project_factory_project_services.google_project_iam_member.project_service_identity_roles",
            "module.wandb.module.project_factory_project_services.google_project_service.project_services",
            "module.wandb.module.project_factory_project_services.google_project_service_identity.project_service_identities",
            "module.wandb.module.service_accounts.google_service_account.main",
            "module.wandb.module.service_accounts.random_id.main"
          ],
          "create_before_destroy": true
        }
      ]
    },
    {
      "module": "module.wandb.module.app_gke",
      "mode": "managed",
      "type": "random_pet",
      "name": "node_pool",
      "provider": "provider[\"registry.terraform.io/hashicorp/random\"]",
      "instances": [
        {
          "schema_version": 0,
          "attributes": {
            "id": "grown-crayfish",
            "keepers": {
              "machine_type": "n1-standard-4"
            },
            "length": 2,
            "prefix": null,
            "separator": "-"
          },
          "sensitive_attributes": [],
          "dependencies": [
            "module.wandb.module.project_factory_project_services.data.google_compute_default_service_account.default",
            "module.wandb.module.project_factory_project_services.google_project_iam_member.project_service_identity_roles",
            "module.wandb.module.project_factory_project_services.google_project_service.project_services",
            "module.wandb.module.project_factory_project_services.google_project_service_identity.project_service_identities"
          ],
          "create_before_destroy": true
        }
      ]
    },
    {
      "module": "module.wandb.module.app_lb",
      "mode": "managed",
      "type": "google_compute_global_address",
      "name": "default",
      "provider": "provider[\"registry.terraform.io/hashicorp/google\"]",
      "instances": [
        {
          "schema_version": 0,
          "attributes": {
            "address": "34.36.110.183",
            "address_type": "EXTERNAL",
            "creation_timestamp": "2024-07-16T10:17:33.602-07:00",
            "description": "",
            "id": "projects/playground-111/global/addresses/abe-andb-address",
            "ip_version": "",
            "name": "abe-andb-address",
            "network": "",
            "prefix_length": 0,
            "project": "playground-111",
            "purpose": "",
            "self_link": "https://www.googleapis.com/compute/v1/projects/playground-111/global/addresses/abe-andb-address",
            "timeouts": null
          },
          "sensitive_attributes": [],
          "private": "eyJlMmJmYjczMC1lY2FhLTExZTYtOGY4OC0zNDM2M2JjN2M0YzAiOnsiY3JlYXRlIjoxMjAwMDAwMDAwMDAwLCJkZWxldGUiOjEyMDAwMDAwMDAwMDB9fQ==",
          "dependencies": [
            "module.wandb.module.app_gke.google_container_cluster.default",
            "module.wandb.module.app_gke.google_container_node_pool.default",
            "module.wandb.module.app_gke.random_pet.node_pool",
            "module.wandb.module.networking.google_compute_network.vpc",
            "module.wandb.module.networking.google_compute_subnetwork.default",
            "module.wandb.module.project_factory_project_services.data.google_compute_default_service_account.default",
            "module.wandb.module.project_factory_project_services.google_project_iam_member.project_service_identity_roles",
            "module.wandb.module.project_factory_project_services.google_project_service.project_services",
            "module.wandb.module.project_factory_project_services.google_project_service_identity.project_service_identities",
            "module.wandb.module.service_accounts.google_service_account.main",
            "module.wandb.module.service_accounts.random_id.main"
          ]
        }
      ]
    },
    {
      "module": "module.wandb.module.app_lb",
      "mode": "managed",
      "type": "google_compute_global_address",
      "name": "operator",
      "provider": "provider[\"registry.terraform.io/hashicorp/google\"]",
      "instances": [
        {
          "schema_version": 0,
          "attributes": {
            "address": "34.54.242.120",
            "address_type": "EXTERNAL",
            "creation_timestamp": "2024-07-16T10:17:33.661-07:00",
            "description": "",
            "id": "projects/playground-111/global/addresses/abe-andb-operator-address",
            "ip_version": "",
            "name": "abe-andb-operator-address",
            "network": "",
            "prefix_length": 0,
            "project": "playground-111",
            "purpose": "",
            "self_link": "https://www.googleapis.com/compute/v1/projects/playground-111/global/addresses/abe-andb-operator-address",
            "timeouts": null
          },
          "sensitive_attributes": [],
          "private": "eyJlMmJmYjczMC1lY2FhLTExZTYtOGY4OC0zNDM2M2JjN2M0YzAiOnsiY3JlYXRlIjoxMjAwMDAwMDAwMDAwLCJkZWxldGUiOjEyMDAwMDAwMDAwMDB9fQ==",
          "dependencies": [
            "module.wandb.module.app_gke.google_container_cluster.default",
            "module.wandb.module.app_gke.google_container_node_pool.default",
            "module.wandb.module.app_gke.random_pet.node_pool",
            "module.wandb.module.networking.google_compute_network.vpc",
            "module.wandb.module.networking.google_compute_subnetwork.default",
            "module.wandb.module.project_factory_project_services.data.google_compute_default_service_account.default",
            "module.wandb.module.project_factory_project_services.google_project_iam_member.project_service_identity_roles",
            "module.wandb.module.project_factory_project_services.google_project_service.project_services",
            "module.wandb.module.project_factory_project_services.google_project_service_identity.project_service_identities",
            "module.wandb.module.service_accounts.google_service_account.main",
            "module.wandb.module.service_accounts.random_id.main"
          ]
        }
      ]
    },
    {
      "module": "module.wandb.module.app_lb.module.https[0]",
      "mode": "managed",
      "type": "google_compute_global_forwarding_rule",
      "name": "default",
      "provider": "provider[\"registry.terraform.io/hashicorp/google\"]",
      "instances": [
        {
          "schema_version": 0,
          "attributes": {
            "base_forwarding_rule": "",
            "description": "",
            "id": "projects/playground-111/global/forwardingRules/abe-andb-https",
            "ip_address": "34.36.110.183",
            "ip_protocol": "TCP",
            "ip_version": "",
            "label_fingerprint": "42WmSpB8rSM=",
            "labels": {},
            "load_balancing_scheme": "EXTERNAL",
            "metadata_filters": [],
            "name": "abe-andb-https",
            "network": "",
            "no_automate_dns_zone": null,
            "port_range": "443-443",
            "project": "playground-111",
            "psc_connection_id": "",
            "psc_connection_status": "",
            "self_link": "https://www.googleapis.com/compute/v1/projects/playground-111/global/forwardingRules/abe-andb-https",
            "source_ip_ranges": [],
            "subnetwork": "",
            "target": "https://www.googleapis.com/compute/v1/projects/playground-111/global/targetHttpsProxies/abe-andb-https-proxy",
            "timeouts": null
          },
          "sensitive_attributes": [],
          "private": "eyJlMmJmYjczMC1lY2FhLTExZTYtOGY4OC0zNDM2M2JjN2M0YzAiOnsiY3JlYXRlIjoxMjAwMDAwMDAwMDAwLCJkZWxldGUiOjEyMDAwMDAwMDAwMDAsInVwZGF0ZSI6MTIwMDAwMDAwMDAwMH19",
          "dependencies": [
            "module.wandb.module.app_gke.google_container_cluster.default",
            "module.wandb.module.app_gke.google_container_node_pool.default",
            "module.wandb.module.app_gke.random_pet.node_pool",
            "module.wandb.module.app_lb.google_compute_global_address.default",
            "module.wandb.module.app_lb.module.https.google_compute_managed_ssl_certificate.default",
            "module.wandb.module.app_lb.module.https.google_compute_ssl_policy.default",
            "module.wandb.module.app_lb.module.https.google_compute_target_https_proxy.default",
            "module.wandb.module.app_lb.module.https.random_pet.cert",
            "module.wandb.module.app_lb.module.url_map.google_compute_backend_service.default",
            "module.wandb.module.app_lb.module.url_map.google_compute_health_check.gke_ingress",
            "module.wandb.module.app_lb.module.url_map.google_compute_security_policy.default",
            "module.wandb.module.app_lb.module.url_map.google_compute_url_map.default",
            "module.wandb.module.networking.google_compute_network.vpc",
            "module.wandb.module.networking.google_compute_subnetwork.default",
            "module.wandb.module.project_factory_project_services.data.google_compute_default_service_account.default",
            "module.wandb.module.project_factory_project_services.google_project_iam_member.project_service_identity_roles",
            "module.wandb.module.project_factory_project_services.google_project_service.project_services",
            "module.wandb.module.project_factory_project_services.google_project_service_identity.project_service_identities",
            "module.wandb.module.service_accounts.google_service_account.main",
            "module.wandb.module.service_accounts.random_id.main"
          ]
        }
      ]
    },
    {
      "module": "module.wandb.module.app_lb.module.https[0]",
      "mode": "managed",
      "type": "google_compute_managed_ssl_certificate",
      "name": "default",
      "provider": "provider[\"registry.terraform.io/hashicorp/google\"]",
      "instances": [
        {
          "schema_version": 0,
          "attributes": {
            "certificate_id": 497583195671958978,
            "creation_timestamp": "2024-07-16T10:17:33.565-07:00",
            "description": "",
            "expire_time": "",
            "id": "projects/playground-111/global/sslCertificates/abe-andb-cert-pleasing-primate",
            "managed": [
              {
                "domains": [
                  "abe-sm.wandb.ml"
                ]
              }
            ],
            "name": "abe-andb-cert-pleasing-primate",
            "project": "playground-111",
            "self_link": "https://www.googleapis.com/compute/v1/projects/playground-111/global/sslCertificates/abe-andb-cert-pleasing-primate",
            "subject_alternative_names": [],
            "timeouts": null,
            "type": "MANAGED"
          },
          "sensitive_attributes": [],
          "private": "eyJlMmJmYjczMC1lY2FhLTExZTYtOGY4OC0zNDM2M2JjN2M0YzAiOnsiY3JlYXRlIjoxODAwMDAwMDAwMDAwLCJkZWxldGUiOjE4MDAwMDAwMDAwMDB9fQ==",
          "dependencies": [
            "module.wandb.module.app_gke.google_container_cluster.default",
            "module.wandb.module.app_gke.google_container_node_pool.default",
            "module.wandb.module.app_gke.random_pet.node_pool",
            "module.wandb.module.app_lb.module.https.random_pet.cert",
            "module.wandb.module.networking.google_compute_network.vpc",
            "module.wandb.module.networking.google_compute_subnetwork.default",
            "module.wandb.module.project_factory_project_services.data.google_compute_default_service_account.default",
            "module.wandb.module.project_factory_project_services.google_project_iam_member.project_service_identity_roles",
            "module.wandb.module.project_factory_project_services.google_project_service.project_services",
            "module.wandb.module.project_factory_project_services.google_project_service_identity.project_service_identities",
            "module.wandb.module.service_accounts.google_service_account.main",
            "module.wandb.module.service_accounts.random_id.main"
          ],
          "create_before_destroy": true
        }
      ]
    },
    {
      "module": "module.wandb.module.app_lb.module.https[0]",
      "mode": "managed",
      "type": "google_compute_ssl_policy",
      "name": "default",
      "provider": "provider[\"registry.terraform.io/hashicorp/google\"]",
      "instances": [
        {
          "schema_version": 0,
          "attributes": {
            "creation_timestamp": "2024-07-16T10:17:33.647-07:00",
            "custom_features": [],
            "description": "",
            "enabled_features": [
              "TLS_ECDHE_ECDSA_WITH_AES_128_CBC_SHA",
              "TLS_ECDHE_ECDSA_WITH_AES_128_GCM_SHA256",
              "TLS_ECDHE_ECDSA_WITH_AES_256_CBC_SHA",
              "TLS_ECDHE_ECDSA_WITH_AES_256_GCM_SHA384",
              "TLS_ECDHE_ECDSA_WITH_CHACHA20_POLY1305_SHA256",
              "TLS_ECDHE_RSA_WITH_AES_128_CBC_SHA",
              "TLS_ECDHE_RSA_WITH_AES_128_GCM_SHA256",
              "TLS_ECDHE_RSA_WITH_AES_256_CBC_SHA",
              "TLS_ECDHE_RSA_WITH_AES_256_GCM_SHA384",
              "TLS_ECDHE_RSA_WITH_CHACHA20_POLY1305_SHA256"
            ],
            "fingerprint": "C1a273SpEvg=",
            "id": "projects/playground-111/global/sslPolicies/abe-andb-ssl-policy",
            "min_tls_version": "TLS_1_2",
            "name": "abe-andb-ssl-policy",
            "profile": "MODERN",
            "project": "playground-111",
            "self_link": "https://www.googleapis.com/compute/v1/projects/playground-111/global/sslPolicies/abe-andb-ssl-policy",
            "timeouts": null
          },
          "sensitive_attributes": [],
          "private": "eyJlMmJmYjczMC1lY2FhLTExZTYtOGY4OC0zNDM2M2JjN2M0YzAiOnsiY3JlYXRlIjoxMjAwMDAwMDAwMDAwLCJkZWxldGUiOjEyMDAwMDAwMDAwMDAsInVwZGF0ZSI6MTIwMDAwMDAwMDAwMH19",
          "dependencies": [
            "module.wandb.module.app_gke.google_container_cluster.default",
            "module.wandb.module.app_gke.google_container_node_pool.default",
            "module.wandb.module.app_gke.random_pet.node_pool",
            "module.wandb.module.networking.google_compute_network.vpc",
            "module.wandb.module.networking.google_compute_subnetwork.default",
            "module.wandb.module.project_factory_project_services.data.google_compute_default_service_account.default",
            "module.wandb.module.project_factory_project_services.google_project_iam_member.project_service_identity_roles",
            "module.wandb.module.project_factory_project_services.google_project_service.project_services",
            "module.wandb.module.project_factory_project_services.google_project_service_identity.project_service_identities",
            "module.wandb.module.service_accounts.google_service_account.main",
            "module.wandb.module.service_accounts.random_id.main"
          ],
          "create_before_destroy": true
        }
      ]
    },
    {
      "module": "module.wandb.module.app_lb.module.https[0]",
      "mode": "managed",
      "type": "google_compute_target_https_proxy",
      "name": "default",
      "provider": "provider[\"registry.terraform.io/hashicorp/google\"]",
      "instances": [
        {
          "schema_version": 0,
          "attributes": {
            "certificate_map": "",
            "creation_timestamp": "2024-07-16T10:18:49.970-07:00",
            "description": "",
            "http_keep_alive_timeout_sec": 0,
            "id": "projects/playground-111/global/targetHttpsProxies/abe-andb-https-proxy",
            "name": "abe-andb-https-proxy",
            "project": "playground-111",
            "proxy_bind": false,
            "proxy_id": 3163974415733691798,
            "quic_override": "NONE",
            "self_link": "https://www.googleapis.com/compute/v1/projects/playground-111/global/targetHttpsProxies/abe-andb-https-proxy",
            "server_tls_policy": "",
            "ssl_certificates": [
              "https://www.googleapis.com/compute/v1/projects/playground-111/global/sslCertificates/abe-andb-cert-pleasing-primate"
            ],
            "ssl_policy": "https://www.googleapis.com/compute/v1/projects/playground-111/global/sslPolicies/abe-andb-ssl-policy",
            "timeouts": null,
            "url_map": "https://www.googleapis.com/compute/v1/projects/playground-111/global/urlMaps/abe-andb-urlmap"
          },
          "sensitive_attributes": [],
          "private": "eyJlMmJmYjczMC1lY2FhLTExZTYtOGY4OC0zNDM2M2JjN2M0YzAiOnsiY3JlYXRlIjoxMjAwMDAwMDAwMDAwLCJkZWxldGUiOjEyMDAwMDAwMDAwMDAsInVwZGF0ZSI6MTIwMDAwMDAwMDAwMH19",
          "dependencies": [
            "module.wandb.module.app_gke.google_container_cluster.default",
            "module.wandb.module.app_gke.google_container_node_pool.default",
            "module.wandb.module.app_gke.random_pet.node_pool",
            "module.wandb.module.app_lb.module.https.google_compute_managed_ssl_certificate.default",
            "module.wandb.module.app_lb.module.https.google_compute_ssl_policy.default",
            "module.wandb.module.app_lb.module.https.random_pet.cert",
            "module.wandb.module.app_lb.module.url_map.google_compute_backend_service.default",
            "module.wandb.module.app_lb.module.url_map.google_compute_health_check.gke_ingress",
            "module.wandb.module.app_lb.module.url_map.google_compute_security_policy.default",
            "module.wandb.module.app_lb.module.url_map.google_compute_url_map.default",
            "module.wandb.module.networking.google_compute_network.vpc",
            "module.wandb.module.networking.google_compute_subnetwork.default",
            "module.wandb.module.project_factory_project_services.data.google_compute_default_service_account.default",
            "module.wandb.module.project_factory_project_services.google_project_iam_member.project_service_identity_roles",
            "module.wandb.module.project_factory_project_services.google_project_service.project_services",
            "module.wandb.module.project_factory_project_services.google_project_service_identity.project_service_identities",
            "module.wandb.module.service_accounts.google_service_account.main",
            "module.wandb.module.service_accounts.random_id.main"
          ]
        }
      ]
    },
    {
      "module": "module.wandb.module.app_lb.module.https[0]",
      "mode": "managed",
      "type": "google_compute_url_map",
      "name": "redirect_to_https",
      "provider": "provider[\"registry.terraform.io/hashicorp/google\"]",
      "instances": [
        {
          "schema_version": 0,
          "attributes": {
            "creation_timestamp": "2024-07-16T10:17:33.622-07:00",
            "default_route_action": [],
            "default_service": "",
            "default_url_redirect": [
              {
                "host_redirect": "",
                "https_redirect": true,
                "path_redirect": "",
                "prefix_redirect": "",
                "redirect_response_code": "MOVED_PERMANENTLY_DEFAULT",
                "strip_query": false
              }
            ],
            "description": "",
            "fingerprint": "5IWSewyMjeo=",
            "header_action": [],
            "host_rule": [],
            "id": "projects/playground-111/global/urlMaps/abe-andb-https-redirect",
            "map_id": 610390095089571266,
            "name": "abe-andb-https-redirect",
            "path_matcher": [],
            "project": "playground-111",
            "self_link": "https://www.googleapis.com/compute/v1/projects/playground-111/global/urlMaps/abe-andb-https-redirect",
            "test": [],
            "timeouts": null
          },
          "sensitive_attributes": [],
          "private": "eyJlMmJmYjczMC1lY2FhLTExZTYtOGY4OC0zNDM2M2JjN2M0YzAiOnsiY3JlYXRlIjoxMjAwMDAwMDAwMDAwLCJkZWxldGUiOjEyMDAwMDAwMDAwMDAsInVwZGF0ZSI6MTIwMDAwMDAwMDAwMH19",
          "dependencies": [
            "module.wandb.module.app_gke.google_container_cluster.default",
            "module.wandb.module.app_gke.google_container_node_pool.default",
            "module.wandb.module.app_gke.random_pet.node_pool",
            "module.wandb.module.networking.google_compute_network.vpc",
            "module.wandb.module.networking.google_compute_subnetwork.default",
            "module.wandb.module.project_factory_project_services.data.google_compute_default_service_account.default",
            "module.wandb.module.project_factory_project_services.google_project_iam_member.project_service_identity_roles",
            "module.wandb.module.project_factory_project_services.google_project_service.project_services",
            "module.wandb.module.project_factory_project_services.google_project_service_identity.project_service_identities",
            "module.wandb.module.service_accounts.google_service_account.main",
            "module.wandb.module.service_accounts.random_id.main"
          ]
        }
      ]
    },
    {
      "module": "module.wandb.module.app_lb.module.https[0]",
      "mode": "managed",
      "type": "random_pet",
      "name": "cert",
      "provider": "provider[\"registry.terraform.io/hashicorp/random\"]",
      "instances": [
        {
          "schema_version": 0,
          "attributes": {
            "id": "pleasing-primate",
            "keepers": {
              "fqdn": "abe-sm.wandb.ml"
            },
            "length": 2,
            "prefix": null,
            "separator": "-"
          },
          "sensitive_attributes": [],
          "dependencies": [
            "module.wandb.module.app_gke.google_container_cluster.default",
            "module.wandb.module.app_gke.google_container_node_pool.default",
            "module.wandb.module.app_gke.random_pet.node_pool",
            "module.wandb.module.networking.google_compute_network.vpc",
            "module.wandb.module.networking.google_compute_subnetwork.default",
            "module.wandb.module.project_factory_project_services.data.google_compute_default_service_account.default",
            "module.wandb.module.project_factory_project_services.google_project_iam_member.project_service_identity_roles",
            "module.wandb.module.project_factory_project_services.google_project_service.project_services",
            "module.wandb.module.project_factory_project_services.google_project_service_identity.project_service_identities",
            "module.wandb.module.service_accounts.google_service_account.main",
            "module.wandb.module.service_accounts.random_id.main"
          ],
          "create_before_destroy": true
        }
      ]
    },
    {
      "module": "module.wandb.module.app_lb.module.https[0].module.http",
      "mode": "managed",
      "type": "google_compute_global_forwarding_rule",
      "name": "default",
      "provider": "provider[\"registry.terraform.io/hashicorp/google\"]",
      "instances": [
        {
          "schema_version": 0,
          "attributes": {
            "base_forwarding_rule": "",
            "description": "",
            "id": "projects/playground-111/global/forwardingRules/abe-andb-http",
            "ip_address": "34.36.110.183",
            "ip_protocol": "TCP",
            "ip_version": "",
            "label_fingerprint": "42WmSpB8rSM=",
            "labels": {},
            "load_balancing_scheme": "EXTERNAL",
            "metadata_filters": [],
            "name": "abe-andb-http",
            "network": "",
            "no_automate_dns_zone": null,
            "port_range": "80-80",
            "project": "playground-111",
            "psc_connection_id": "",
            "psc_connection_status": "",
            "self_link": "https://www.googleapis.com/compute/v1/projects/playground-111/global/forwardingRules/abe-andb-http",
            "source_ip_ranges": [],
            "subnetwork": "",
            "target": "https://www.googleapis.com/compute/v1/projects/playground-111/global/targetHttpProxies/abe-andb-http-proxy",
            "timeouts": null
          },
          "sensitive_attributes": [],
          "private": "eyJlMmJmYjczMC1lY2FhLTExZTYtOGY4OC0zNDM2M2JjN2M0YzAiOnsiY3JlYXRlIjoxMjAwMDAwMDAwMDAwLCJkZWxldGUiOjEyMDAwMDAwMDAwMDAsInVwZGF0ZSI6MTIwMDAwMDAwMDAwMH19",
          "dependencies": [
            "module.wandb.module.app_gke.google_container_cluster.default",
            "module.wandb.module.app_gke.google_container_node_pool.default",
            "module.wandb.module.app_gke.random_pet.node_pool",
            "module.wandb.module.app_lb.google_compute_global_address.default",
            "module.wandb.module.app_lb.module.https.google_compute_url_map.redirect_to_https",
            "module.wandb.module.app_lb.module.https.module.http.google_compute_target_http_proxy.default",
            "module.wandb.module.networking.google_compute_network.vpc",
            "module.wandb.module.networking.google_compute_subnetwork.default",
            "module.wandb.module.project_factory_project_services.data.google_compute_default_service_account.default",
            "module.wandb.module.project_factory_project_services.google_project_iam_member.project_service_identity_roles",
            "module.wandb.module.project_factory_project_services.google_project_service.project_services",
            "module.wandb.module.project_factory_project_services.google_project_service_identity.project_service_identities",
            "module.wandb.module.service_accounts.google_service_account.main",
            "module.wandb.module.service_accounts.random_id.main"
          ]
        }
      ]
    },
    {
      "module": "module.wandb.module.app_lb.module.https[0].module.http",
      "mode": "managed",
      "type": "google_compute_target_http_proxy",
      "name": "default",
      "provider": "provider[\"registry.terraform.io/hashicorp/google\"]",
      "instances": [
        {
          "schema_version": 0,
          "attributes": {
            "creation_timestamp": "2024-07-16T10:17:45.456-07:00",
            "description": "",
            "http_keep_alive_timeout_sec": 0,
            "id": "projects/playground-111/global/targetHttpProxies/abe-andb-http-proxy",
            "name": "abe-andb-http-proxy",
            "project": "playground-111",
            "proxy_bind": false,
            "proxy_id": 7908592038499259862,
            "self_link": "https://www.googleapis.com/compute/v1/projects/playground-111/global/targetHttpProxies/abe-andb-http-proxy",
            "timeouts": null,
            "url_map": "https://www.googleapis.com/compute/v1/projects/playground-111/global/urlMaps/abe-andb-https-redirect"
          },
          "sensitive_attributes": [],
          "private": "eyJlMmJmYjczMC1lY2FhLTExZTYtOGY4OC0zNDM2M2JjN2M0YzAiOnsiY3JlYXRlIjoxMjAwMDAwMDAwMDAwLCJkZWxldGUiOjEyMDAwMDAwMDAwMDAsInVwZGF0ZSI6MTIwMDAwMDAwMDAwMH19",
          "dependencies": [
            "module.wandb.module.app_gke.google_container_cluster.default",
            "module.wandb.module.app_gke.google_container_node_pool.default",
            "module.wandb.module.app_gke.random_pet.node_pool",
            "module.wandb.module.app_lb.module.https.google_compute_url_map.redirect_to_https",
            "module.wandb.module.networking.google_compute_network.vpc",
            "module.wandb.module.networking.google_compute_subnetwork.default",
            "module.wandb.module.project_factory_project_services.data.google_compute_default_service_account.default",
            "module.wandb.module.project_factory_project_services.google_project_iam_member.project_service_identity_roles",
            "module.wandb.module.project_factory_project_services.google_project_service.project_services",
            "module.wandb.module.project_factory_project_services.google_project_service_identity.project_service_identities",
            "module.wandb.module.service_accounts.google_service_account.main",
            "module.wandb.module.service_accounts.random_id.main"
          ]
        }
      ]
    },
    {
      "module": "module.wandb.module.app_lb.module.url_map",
      "mode": "managed",
      "type": "google_compute_backend_service",
      "name": "default",
      "provider": "provider[\"registry.terraform.io/hashicorp/google\"]",
      "instances": [
        {
          "schema_version": 1,
          "attributes": {
            "affinity_cookie_ttl_sec": 0,
            "backend": [
              {
                "balancing_mode": "UTILIZATION",
                "capacity_scaler": 1,
                "description": "",
                "group": "https://www.googleapis.com/compute/v1/projects/playground-111/zones/us-central1-c/instanceGroups/gke-abe-andb-cluster-default-pool-gro-49b98ec5-grp",
                "max_connections": 0,
                "max_connections_per_endpoint": 0,
                "max_connections_per_instance": 0,
                "max_rate": 0,
                "max_rate_per_endpoint": 0,
                "max_rate_per_instance": 0,
                "max_utilization": 0
              }
            ],
            "cdn_policy": [],
            "circuit_breakers": [],
            "compression_mode": "",
            "connection_draining_timeout_sec": 300,
            "consistent_hash": [],
            "creation_timestamp": "2024-07-16T10:17:45.670-07:00",
            "custom_request_headers": [],
            "custom_response_headers": [],
            "description": "",
            "edge_security_policy": "",
            "enable_cdn": false,
            "fingerprint": "G2aw3S_-wCc=",
            "generated_id": 1278901398229685718,
            "health_checks": [
              "https://www.googleapis.com/compute/v1/projects/playground-111/global/healthChecks/abe-andb-hc-gke-ingress"
            ],
            "iap": [],
            "id": "projects/playground-111/global/backendServices/abe-andb-gke-ingress",
            "load_balancing_scheme": "EXTERNAL",
            "locality_lb_policies": [],
            "locality_lb_policy": "",
            "log_config": [
              {
                "enable": true,
                "sample_rate": 1
              }
            ],
            "name": "abe-andb-gke-ingress",
            "outlier_detection": [],
            "port_name": "abe-andb-local-port",
            "project": "playground-111",
            "protocol": "HTTP",
            "security_policy": "https://www.googleapis.com/compute/v1/projects/playground-111/global/securityPolicies/abe-andb",
            "security_settings": [],
            "self_link": "https://www.googleapis.com/compute/v1/projects/playground-111/global/backendServices/abe-andb-gke-ingress",
            "session_affinity": "NONE",
            "timeout_sec": 90,
            "timeouts": null
          },
          "sensitive_attributes": [],
          "private": "eyJlMmJmYjczMC1lY2FhLTExZTYtOGY4OC0zNDM2M2JjN2M0YzAiOnsiY3JlYXRlIjoxMjAwMDAwMDAwMDAwLCJkZWxldGUiOjEyMDAwMDAwMDAwMDAsInVwZGF0ZSI6MTIwMDAwMDAwMDAwMH0sInNjaGVtYV92ZXJzaW9uIjoiMSJ9",
          "dependencies": [
            "module.wandb.module.app_gke.google_container_cluster.default",
            "module.wandb.module.app_gke.google_container_node_pool.default",
            "module.wandb.module.app_gke.random_pet.node_pool",
            "module.wandb.module.app_lb.module.url_map.google_compute_health_check.gke_ingress",
            "module.wandb.module.app_lb.module.url_map.google_compute_security_policy.default",
            "module.wandb.module.networking.google_compute_network.vpc",
            "module.wandb.module.networking.google_compute_subnetwork.default",
            "module.wandb.module.project_factory_project_services.data.google_compute_default_service_account.default",
            "module.wandb.module.project_factory_project_services.google_project_iam_member.project_service_identity_roles",
            "module.wandb.module.project_factory_project_services.google_project_service.project_services",
            "module.wandb.module.project_factory_project_services.google_project_service_identity.project_service_identities",
            "module.wandb.module.service_accounts.google_service_account.main",
            "module.wandb.module.service_accounts.random_id.main"
          ],
          "create_before_destroy": true
        }
      ]
    },
    {
      "module": "module.wandb.module.app_lb.module.url_map",
      "mode": "managed",
      "type": "google_compute_firewall",
      "name": "hc",
      "provider": "provider[\"registry.terraform.io/hashicorp/google\"]",
      "instances": [
        {
          "schema_version": 1,
          "attributes": {
            "allow": [
              {
                "ports": [
                  "32543"
                ],
                "protocol": "tcp"
              }
            ],
            "creation_timestamp": "2024-07-16T10:17:33.643-07:00",
            "deny": [],
            "description": "",
            "destination_ranges": [],
            "direction": "INGRESS",
            "disabled": false,
            "enable_logging": null,
            "id": "projects/playground-111/global/firewalls/abe-andb-hc",
            "log_config": [],
            "name": "abe-andb-hc",
            "network": "https://www.googleapis.com/compute/v1/projects/playground-111/global/networks/abe-andb-vpc",
            "priority": 5,
            "project": "playground-111",
            "self_link": "https://www.googleapis.com/compute/v1/projects/playground-111/global/firewalls/abe-andb-hc",
            "source_ranges": [
              "130.211.0.0/22",
              "35.191.0.0/16"
            ],
            "source_service_accounts": [],
            "source_tags": [],
            "target_service_accounts": [],
            "target_tags": [],
            "timeouts": null
          },
          "sensitive_attributes": [],
          "private": "eyJlMmJmYjczMC1lY2FhLTExZTYtOGY4OC0zNDM2M2JjN2M0YzAiOnsiY3JlYXRlIjoxMjAwMDAwMDAwMDAwLCJkZWxldGUiOjEyMDAwMDAwMDAwMDAsInVwZGF0ZSI6MTIwMDAwMDAwMDAwMH0sInNjaGVtYV92ZXJzaW9uIjoiMSJ9",
          "dependencies": [
            "module.wandb.module.app_gke.google_container_cluster.default",
            "module.wandb.module.app_gke.google_container_node_pool.default",
            "module.wandb.module.app_gke.random_pet.node_pool",
            "module.wandb.module.networking.google_compute_network.vpc",
            "module.wandb.module.networking.google_compute_subnetwork.default",
            "module.wandb.module.project_factory_project_services.data.google_compute_default_service_account.default",
            "module.wandb.module.project_factory_project_services.google_project_iam_member.project_service_identity_roles",
            "module.wandb.module.project_factory_project_services.google_project_service.project_services",
            "module.wandb.module.project_factory_project_services.google_project_service_identity.project_service_identities",
            "module.wandb.module.service_accounts.google_service_account.main",
            "module.wandb.module.service_accounts.random_id.main"
          ]
        }
      ]
    },
    {
      "module": "module.wandb.module.app_lb.module.url_map",
      "mode": "managed",
      "type": "google_compute_health_check",
      "name": "gke_ingress",
      "provider": "provider[\"registry.terraform.io/hashicorp/google\"]",
      "instances": [
        {
          "schema_version": 0,
          "attributes": {
            "check_interval_sec": 5,
            "creation_timestamp": "2024-07-16T10:17:33.873-07:00",
            "description": "",
            "grpc_health_check": [],
            "healthy_threshold": 2,
            "http2_health_check": [],
            "http_health_check": [
              {
                "host": "",
                "port": 32543,
                "port_name": "",
                "port_specification": "",
                "proxy_header": "NONE",
                "request_path": "/ready",
                "response": ""
              }
            ],
            "https_health_check": [],
            "id": "projects/playground-111/global/healthChecks/abe-andb-hc-gke-ingress",
            "log_config": [
              {
                "enable": true
              }
            ],
            "name": "abe-andb-hc-gke-ingress",
            "project": "playground-111",
            "self_link": "https://www.googleapis.com/compute/v1/projects/playground-111/global/healthChecks/abe-andb-hc-gke-ingress",
            "ssl_health_check": [],
            "tcp_health_check": [],
            "timeout_sec": 5,
            "timeouts": null,
            "type": "HTTP",
            "unhealthy_threshold": 2
          },
          "sensitive_attributes": [],
          "private": "eyJlMmJmYjczMC1lY2FhLTExZTYtOGY4OC0zNDM2M2JjN2M0YzAiOnsiY3JlYXRlIjoxMjAwMDAwMDAwMDAwLCJkZWxldGUiOjEyMDAwMDAwMDAwMDAsInVwZGF0ZSI6MTIwMDAwMDAwMDAwMH19",
          "dependencies": [
            "module.wandb.module.app_gke.google_container_cluster.default",
            "module.wandb.module.app_gke.google_container_node_pool.default",
            "module.wandb.module.app_gke.random_pet.node_pool",
            "module.wandb.module.networking.google_compute_network.vpc",
            "module.wandb.module.networking.google_compute_subnetwork.default",
            "module.wandb.module.project_factory_project_services.data.google_compute_default_service_account.default",
            "module.wandb.module.project_factory_project_services.google_project_iam_member.project_service_identity_roles",
            "module.wandb.module.project_factory_project_services.google_project_service.project_services",
            "module.wandb.module.project_factory_project_services.google_project_service_identity.project_service_identities",
            "module.wandb.module.service_accounts.google_service_account.main",
            "module.wandb.module.service_accounts.random_id.main"
          ],
          "create_before_destroy": true
        }
      ]
    },
    {
      "module": "module.wandb.module.app_lb.module.url_map",
      "mode": "managed",
      "type": "google_compute_instance_group_named_port",
      "name": "default",
      "provider": "provider[\"registry.terraform.io/hashicorp/google\"]",
      "instances": [
        {
          "schema_version": 0,
          "attributes": {
            "group": "gke-abe-andb-cluster-default-pool-gro-49b98ec5-grp",
            "id": "projects/playground-111/zones/us-central1-c/instanceGroups/gke-abe-andb-cluster-default-pool-gro-49b98ec5-grp/32543/abe-andb-local-port",
            "name": "abe-andb-local-port",
            "port": 32543,
            "project": "playground-111",
            "timeouts": null,
            "zone": "us-central1-c"
          },
          "sensitive_attributes": [],
          "private": "eyJlMmJmYjczMC1lY2FhLTExZTYtOGY4OC0zNDM2M2JjN2M0YzAiOnsiY3JlYXRlIjoxMjAwMDAwMDAwMDAwLCJkZWxldGUiOjEyMDAwMDAwMDAwMDB9fQ==",
          "dependencies": [
            "module.wandb.module.app_gke.google_container_cluster.default",
            "module.wandb.module.app_gke.google_container_node_pool.default",
            "module.wandb.module.app_gke.random_pet.node_pool",
            "module.wandb.module.networking.google_compute_network.vpc",
            "module.wandb.module.networking.google_compute_subnetwork.default",
            "module.wandb.module.project_factory_project_services.data.google_compute_default_service_account.default",
            "module.wandb.module.project_factory_project_services.google_project_iam_member.project_service_identity_roles",
            "module.wandb.module.project_factory_project_services.google_project_service.project_services",
            "module.wandb.module.project_factory_project_services.google_project_service_identity.project_service_identities",
            "module.wandb.module.service_accounts.google_service_account.main",
            "module.wandb.module.service_accounts.random_id.main"
          ]
        }
      ]
    },
    {
      "module": "module.wandb.module.app_lb.module.url_map",
      "mode": "managed",
      "type": "google_compute_security_policy",
      "name": "default",
      "provider": "provider[\"registry.terraform.io/hashicorp/google\"]",
      "instances": [
        {
          "schema_version": 0,
          "attributes": {
            "adaptive_protection_config": [],
            "advanced_options_config": [],
            "description": "",
            "fingerprint": "bkdZUzGEsDc=",
            "id": "projects/playground-111/global/securityPolicies/abe-andb",
            "name": "abe-andb",
            "project": "playground-111",
            "recaptcha_options_config": [],
            "rule": [
              {
                "action": "allow",
                "description": "allow list rule",
                "header_action": [],
                "match": [
                  {
                    "config": [
                      {
                        "src_ip_ranges": [
                          "*"
                        ]
                      }
                    ],
                    "expr": [],
                    "versioned_expr": "SRC_IPS_V1"
                  }
                ],
                "preview": false,
                "priority": 1,
                "rate_limit_options": [],
                "redirect_options": []
              },
              {
                "action": "deny(403)",
                "description": "Deny access to all IPs",
                "header_action": [],
                "match": [
                  {
                    "config": [
                      {
                        "src_ip_ranges": [
                          "*"
                        ]
                      }
                    ],
                    "expr": [],
                    "versioned_expr": "SRC_IPS_V1"
                  }
                ],
                "preview": false,
                "priority": 2147483647,
                "rate_limit_options": [],
                "redirect_options": []
              }
            ],
            "self_link": "https://www.googleapis.com/compute/v1/projects/playground-111/global/securityPolicies/abe-andb",
            "timeouts": null,
            "type": "CLOUD_ARMOR"
          },
          "sensitive_attributes": [],
          "private": "eyJlMmJmYjczMC1lY2FhLTExZTYtOGY4OC0zNDM2M2JjN2M0YzAiOnsiY3JlYXRlIjo0ODAwMDAwMDAwMDAsImRlbGV0ZSI6NDgwMDAwMDAwMDAwLCJ1cGRhdGUiOjQ4MDAwMDAwMDAwMH19",
          "dependencies": [
            "module.wandb.module.app_gke.google_container_cluster.default",
            "module.wandb.module.app_gke.google_container_node_pool.default",
            "module.wandb.module.app_gke.random_pet.node_pool",
            "module.wandb.module.networking.google_compute_network.vpc",
            "module.wandb.module.networking.google_compute_subnetwork.default",
            "module.wandb.module.project_factory_project_services.data.google_compute_default_service_account.default",
            "module.wandb.module.project_factory_project_services.google_project_iam_member.project_service_identity_roles",
            "module.wandb.module.project_factory_project_services.google_project_service.project_services",
            "module.wandb.module.project_factory_project_services.google_project_service_identity.project_service_identities",
            "module.wandb.module.service_accounts.google_service_account.main",
            "module.wandb.module.service_accounts.random_id.main"
          ],
          "create_before_destroy": true
        }
      ]
    },
    {
      "module": "module.wandb.module.app_lb.module.url_map",
      "mode": "managed",
      "type": "google_compute_url_map",
      "name": "default",
      "provider": "provider[\"registry.terraform.io/hashicorp/google\"]",
      "instances": [
        {
          "schema_version": 0,
          "attributes": {
            "creation_timestamp": "2024-07-16T10:18:38.764-07:00",
            "default_route_action": [],
            "default_service": "https://www.googleapis.com/compute/v1/projects/playground-111/global/backendServices/abe-andb-gke-ingress",
            "default_url_redirect": [],
            "description": "",
            "fingerprint": "O_mBattv4iI=",
            "header_action": [],
            "host_rule": [],
            "id": "projects/playground-111/global/urlMaps/abe-andb-urlmap",
            "map_id": 2224234991548306817,
            "name": "abe-andb-urlmap",
            "path_matcher": [],
            "project": "playground-111",
            "self_link": "https://www.googleapis.com/compute/v1/projects/playground-111/global/urlMaps/abe-andb-urlmap",
            "test": [],
            "timeouts": null
          },
          "sensitive_attributes": [],
          "private": "eyJlMmJmYjczMC1lY2FhLTExZTYtOGY4OC0zNDM2M2JjN2M0YzAiOnsiY3JlYXRlIjoxMjAwMDAwMDAwMDAwLCJkZWxldGUiOjEyMDAwMDAwMDAwMDAsInVwZGF0ZSI6MTIwMDAwMDAwMDAwMH19",
          "dependencies": [
            "module.wandb.module.app_gke.google_container_cluster.default",
            "module.wandb.module.app_gke.google_container_node_pool.default",
            "module.wandb.module.app_gke.random_pet.node_pool",
            "module.wandb.module.app_lb.module.url_map.google_compute_backend_service.default",
            "module.wandb.module.app_lb.module.url_map.google_compute_health_check.gke_ingress",
            "module.wandb.module.app_lb.module.url_map.google_compute_security_policy.default",
            "module.wandb.module.networking.google_compute_network.vpc",
            "module.wandb.module.networking.google_compute_subnetwork.default",
            "module.wandb.module.project_factory_project_services.data.google_compute_default_service_account.default",
            "module.wandb.module.project_factory_project_services.google_project_iam_member.project_service_identity_roles",
            "module.wandb.module.project_factory_project_services.google_project_service.project_services",
            "module.wandb.module.project_factory_project_services.google_project_service_identity.project_service_identities",
            "module.wandb.module.service_accounts.google_service_account.main",
            "module.wandb.module.service_accounts.random_id.main"
          ],
          "create_before_destroy": true
        }
      ]
    },
    {
      "module": "module.wandb.module.database",
      "mode": "managed",
      "type": "google_sql_database",
      "name": "wandb",
      "provider": "provider[\"registry.terraform.io/hashicorp/google\"]",
      "instances": [
        {
          "schema_version": 0,
          "attributes": {
            "charset": "utf8mb4",
            "collation": "utf8mb4_0900_ai_ci",
            "deletion_policy": "DELETE",
            "id": "projects/playground-111/instances/abe-andb-pet-werewolf/databases/wandb_local",
            "instance": "abe-andb-pet-werewolf",
            "name": "wandb_local",
            "project": "playground-111",
            "self_link": "https://sqladmin.googleapis.com/sql/v1beta4/projects/playground-111/instances/abe-andb-pet-werewolf/databases/wandb_local",
            "timeouts": null
          },
          "sensitive_attributes": [],
          "private": "eyJlMmJmYjczMC1lY2FhLTExZTYtOGY4OC0zNDM2M2JjN2M0YzAiOnsiY3JlYXRlIjoxMjAwMDAwMDAwMDAwLCJkZWxldGUiOjEyMDAwMDAwMDAwMDAsInVwZGF0ZSI6MTIwMDAwMDAwMDAwMH19",
          "dependencies": [
            "module.wandb.module.database.google_sql_database_instance.default",
            "module.wandb.module.database.random_pet.mysql",
            "module.wandb.module.networking.google_compute_global_address.private_ip_address",
            "module.wandb.module.networking.google_compute_network.vpc",
            "module.wandb.module.networking.google_service_networking_connection.default",
            "module.wandb.module.project_factory_project_services.data.google_compute_default_service_account.default",
            "module.wandb.module.project_factory_project_services.google_project_iam_member.project_service_identity_roles",
            "module.wandb.module.project_factory_project_services.google_project_service.project_services",
            "module.wandb.module.project_factory_project_services.google_project_service_identity.project_service_identities"
          ]
        }
      ]
    },
    {
      "module": "module.wandb.module.database",
      "mode": "managed",
      "type": "google_sql_database_instance",
      "name": "default",
      "provider": "provider[\"registry.terraform.io/hashicorp/google\"]",
      "instances": [
        {
          "schema_version": 0,
          "attributes": {
            "available_maintenance_versions": [],
            "clone": [],
            "connection_name": "playground-111:us-central1:abe-andb-pet-werewolf",
            "database_version": "MYSQL_8_0_31",
            "deletion_protection": true,
            "dns_name": "",
            "encryption_key_name": null,
            "first_ip_address": "10.38.0.2",
            "id": "abe-andb-pet-werewolf",
            "instance_type": "CLOUD_SQL_INSTANCE",
            "ip_address": [
              {
                "ip_address": "10.38.0.2",
                "time_to_retire": "",
                "type": "PRIVATE"
              }
            ],
            "maintenance_version": "MYSQL_8_0_31.R20240527.01_00",
            "master_instance_name": "",
            "name": "abe-andb-pet-werewolf",
            "private_ip_address": "10.38.0.2",
            "project": "playground-111",
            "psc_service_attachment_link": "",
            "public_ip_address": "",
            "region": "us-central1",
            "replica_configuration": [],
            "restore_backup_context": [],
            "root_password": null,
            "self_link": "https://sqladmin.googleapis.com/sql/v1beta4/projects/playground-111/instances/abe-andb-pet-werewolf",
            "server_ca_cert": [
              {
                "cert": "-----BEGIN CERTIFICATE-----\nMIIDfzCCAmegAwIBAgIBADANBgkqhkiG9w0BAQsFADB3MS0wKwYDVQQuEyQ2ZTcw\nY2Q3NS1hMWY4LTRhMmUtYmI3Yi04ODBmZDAzNzNmNWExIzAhBgNVBAMTGkdvb2ds\nZSBDbG91ZCBTUUwgU2VydmVyIENBMRQwEgYDVQQKEwtHb29nbGUsIEluYzELMAkG\nA1UEBhMCVVMwHhcNMjQwNzE2MTcwOTA1WhcNMzQwNzE0MTcxMDA1WjB3MS0wKwYD\nVQQuEyQ2ZTcwY2Q3NS1hMWY4LTRhMmUtYmI3Yi04ODBmZDAzNzNmNWExIzAhBgNV\nBAMTGkdvb2dsZSBDbG91ZCBTUUwgU2VydmVyIENBMRQwEgYDVQQKEwtHb29nbGUs\nIEluYzELMAkGA1UEBhMCVVMwggEiMA0GCSqGSIb3DQEBAQUAA4IBDwAwggEKAoIB\nAQCs+3IcpYrnStoHOzQt/qg+3vVmB3NlBC4qNZaPtly9a+SjrnpemLFwCm6labH5\nKzXYf+sjuMgedmwHUit0TYaTenC2NFDwM3azLKGkidHnRRH4cFPzwxc/XNR6OgwI\nPiGp08j5kRuseftZsb2AkH2RcB74IFOStG44iHD5VBcBCSwcmElI+1y8xQum3tzf\nHkuMlm/sx4wgjGQkgy5kGtrsdQI4M6AnR924YFFz33fLwmVXElpqFRF8LPzvSc4u\nf9iO1awA6rIf31YJq5kbWL1dTfrxfuAC1ItOF/4DTXNZfv7YOmyhS9EfIBp2YcCG\n78wzHHEAOZ6y5FhX/HKTE5f/AgMBAAGjFjAUMBIGA1UdEwEB/wQIMAYBAf8CAQAw\nDQYJKoZIhvcNAQELBQADggEBAJRGgS5z9wMbkkhcjng5d9N4GzGU69TILkfWbgFA\nNjP8DHWdRRhgSyiFCMlHe5SsuS+7Q6X6NqBcJcu6yHapbAi0c90sW0O0IJZNdQdI\n8e3lGfahT/YXGWs4NVLUFcmNzq4pZpjDUX8ZBXV2MuWyFTXFsoBNa3Kc1pF83Frd\nLC2vE9HjxD2KVS8UBQZrjQqExNKJpYhNbQbqXJ+e1pU9drL0QD8NAqhPNlAPJiDV\n+3sazxxwQqghT5/wsogTqyJ5WWymiN0RS3sanJQczYsriidGbai3cw1mjJLSTq7r\n9OcesE2xLBUmyq6iwL9+XzEXkZEohkPsI7TNXtZ2eXy+5FQ=\n-----END CERTIFICATE-----",
                "common_name": "C=US,O=Google\\, Inc,CN=Google Cloud SQL Server CA,dnQualifier=6e70cd75-a1f8-4a2e-bb7b-880fd0373f5a",
                "create_time": "2024-07-16T17:09:05.978Z",
                "expiration_time": "2034-07-14T17:10:05.978Z",
                "sha1_fingerprint": "c202749cfac34e78c4dccc656cfc07867111473f"
              }
            ],
            "service_account_email_address": "p27586067691-97ajqm@gcp-sa-cloud-sql.iam.gserviceaccount.com",
            "settings": [
              {
                "activation_policy": "ALWAYS",
                "active_directory_config": [],
                "advanced_machine_features": [],
                "availability_type": "REGIONAL",
                "backup_configuration": [
                  {
                    "backup_retention_settings": [
                      {
                        "retained_backups": 7,
                        "retention_unit": "COUNT"
                      }
                    ],
                    "binary_log_enabled": true,
                    "enabled": true,
                    "location": "",
                    "point_in_time_recovery_enabled": false,
                    "start_time": "10:00",
                    "transaction_log_retention_days": 7
                  }
                ],
                "collation": "",
                "connector_enforcement": "NOT_REQUIRED",
                "data_cache_config": [],
                "database_flags": [
                  {
                    "name": "slow_query_log",
                    "value": "on"
                  },
                  {
                    "name": "long_query_time",
                    "value": "1"
                  },
                  {
                    "name": "max_prepared_stmt_count",
                    "value": "1048576"
                  },
                  {
                    "name": "max_execution_time",
                    "value": "60000"
                  },
                  {
                    "name": "sort_buffer_size",
                    "value": "67108864"
                  }
                ],
                "deletion_protection_enabled": true,
                "deny_maintenance_period": [],
                "disk_autoresize": true,
                "disk_autoresize_limit": 0,
                "disk_size": 10,
                "disk_type": "PD_SSD",
                "edition": "",
                "insights_config": [],
                "ip_configuration": [
                  {
                    "allocated_ip_range": "",
                    "authorized_networks": [],
                    "enable_private_path_for_google_cloud_services": false,
                    "ipv4_enabled": false,
                    "private_network": "projects/playground-111/global/networks/abe-andb-vpc",
                    "psc_config": [],
                    "require_ssl": false
                  }
                ],
                "location_preference": [
                  {
                    "follow_gae_application": "",
                    "secondary_zone": "",
                    "zone": "us-central1-b"
                  }
                ],
                "maintenance_window": [
                  {
                    "day": 1,
                    "hour": 23,
                    "update_track": "canary"
                  }
                ],
                "password_validation_policy": [],
                "pricing_plan": "PER_USE",
                "sql_server_audit_config": [],
                "tier": "db-n1-standard-2",
                "time_zone": "",
                "user_labels": {},
                "version": 5
              }
            ],
            "timeouts": null
          },
          "sensitive_attributes": [],
          "private": "eyJlMmJmYjczMC1lY2FhLTExZTYtOGY4OC0zNDM2M2JjN2M0YzAiOnsiY3JlYXRlIjoyNDAwMDAwMDAwMDAwLCJkZWxldGUiOjE4MDAwMDAwMDAwMDAsInVwZGF0ZSI6MTgwMDAwMDAwMDAwMH19",
          "dependencies": [
            "module.wandb.module.database.random_pet.mysql",
            "module.wandb.module.networking.google_compute_global_address.private_ip_address",
            "module.wandb.module.networking.google_compute_network.vpc",
            "module.wandb.module.networking.google_service_networking_connection.default",
            "module.wandb.module.project_factory_project_services.data.google_compute_default_service_account.default",
            "module.wandb.module.project_factory_project_services.google_project_iam_member.project_service_identity_roles",
            "module.wandb.module.project_factory_project_services.google_project_service.project_services",
            "module.wandb.module.project_factory_project_services.google_project_service_identity.project_service_identities"
          ]
        }
      ]
    },
    {
      "module": "module.wandb.module.database",
      "mode": "managed",
      "type": "google_sql_user",
      "name": "wandb",
      "provider": "provider[\"registry.terraform.io/hashicorp/google\"]",
      "instances": [
        {
          "schema_version": 1,
          "attributes": {
            "deletion_policy": null,
            "host": "",
            "id": "wandb//abe-andb-pet-werewolf",
            "instance": "abe-andb-pet-werewolf",
            "name": "wandb",
            "password": "xcCNtnFWNNHwLAC120AubYLyJJ93b1av",
            "password_policy": [],
            "project": "playground-111",
            "sql_server_user_details": [],
            "timeouts": null,
            "type": ""
          },
          "sensitive_attributes": [],
          "private": "eyJlMmJmYjczMC1lY2FhLTExZTYtOGY4OC0zNDM2M2JjN2M0YzAiOnsiY3JlYXRlIjo2MDAwMDAwMDAwMDAsImRlbGV0ZSI6NjAwMDAwMDAwMDAwLCJ1cGRhdGUiOjYwMDAwMDAwMDAwMH0sInNjaGVtYV92ZXJzaW9uIjoiMSJ9",
          "dependencies": [
            "module.wandb.module.database.google_sql_database_instance.default",
            "module.wandb.module.database.random_pet.mysql",
            "module.wandb.module.database.random_string.master_password",
            "module.wandb.module.networking.google_compute_global_address.private_ip_address",
            "module.wandb.module.networking.google_compute_network.vpc",
            "module.wandb.module.networking.google_service_networking_connection.default",
            "module.wandb.module.project_factory_project_services.data.google_compute_default_service_account.default",
            "module.wandb.module.project_factory_project_services.google_project_iam_member.project_service_identity_roles",
            "module.wandb.module.project_factory_project_services.google_project_service.project_services",
            "module.wandb.module.project_factory_project_services.google_project_service_identity.project_service_identities"
          ]
        }
      ]
    },
    {
      "module": "module.wandb.module.database",
      "mode": "managed",
      "type": "random_pet",
      "name": "mysql",
      "provider": "provider[\"registry.terraform.io/hashicorp/random\"]",
      "instances": [
        {
          "schema_version": 0,
          "attributes": {
            "id": "pet-werewolf",
            "keepers": {
              "version": "MYSQL_8_0"
            },
            "length": 2,
            "prefix": null,
            "separator": "-"
          },
          "sensitive_attributes": [],
          "dependencies": [
            "module.wandb.module.project_factory_project_services.data.google_compute_default_service_account.default",
            "module.wandb.module.project_factory_project_services.google_project_iam_member.project_service_identity_roles",
            "module.wandb.module.project_factory_project_services.google_project_service.project_services",
            "module.wandb.module.project_factory_project_services.google_project_service_identity.project_service_identities"
          ]
        }
      ]
    },
    {
      "module": "module.wandb.module.database",
      "mode": "managed",
      "type": "random_string",
      "name": "master_password",
      "provider": "provider[\"registry.terraform.io/hashicorp/random\"]",
      "instances": [
        {
          "schema_version": 2,
          "attributes": {
            "id": "xcCNtnFWNNHwLAC120AubYLyJJ93b1av",
            "keepers": null,
            "length": 32,
            "lower": true,
            "min_lower": 0,
            "min_numeric": 0,
            "min_special": 0,
            "min_upper": 0,
            "number": true,
            "numeric": true,
            "override_special": null,
            "result": "xcCNtnFWNNHwLAC120AubYLyJJ93b1av",
            "special": false,
            "upper": true
          },
          "sensitive_attributes": [],
          "dependencies": [
            "module.wandb.module.project_factory_project_services.data.google_compute_default_service_account.default",
            "module.wandb.module.project_factory_project_services.google_project_iam_member.project_service_identity_roles",
            "module.wandb.module.project_factory_project_services.google_project_service.project_services",
            "module.wandb.module.project_factory_project_services.google_project_service_identity.project_service_identities"
          ]
        }
      ]
    },
    {
      "module": "module.wandb.module.gke_app",
      "mode": "managed",
      "type": "kubernetes_config_map",
      "name": "config_map",
      "provider": "provider[\"registry.terraform.io/hashicorp/kubernetes\"]",
      "instances": [
        {
          "schema_version": 0,
          "attributes": {
            "binary_data": {},
            "data": {
              "server_ca.pem": "-----BEGIN CERTIFICATE-----\nMIIDnTCCAoWgAwIBAgIBADANBgkqhkiG9w0BAQsFADCBhTEtMCsGA1UELhMkZDdm\nZGIzN2ItMzhkZC00NTM1LTgxNWUtZTk1ZGNhMmExMjFlMTEwLwYDVQQDEyhHb29n\nbGUgQ2xvdWQgTWVtb3J5c3RvcmUgUmVkaXMgU2VydmVyIENBMRQwEgYDVQQKEwtH\nb29nbGUsIEluYzELMAkGA1UEBhMCVVMwHhcNMjQwNzE2MTcwMzI3WhcNMzQwNzE0\nMTcwNDI3WjCBhTEtMCsGA1UELhMkZDdmZGIzN2ItMzhkZC00NTM1LTgxNWUtZTk1\nZGNhMmExMjFlMTEwLwYDVQQDEyhHb29nbGUgQ2xvdWQgTWVtb3J5c3RvcmUgUmVk\naXMgU2VydmVyIENBMRQwEgYDVQQKEwtHb29nbGUsIEluYzELMAkGA1UEBhMCVVMw\nggEiMA0GCSqGSIb3DQEBAQUAA4IBDwAwggEKAoIBAQCiDUl12rpvZLRGoA45V15t\nkc+sSjLDlfoc9dhMz6qQgMhCyjDwt2uEnmiGPkUCN+1Fm0zfDBkdKvZfEWVH/9IA\n15jjNNcwLhZcsyL5inZ4GDceEwX/QEg8QrIsPlgNzwjXO1tykbtp72A58zaYK7Lq\ntLbO4pP/vw+3WXZg51bAgyfZL+iW6lytOWdSWLD02uEOTcA38xzaPcAfFNexvo+1\n2A46mNuCAoGLAbQlQagQiSMGZPG15wa7K5ViQf73UTRGNJjB6OOwuip44kKHky4k\nMqduDmcnMg614D/tL4t8kflYr5OR5oeE0DFKV2fUYBTZ/18TtZz174ZUB+Gn4K8n\nAgMBAAGjFjAUMBIGA1UdEwEB/wQIMAYBAf8CAQAwDQYJKoZIhvcNAQELBQADggEB\nAH2lPJrVBqti/1Ff4yWCilbOAdHjAfIojf3G5CSKurSEw/m8NUVJa/2lY15B5Usr\nPHZO03qxAyqHS7+ojSfRRvZPs9F4yqVuoiFOirhz6zMb0alvT1NTGaXWVw5zsUJl\nV8i7HVOSK0uaGiEFd6j5IvZ6SNsd9YsuWStBRRol7L1HxoAyBB+Oo2G973+ZuMlE\n6kWwWnRIZXt2FW0GMgB74yp2MQnkZDEPJyZqy/BSrOVvN/i7FBt8r9wyIMQu9lra\nd4H+q5NLDRVqtuj8e52wIjf7wK9p0upNzcr+KusuaBmk6DMefivyuBjXarEIrqUL\nxBSPLVgMO73PI+Hc7PfI2a8=\n-----END CERTIFICATE-----"
            },
            "id": "default/wandb",
            "immutable": false,
            "metadata": [
              {
                "annotations": {},
                "generate_name": "",
                "generation": 0,
                "labels": {},
                "name": "wandb",
                "namespace": "default",
                "resource_version": "38795",
                "uid": "2e71b708-5b50-49fc-b4f7-983fa5b03330"
              }
            ]
          },
          "sensitive_attributes": [],
          "private": "bnVsbA==",
          "dependencies": [
            "data.google_client_config.current",
            "module.wandb.module.app_gke.google_container_cluster.default",
            "module.wandb.module.app_gke.google_container_node_pool.default",
            "module.wandb.module.app_gke.random_pet.node_pool",
            "module.wandb.module.database.google_sql_database.wandb",
            "module.wandb.module.database.google_sql_database_instance.default",
            "module.wandb.module.database.google_sql_user.wandb",
            "module.wandb.module.database.random_pet.mysql",
            "module.wandb.module.database.random_string.master_password",
            "module.wandb.module.kms.google_kms_crypto_key.default",
            "module.wandb.module.kms.google_kms_key_ring.default",
            "module.wandb.module.kms.random_pet.key_ring",
            "module.wandb.module.networking.google_compute_global_address.private_ip_address",
            "module.wandb.module.networking.google_compute_network.vpc",
            "module.wandb.module.networking.google_compute_subnetwork.default",
            "module.wandb.module.networking.google_service_networking_connection.default",
            "module.wandb.module.project_factory_project_services.data.google_compute_default_service_account.default",
            "module.wandb.module.project_factory_project_services.google_project_iam_member.project_service_identity_roles",
            "module.wandb.module.project_factory_project_services.google_project_service.project_services",
            "module.wandb.module.project_factory_project_services.google_project_service_identity.project_service_identities",
            "module.wandb.module.redis.data.google_compute_zones.available",
            "module.wandb.module.redis.google_redis_instance.default",
            "module.wandb.module.service_accounts.google_service_account.main",
            "module.wandb.module.service_accounts.random_id.main",
            "module.wandb.module.storage.module.bucket.google_storage_bucket.file_storage",
            "module.wandb.module.storage.module.bucket.google_storage_bucket_iam_member.object_admin",
            "module.wandb.module.storage.module.bucket.random_pet.file_storage",
            "module.wandb.module.storage.module.pubsub.data.google_client_config.current",
            "module.wandb.module.storage.module.pubsub.data.google_storage_project_service_account.default",
            "module.wandb.module.storage.module.pubsub.google_pubsub_subscription.file_storage",
            "module.wandb.module.storage.module.pubsub.google_pubsub_subscription_iam_member.admin",
            "module.wandb.module.storage.module.pubsub.google_pubsub_topic.file_storage",
            "module.wandb.module.storage.module.pubsub.google_pubsub_topic_iam_member.admin",
            "module.wandb.module.storage.module.pubsub.google_pubsub_topic_iam_member.gcp_publisher",
            "module.wandb.module.storage.module.pubsub.google_storage_notification.file_storage"
          ]
        }
      ]
    },
    {
      "module": "module.wandb.module.gke_app",
      "mode": "managed",
      "type": "kubernetes_deployment",
      "name": "wandb",
      "provider": "provider[\"registry.terraform.io/hashicorp/kubernetes\"]",
      "instances": [
        {
          "schema_version": 1,
          "attributes": {
            "id": "default/wandb",
            "metadata": [
              {
                "annotations": {},
                "generate_name": "",
                "generation": 1,
                "labels": {
                  "app": "wandb"
                },
                "name": "wandb",
                "namespace": "default",
                "resource_version": "39805",
                "uid": "e933f3d4-431f-43b0-be33-9494aa2d8691"
              }
            ],
            "spec": [
              {
                "min_ready_seconds": 0,
                "paused": false,
                "progress_deadline_seconds": 3600,
                "replicas": "1",
                "revision_history_limit": 10,
                "selector": [
                  {
                    "match_expressions": [],
                    "match_labels": {
                      "app": "wandb"
                    }
                  }
                ],
                "strategy": [
                  {
                    "rolling_update": [
                      {
                        "max_surge": "25%",
                        "max_unavailable": "25%"
                      }
                    ],
                    "type": "RollingUpdate"
                  }
                ],
                "template": [
                  {
                    "metadata": [
                      {
                        "annotations": {},
                        "generate_name": "",
                        "generation": 0,
                        "labels": {
                          "app": "wandb"
                        },
                        "name": "",
                        "namespace": "",
                        "resource_version": "",
                        "uid": ""
                      }
                    ],
                    "spec": [
                      {
                        "active_deadline_seconds": 0,
                        "affinity": [],
                        "automount_service_account_token": true,
                        "container": [
                          {
                            "args": [],
                            "command": [],
                            "env": [
                              {
                                "name": "LOCAL_RESTORE",
                                "value": "false",
                                "value_from": []
                              },
                              {
                                "name": "LICENSE",
                                "value": "eyJhbGciOiJSUzI1NiIsImtpZCI6InUzaHgyQjQyQWhEUXM1M0xQY09yNnZhaTdoSlduYnF1bTRZTlZWd1VwSWM9In0.eyJjb25jdXJyZW50QWdlbnRzIjoxMCwidHJpYWwiOnRydWUsIm1heFN0b3JhZ2VHYiI6MTAwMDAwMCwibWF4VGVhbXMiOjUwLCJtYXhVc2VycyI6MTAwLCJtYXhWaWV3T25seVVzZXJzIjowLCJtYXhSZWdpc3RlcmVkTW9kZWxzIjo1LCJleHBpcmVzQXQiOiIyMDI0LTA4LTE0VDEzOjU4OjMyLjkxM1oiLCJkZXBsb3ltZW50SWQiOiJmNDI5ZDAxOS1lMzY2LTRjNWMtOWI5MS04YjFjOWRjMDA2ZTMiLCJmbGFncyI6WyJOT1RJRklDQVRJT05TIiwic2xhY2siLCJub3RpZmljYXRpb25zIiwiU0NBTEFCTEUiLCJteXNxbCIsInMzIiwicmVkaXMiLCJNQU5BR0VNRU5UIiwib3JnX2Rhc2giLCJhdXRoMCIsImNvbGxlY3RfYXVkaXRfbG9ncyIsInJiYWMiXSwiYWNjZXNzS2V5IjoiYWFlMzM0MTEtMDc1Zi00YzdkLTk0ZDItOGI3NThmOGRkMTQ0Iiwic2VhdHMiOjEwMCwidmlld09ubHlTZWF0cyI6MCwidGVhbXMiOjUwLCJyZWdpc3RlcmVkTW9kZWxzIjo1LCJzdG9yYWdlR2lncyI6MTAwMDAwMCwiZXhwIjoxNzIzNjQzOTEyfQ.Ic7o8U8aqyzbKGkfv0FLVyEPljXxALRiiL-tezHSDpZMUyaG2ABxz2su54sPo-Ldc-GroFxxMOOVBBsNz7aTdH-PIPwKkJkmO1a3ED_aW4h3as1E12LyUNgrcAkQx1SuC0gS8SRxaVtpedzprgLsHd_ZMMPOIr2WFIUoqDhgRAHBScPZ9keGZ4DVuv1c1bR1r2ykFGyXJO8IhQG1l--ZpWNoFI4Su-lng8VgpYwYb4QwdUyvDdmnjhrhTd9vIDCDfinroaOrf64NnVcgBs3sJ3sMMMtjJL71t3WMElXQxQDFkgjQ074yI-dzX68RUsk_SrukKGKcDzqFzB0IU_G8UA",
                                "value_from": []
                              },
                              {
                                "name": "BUCKET",
                                "value": "gs://abe-andb-cool-bluebird",
                                "value_from": []
                              },
                              {
                                "name": "BUCKET_QUEUE",
                                "value": "pubsub:/playground-111/abe-andb-file-storage/abe-andb-file-storage",
                                "value_from": []
                              },
                              {
                                "name": "AWS_S3_KMS_ID",
                                "value": "",
                                "value_from": []
                              },
                              {
                                "name": "AWS_REGION",
                                "value": "",
                                "value_from": []
                              },
                              {
                                "name": "HOST",
                                "value": "https://abe-sm.wandb.ml",
                                "value_from": []
                              },
                              {
                                "name": "AUTH0_DOMAIN",
                                "value": "",
                                "value_from": []
                              },
                              {
                                "name": "AUTH0_CLIENT_ID",
                                "value": "",
                                "value_from": []
                              },
                              {
                                "name": "OIDC_CLIENT_ID",
                                "value": "",
                                "value_from": []
                              },
                              {
                                "name": "MYSQL",
                                "value": "",
                                "value_from": [
                                  {
                                    "config_map_key_ref": [],
                                    "field_ref": [],
                                    "resource_field_ref": [],
                                    "secret_key_ref": [
                                      {
                                        "key": "MYSQL",
                                        "name": "wandb",
                                        "optional": false
                                      }
                                    ]
                                  }
                                ]
                              },
                              {
                                "name": "OIDC_SECRET",
                                "value": "",
                                "value_from": [
                                  {
                                    "config_map_key_ref": [],
                                    "field_ref": [],
                                    "resource_field_ref": [],
                                    "secret_key_ref": [
                                      {
                                        "key": "OIDC_SECRET",
                                        "name": "wandb",
                                        "optional": false
                                      }
                                    ]
                                  }
                                ]
                              },
                              {
                                "name": "OIDC_AUTH_METHOD",
                                "value": "implicit",
                                "value_from": []
                              },
                              {
                                "name": "OIDC_ISSUER",
                                "value": "",
                                "value_from": []
                              },
                              {
                                "name": "REDIS",
                                "value": "redis://:179ad3e1-bb6b-4c19-8004-c95c794c0697@10.30.0.4:6378?tls=true\u0026ttlInSeconds=604800\u0026caCertPath=/etc/ssl/certs/server_ca.pem",
                                "value_from": []
                              },
                              {
                                "name": "GORILLA_CUSTOM_METRICS_PROVIDER",
                                "value": "noop://",
                                "value_from": []
                              },
                              {
                                "name": "WEAVE_SERVICE",
                                "value": "",
                                "value_from": []
                              },
                              {
                                "name": "PARQUET_ENABLED",
                                "value": "false",
                                "value_from": []
                              },
                              {
                                "name": "PARQUET_HOST",
                                "value": "",
                                "value_from": []
                              },
                              {
                                "name": "WEAVE_ENABLED",
                                "value": "false",
                                "value_from": []
                              },
                              {
                                "name": "GORILLA_CUSTOMER_SECRET_STORE_SOURCE",
                                "value": "gcp-secretmanager://playground-111?namespace=abe-andb",
                                "value_from": []
                              },
                              {
                                "name": "GORILLA_DISABLE_CODE_SAVING",
                                "value": "false",
                                "value_from": []
                              },
                              {
                                "name": "GORILLA_GLUE_LIST",
                                "value": "false",
                                "value_from": []
                              }
                            ],
                            "env_from": [],
                            "image": "wandb/local:latest",
                            "image_pull_policy": "Always",
                            "lifecycle": [],
                            "liveness_probe": [
                              {
                                "exec": [],
                                "failure_threshold": 3,
                                "grpc": [],
                                "http_get": [
                                  {
                                    "host": "",
                                    "http_header": [],
                                    "path": "/healthz",
                                    "port": "http",
                                    "scheme": "HTTP"
                                  }
                                ],
                                "initial_delay_seconds": 0,
                                "period_seconds": 10,
                                "success_threshold": 1,
                                "tcp_socket": [],
                                "timeout_seconds": 1
                              }
                            ],
                            "name": "wandb",
                            "port": [
                              {
                                "container_port": 8080,
                                "host_ip": "",
                                "host_port": 0,
                                "name": "http",
                                "protocol": "TCP"
                              },
                              {
                                "container_port": 8181,
                                "host_ip": "",
                                "host_port": 0,
                                "name": "prometheus",
                                "protocol": "TCP"
                              }
                            ],
                            "readiness_probe": [
                              {
                                "exec": [],
                                "failure_threshold": 3,
                                "grpc": [],
                                "http_get": [
                                  {
                                    "host": "",
                                    "http_header": [],
                                    "path": "/ready",
                                    "port": "http",
                                    "scheme": "HTTP"
                                  }
                                ],
                                "initial_delay_seconds": 0,
                                "period_seconds": 10,
                                "success_threshold": 1,
                                "tcp_socket": [],
                                "timeout_seconds": 1
                              }
                            ],
                            "resources": [
                              {
                                "limits": {},
                                "requests": {
                                  "cpu": "2",
                                  "memory": "2G"
                                }
                              }
                            ],
                            "security_context": [],
                            "startup_probe": [
                              {
                                "exec": [],
                                "failure_threshold": 120,
                                "grpc": [],
                                "http_get": [
                                  {
                                    "host": "",
                                    "http_header": [],
                                    "path": "/ready",
                                    "port": "http",
                                    "scheme": "HTTP"
                                  }
                                ],
                                "initial_delay_seconds": 0,
                                "period_seconds": 10,
                                "success_threshold": 1,
                                "tcp_socket": [],
                                "timeout_seconds": 1
                              }
                            ],
                            "stdin": false,
                            "stdin_once": false,
                            "termination_message_path": "/dev/termination-log",
                            "termination_message_policy": "File",
                            "tty": false,
                            "volume_mount": [
                              {
                                "mount_path": "/etc/ssl/certs/server_ca.pem",
                                "mount_propagation": "None",
                                "name": "wandb",
                                "read_only": false,
                                "sub_path": "server_ca.pem"
                              }
                            ],
                            "working_dir": ""
                          }
                        ],
                        "dns_config": [],
                        "dns_policy": "ClusterFirst",
                        "enable_service_links": true,
                        "host_aliases": [],
                        "host_ipc": false,
                        "host_network": false,
                        "host_pid": false,
                        "hostname": "",
                        "image_pull_secrets": [],
                        "init_container": [],
                        "node_name": "",
                        "node_selector": {},
                        "os": [],
                        "priority_class_name": "wandb-priority",
                        "readiness_gate": [],
                        "restart_policy": "Always",
                        "runtime_class_name": "",
                        "scheduler_name": "default-scheduler",
                        "security_context": [],
                        "service_account_name": "wandb-serviceaccount",
                        "share_process_namespace": false,
                        "subdomain": "",
                        "termination_grace_period_seconds": 30,
                        "toleration": [],
                        "topology_spread_constraint": [],
                        "volume": [
                          {
                            "aws_elastic_block_store": [],
                            "azure_disk": [],
                            "azure_file": [],
                            "ceph_fs": [],
                            "cinder": [],
                            "config_map": [
                              {
                                "default_mode": "0644",
                                "items": [],
                                "name": "wandb",
                                "optional": true
                              }
                            ],
                            "csi": [],
                            "downward_api": [],
                            "empty_dir": [],
                            "ephemeral": [],
                            "fc": [],
                            "flex_volume": [],
                            "flocker": [],
                            "gce_persistent_disk": [],
                            "git_repo": [],
                            "glusterfs": [],
                            "host_path": [],
                            "iscsi": [],
                            "local": [],
                            "name": "wandb",
                            "nfs": [],
                            "persistent_volume_claim": [],
                            "photon_persistent_disk": [],
                            "projected": [],
                            "quobyte": [],
                            "rbd": [],
                            "secret": [],
                            "vsphere_volume": []
                          }
                        ]
                      }
                    ]
                  }
                ]
              }
            ],
            "timeouts": {
              "create": "1h",
              "delete": "10m",
              "update": "1h"
            },
            "wait_for_rollout": true
          },
          "sensitive_attributes": [
            [
              {
                "type": "get_attr",
                "value": "spec"
              },
              {
                "type": "index",
                "value": {
                  "value": 0,
                  "type": "number"
                }
              },
              {
                "type": "get_attr",
                "value": "template"
              },
              {
                "type": "index",
                "value": {
                  "value": 0,
                  "type": "number"
                }
              },
              {
                "type": "get_attr",
                "value": "spec"
              },
              {
                "type": "index",
                "value": {
                  "value": 0,
                  "type": "number"
                }
              },
              {
                "type": "get_attr",
                "value": "container"
              },
              {
                "type": "index",
                "value": {
                  "value": 0,
                  "type": "number"
                }
              },
              {
                "type": "get_attr",
                "value": "env"
              },
              {
                "type": "index",
                "value": {
                  "value": 14,
                  "type": "number"
                }
              },
              {
                "type": "get_attr",
                "value": "value"
              }
            ]
          ],
          "private": "eyJlMmJmYjczMC1lY2FhLTExZTYtOGY4OC0zNDM2M2JjN2M0YzAiOnsiY3JlYXRlIjozNjAwMDAwMDAwMDAwLCJkZWxldGUiOjYwMDAwMDAwMDAwMCwidXBkYXRlIjozNjAwMDAwMDAwMDAwfSwic2NoZW1hX3ZlcnNpb24iOiIxIn0=",
          "dependencies": [
            "data.google_client_config.current",
            "module.wandb.module.app_gke.google_container_cluster.default",
            "module.wandb.module.app_gke.google_container_node_pool.default",
            "module.wandb.module.app_gke.random_pet.node_pool",
            "module.wandb.module.database.google_sql_database.wandb",
            "module.wandb.module.database.google_sql_database_instance.default",
            "module.wandb.module.database.google_sql_user.wandb",
            "module.wandb.module.database.random_pet.mysql",
            "module.wandb.module.database.random_string.master_password",
            "module.wandb.module.gke_app.kubernetes_config_map.config_map",
            "module.wandb.module.gke_app.kubernetes_priority_class.priority",
            "module.wandb.module.gke_app.kubernetes_service.parquet",
            "module.wandb.module.gke_app.kubernetes_service.weave",
            "module.wandb.module.gke_app.kubernetes_service_account.default",
            "module.wandb.module.kms.google_kms_crypto_key.default",
            "module.wandb.module.kms.google_kms_key_ring.default",
            "module.wandb.module.kms.random_pet.key_ring",
            "module.wandb.module.networking.google_compute_global_address.private_ip_address",
            "module.wandb.module.networking.google_compute_network.vpc",
            "module.wandb.module.networking.google_compute_subnetwork.default",
            "module.wandb.module.networking.google_service_networking_connection.default",
            "module.wandb.module.project_factory_project_services.data.google_compute_default_service_account.default",
            "module.wandb.module.project_factory_project_services.google_project_iam_member.project_service_identity_roles",
            "module.wandb.module.project_factory_project_services.google_project_service.project_services",
            "module.wandb.module.project_factory_project_services.google_project_service_identity.project_service_identities",
            "module.wandb.module.redis.data.google_compute_zones.available",
            "module.wandb.module.redis.google_redis_instance.default",
            "module.wandb.module.service_accounts.google_service_account.main",
            "module.wandb.module.service_accounts.random_id.main",
            "module.wandb.module.storage.module.bucket.google_storage_bucket.file_storage",
            "module.wandb.module.storage.module.bucket.google_storage_bucket_iam_member.object_admin",
            "module.wandb.module.storage.module.bucket.random_pet.file_storage",
            "module.wandb.module.storage.module.pubsub.data.google_client_config.current",
            "module.wandb.module.storage.module.pubsub.data.google_storage_project_service_account.default",
            "module.wandb.module.storage.module.pubsub.google_pubsub_subscription.file_storage",
            "module.wandb.module.storage.module.pubsub.google_pubsub_subscription_iam_member.admin",
            "module.wandb.module.storage.module.pubsub.google_pubsub_topic.file_storage",
            "module.wandb.module.storage.module.pubsub.google_pubsub_topic_iam_member.admin",
            "module.wandb.module.storage.module.pubsub.google_pubsub_topic_iam_member.gcp_publisher",
            "module.wandb.module.storage.module.pubsub.google_storage_notification.file_storage"
          ]
        }
      ]
    },
    {
      "module": "module.wandb.module.gke_app",
      "mode": "managed",
      "type": "kubernetes_priority_class",
      "name": "priority",
      "provider": "provider[\"registry.terraform.io/hashicorp/kubernetes\"]",
      "instances": [
        {
          "schema_version": 0,
          "attributes": {
            "description": "Priority class for wandb pods.",
            "global_default": false,
            "id": "wandb-priority",
            "metadata": [
              {
                "annotations": {},
                "generate_name": "",
                "generation": 1,
                "labels": {},
                "name": "wandb-priority",
                "resource_version": "38791",
                "uid": "97bcc726-4ef6-471b-8a8f-df7a9eade4f8"
              }
            ],
            "preemption_policy": "PreemptLowerPriority",
            "value": 1000000000
          },
          "sensitive_attributes": [],
          "private": "bnVsbA==",
          "dependencies": [
            "data.google_client_config.current",
            "module.wandb.module.app_gke.google_container_cluster.default",
            "module.wandb.module.app_gke.google_container_node_pool.default",
            "module.wandb.module.app_gke.random_pet.node_pool",
            "module.wandb.module.database.google_sql_database.wandb",
            "module.wandb.module.database.google_sql_database_instance.default",
            "module.wandb.module.database.google_sql_user.wandb",
            "module.wandb.module.database.random_pet.mysql",
            "module.wandb.module.database.random_string.master_password",
            "module.wandb.module.kms.google_kms_crypto_key.default",
            "module.wandb.module.kms.google_kms_key_ring.default",
            "module.wandb.module.kms.random_pet.key_ring",
            "module.wandb.module.networking.google_compute_global_address.private_ip_address",
            "module.wandb.module.networking.google_compute_network.vpc",
            "module.wandb.module.networking.google_compute_subnetwork.default",
            "module.wandb.module.networking.google_service_networking_connection.default",
            "module.wandb.module.project_factory_project_services.data.google_compute_default_service_account.default",
            "module.wandb.module.project_factory_project_services.google_project_iam_member.project_service_identity_roles",
            "module.wandb.module.project_factory_project_services.google_project_service.project_services",
            "module.wandb.module.project_factory_project_services.google_project_service_identity.project_service_identities",
            "module.wandb.module.redis.data.google_compute_zones.available",
            "module.wandb.module.redis.google_redis_instance.default",
            "module.wandb.module.service_accounts.google_service_account.main",
            "module.wandb.module.service_accounts.random_id.main",
            "module.wandb.module.storage.module.bucket.google_storage_bucket.file_storage",
            "module.wandb.module.storage.module.bucket.google_storage_bucket_iam_member.object_admin",
            "module.wandb.module.storage.module.bucket.random_pet.file_storage",
            "module.wandb.module.storage.module.pubsub.data.google_client_config.current",
            "module.wandb.module.storage.module.pubsub.data.google_storage_project_service_account.default",
            "module.wandb.module.storage.module.pubsub.google_pubsub_subscription.file_storage",
            "module.wandb.module.storage.module.pubsub.google_pubsub_subscription_iam_member.admin",
            "module.wandb.module.storage.module.pubsub.google_pubsub_topic.file_storage",
            "module.wandb.module.storage.module.pubsub.google_pubsub_topic_iam_member.admin",
            "module.wandb.module.storage.module.pubsub.google_pubsub_topic_iam_member.gcp_publisher",
            "module.wandb.module.storage.module.pubsub.google_storage_notification.file_storage"
          ]
        }
      ]
    },
    {
      "module": "module.wandb.module.gke_app",
      "mode": "managed",
      "type": "kubernetes_secret",
      "name": "secret",
      "provider": "provider[\"registry.terraform.io/hashicorp/kubernetes\"]",
      "instances": [
        {
          "schema_version": 0,
          "attributes": {
            "binary_data": null,
            "data": {
              "MYSQL": "mysql://wandb:xcCNtnFWNNHwLAC120AubYLyJJ93b1av@10.38.0.2/wandb_local",
              "OIDC_SECRET": ""
            },
            "id": "default/wandb",
            "immutable": false,
            "metadata": [
              {
                "annotations": {},
                "generate_name": "",
                "generation": 0,
                "labels": {},
                "name": "wandb",
                "namespace": "default",
                "resource_version": "38797",
                "uid": "ce40e15a-0f73-48fd-840f-46e41c83ee94"
              }
            ],
            "timeouts": null,
            "type": "Opaque",
            "wait_for_service_account_token": true
          },
          "sensitive_attributes": [
            [
              {
                "type": "get_attr",
                "value": "data"
              },
              {
                "type": "index",
                "value": {
                  "value": "MYSQL",
                  "type": "string"
                }
              }
            ],
            [
              {
                "type": "get_attr",
                "value": "data"
              },
              {
                "type": "index",
                "value": {
                  "value": "OIDC_SECRET",
                  "type": "string"
                }
              }
            ]
          ],
          "private": "eyJlMmJmYjczMC1lY2FhLTExZTYtOGY4OC0zNDM2M2JjN2M0YzAiOnsiY3JlYXRlIjo2MDAwMDAwMDAwMH19",
          "dependencies": [
            "data.google_client_config.current",
            "module.wandb.module.app_gke.google_container_cluster.default",
            "module.wandb.module.app_gke.google_container_node_pool.default",
            "module.wandb.module.app_gke.random_pet.node_pool",
            "module.wandb.module.database.google_sql_database.wandb",
            "module.wandb.module.database.google_sql_database_instance.default",
            "module.wandb.module.database.google_sql_user.wandb",
            "module.wandb.module.database.random_pet.mysql",
            "module.wandb.module.database.random_string.master_password",
            "module.wandb.module.kms.google_kms_crypto_key.default",
            "module.wandb.module.kms.google_kms_key_ring.default",
            "module.wandb.module.kms.random_pet.key_ring",
            "module.wandb.module.networking.google_compute_global_address.private_ip_address",
            "module.wandb.module.networking.google_compute_network.vpc",
            "module.wandb.module.networking.google_compute_subnetwork.default",
            "module.wandb.module.networking.google_service_networking_connection.default",
            "module.wandb.module.project_factory_project_services.data.google_compute_default_service_account.default",
            "module.wandb.module.project_factory_project_services.google_project_iam_member.project_service_identity_roles",
            "module.wandb.module.project_factory_project_services.google_project_service.project_services",
            "module.wandb.module.project_factory_project_services.google_project_service_identity.project_service_identities",
            "module.wandb.module.redis.data.google_compute_zones.available",
            "module.wandb.module.redis.google_redis_instance.default",
            "module.wandb.module.service_accounts.google_service_account.main",
            "module.wandb.module.service_accounts.random_id.main",
            "module.wandb.module.storage.module.bucket.google_storage_bucket.file_storage",
            "module.wandb.module.storage.module.bucket.google_storage_bucket_iam_member.object_admin",
            "module.wandb.module.storage.module.bucket.random_pet.file_storage",
            "module.wandb.module.storage.module.pubsub.data.google_client_config.current",
            "module.wandb.module.storage.module.pubsub.data.google_storage_project_service_account.default",
            "module.wandb.module.storage.module.pubsub.google_pubsub_subscription.file_storage",
            "module.wandb.module.storage.module.pubsub.google_pubsub_subscription_iam_member.admin",
            "module.wandb.module.storage.module.pubsub.google_pubsub_topic.file_storage",
            "module.wandb.module.storage.module.pubsub.google_pubsub_topic_iam_member.admin",
            "module.wandb.module.storage.module.pubsub.google_pubsub_topic_iam_member.gcp_publisher",
            "module.wandb.module.storage.module.pubsub.google_storage_notification.file_storage"
          ]
        }
      ]
    },
    {
      "module": "module.wandb.module.gke_app",
      "mode": "managed",
      "type": "kubernetes_service",
      "name": "prometheus",
      "provider": "provider[\"registry.terraform.io/hashicorp/kubernetes\"]",
      "instances": [
        {
          "schema_version": 1,
          "attributes": {
            "id": "default/prometheus",
            "metadata": [
              {
                "annotations": {},
                "generate_name": "",
                "generation": 0,
                "labels": {},
                "name": "prometheus",
                "namespace": "default",
                "resource_version": "59323",
                "uid": "2b6cd7aa-c8d5-46ff-803a-3d2b1ed326d2"
              }
            ],
            "spec": [
              {
                "allocate_load_balancer_node_ports": true,
                "cluster_ip": "10.254.61.91",
                "cluster_ips": [
                  "10.254.61.91"
                ],
                "external_ips": [],
                "external_name": "",
                "external_traffic_policy": "",
                "health_check_node_port": 0,
                "internal_traffic_policy": "Cluster",
                "ip_families": [
                  "IPv4"
                ],
                "ip_family_policy": "SingleStack",
                "load_balancer_class": "",
                "load_balancer_ip": "",
                "load_balancer_source_ranges": [],
                "port": [
                  {
                    "app_protocol": "",
                    "name": "prometheus",
                    "node_port": 0,
                    "port": 8181,
                    "protocol": "TCP",
                    "target_port": "8181"
                  }
                ],
                "publish_not_ready_addresses": false,
                "selector": {
                  "app": "wandb"
                },
                "session_affinity": "None",
                "session_affinity_config": [],
                "type": "ClusterIP"
              }
            ],
            "status": [
              {
                "load_balancer": [
                  {
                    "ingress": []
                  }
                ]
              }
            ],
            "timeouts": null,
            "wait_for_load_balancer": true
          },
          "sensitive_attributes": [],
          "private": "eyJlMmJmYjczMC1lY2FhLTExZTYtOGY4OC0zNDM2M2JjN2M0YzAiOnsiY3JlYXRlIjo2MDAwMDAwMDAwMDB9LCJzY2hlbWFfdmVyc2lvbiI6IjEifQ==",
          "dependencies": [
            "data.google_client_config.current",
            "module.wandb.module.app_gke.google_container_cluster.default",
            "module.wandb.module.app_gke.google_container_node_pool.default",
            "module.wandb.module.app_gke.random_pet.node_pool",
            "module.wandb.module.database.google_sql_database.wandb",
            "module.wandb.module.database.google_sql_database_instance.default",
            "module.wandb.module.database.google_sql_user.wandb",
            "module.wandb.module.database.random_pet.mysql",
            "module.wandb.module.database.random_string.master_password",
            "module.wandb.module.kms.google_kms_crypto_key.default",
            "module.wandb.module.kms.google_kms_key_ring.default",
            "module.wandb.module.kms.random_pet.key_ring",
            "module.wandb.module.networking.google_compute_global_address.private_ip_address",
            "module.wandb.module.networking.google_compute_network.vpc",
            "module.wandb.module.networking.google_compute_subnetwork.default",
            "module.wandb.module.networking.google_service_networking_connection.default",
            "module.wandb.module.project_factory_project_services.data.google_compute_default_service_account.default",
            "module.wandb.module.project_factory_project_services.google_project_iam_member.project_service_identity_roles",
            "module.wandb.module.project_factory_project_services.google_project_service.project_services",
            "module.wandb.module.project_factory_project_services.google_project_service_identity.project_service_identities",
            "module.wandb.module.redis.data.google_compute_zones.available",
            "module.wandb.module.redis.google_redis_instance.default",
            "module.wandb.module.service_accounts.google_service_account.main",
            "module.wandb.module.service_accounts.random_id.main",
            "module.wandb.module.storage.module.bucket.google_storage_bucket.file_storage",
            "module.wandb.module.storage.module.bucket.google_storage_bucket_iam_member.object_admin",
            "module.wandb.module.storage.module.bucket.random_pet.file_storage",
            "module.wandb.module.storage.module.pubsub.data.google_client_config.current",
            "module.wandb.module.storage.module.pubsub.data.google_storage_project_service_account.default",
            "module.wandb.module.storage.module.pubsub.google_pubsub_subscription.file_storage",
            "module.wandb.module.storage.module.pubsub.google_pubsub_subscription_iam_member.admin",
            "module.wandb.module.storage.module.pubsub.google_pubsub_topic.file_storage",
            "module.wandb.module.storage.module.pubsub.google_pubsub_topic_iam_member.admin",
            "module.wandb.module.storage.module.pubsub.google_pubsub_topic_iam_member.gcp_publisher",
            "module.wandb.module.storage.module.pubsub.google_storage_notification.file_storage"
          ]
        }
      ]
    },
    {
      "module": "module.wandb.module.gke_app",
      "mode": "managed",
      "type": "kubernetes_service",
      "name": "service",
      "provider": "provider[\"registry.terraform.io/hashicorp/kubernetes\"]",
      "instances": [
        {
          "schema_version": 1,
          "attributes": {
            "id": "default/wandb",
            "metadata": [
              {
                "annotations": {},
                "generate_name": "",
                "generation": 0,
                "labels": {},
                "name": "wandb",
                "namespace": "default",
                "resource_version": "59322",
                "uid": "0598527b-af72-4895-b53a-5568ef75cbab"
              }
            ],
            "spec": [
              {
                "allocate_load_balancer_node_ports": true,
                "cluster_ip": "10.254.48.220",
                "cluster_ips": [
                  "10.254.48.220"
                ],
                "external_ips": [],
                "external_name": "",
                "external_traffic_policy": "Cluster",
                "health_check_node_port": 0,
                "internal_traffic_policy": "Cluster",
                "ip_families": [
                  "IPv4"
                ],
                "ip_family_policy": "SingleStack",
                "load_balancer_class": "",
                "load_balancer_ip": "",
                "load_balancer_source_ranges": [],
                "port": [
                  {
                    "app_protocol": "",
                    "name": "http",
                    "node_port": 32543,
                    "port": 8080,
                    "protocol": "TCP",
                    "target_port": "8080"
                  }
                ],
                "publish_not_ready_addresses": false,
                "selector": {
                  "app": "wandb"
                },
                "session_affinity": "None",
                "session_affinity_config": [],
                "type": "NodePort"
              }
            ],
            "status": [
              {
                "load_balancer": [
                  {
                    "ingress": []
                  }
                ]
              }
            ],
            "timeouts": null,
            "wait_for_load_balancer": true
          },
          "sensitive_attributes": [],
          "private": "eyJlMmJmYjczMC1lY2FhLTExZTYtOGY4OC0zNDM2M2JjN2M0YzAiOnsiY3JlYXRlIjo2MDAwMDAwMDAwMDB9LCJzY2hlbWFfdmVyc2lvbiI6IjEifQ==",
          "dependencies": [
            "data.google_client_config.current",
            "module.wandb.module.app_gke.google_container_cluster.default",
            "module.wandb.module.app_gke.google_container_node_pool.default",
            "module.wandb.module.app_gke.random_pet.node_pool",
            "module.wandb.module.database.google_sql_database.wandb",
            "module.wandb.module.database.google_sql_database_instance.default",
            "module.wandb.module.database.google_sql_user.wandb",
            "module.wandb.module.database.random_pet.mysql",
            "module.wandb.module.database.random_string.master_password",
            "module.wandb.module.kms.google_kms_crypto_key.default",
            "module.wandb.module.kms.google_kms_key_ring.default",
            "module.wandb.module.kms.random_pet.key_ring",
            "module.wandb.module.networking.google_compute_global_address.private_ip_address",
            "module.wandb.module.networking.google_compute_network.vpc",
            "module.wandb.module.networking.google_compute_subnetwork.default",
            "module.wandb.module.networking.google_service_networking_connection.default",
            "module.wandb.module.project_factory_project_services.data.google_compute_default_service_account.default",
            "module.wandb.module.project_factory_project_services.google_project_iam_member.project_service_identity_roles",
            "module.wandb.module.project_factory_project_services.google_project_service.project_services",
            "module.wandb.module.project_factory_project_services.google_project_service_identity.project_service_identities",
            "module.wandb.module.redis.data.google_compute_zones.available",
            "module.wandb.module.redis.google_redis_instance.default",
            "module.wandb.module.service_accounts.google_service_account.main",
            "module.wandb.module.service_accounts.random_id.main",
            "module.wandb.module.storage.module.bucket.google_storage_bucket.file_storage",
            "module.wandb.module.storage.module.bucket.google_storage_bucket_iam_member.object_admin",
            "module.wandb.module.storage.module.bucket.random_pet.file_storage",
            "module.wandb.module.storage.module.pubsub.data.google_client_config.current",
            "module.wandb.module.storage.module.pubsub.data.google_storage_project_service_account.default",
            "module.wandb.module.storage.module.pubsub.google_pubsub_subscription.file_storage",
            "module.wandb.module.storage.module.pubsub.google_pubsub_subscription_iam_member.admin",
            "module.wandb.module.storage.module.pubsub.google_pubsub_topic.file_storage",
            "module.wandb.module.storage.module.pubsub.google_pubsub_topic_iam_member.admin",
            "module.wandb.module.storage.module.pubsub.google_pubsub_topic_iam_member.gcp_publisher",
            "module.wandb.module.storage.module.pubsub.google_storage_notification.file_storage"
          ]
        }
      ]
    },
    {
      "module": "module.wandb.module.gke_app",
      "mode": "managed",
      "type": "kubernetes_service_account",
      "name": "default",
      "provider": "provider[\"registry.terraform.io/hashicorp/kubernetes\"]",
      "instances": [
        {
          "schema_version": 0,
          "attributes": {
            "automount_service_account_token": true,
            "default_secret_name": "",
            "id": "default/wandb-serviceaccount",
            "image_pull_secret": [],
            "metadata": [
              {
                "annotations": {},
                "generate_name": "",
                "generation": 0,
                "labels": {},
                "name": "wandb-serviceaccount",
                "namespace": "default",
                "resource_version": "38796",
                "uid": "756957f8-8621-4849-874a-ed08552611da"
              }
            ],
            "secret": [],
            "timeouts": null
          },
          "sensitive_attributes": [],
          "private": "eyJlMmJmYjczMC1lY2FhLTExZTYtOGY4OC0zNDM2M2JjN2M0YzAiOnsiY3JlYXRlIjozMDAwMDAwMDAwMH19",
          "dependencies": [
            "data.google_client_config.current",
            "module.wandb.module.app_gke.google_container_cluster.default",
            "module.wandb.module.app_gke.google_container_node_pool.default",
            "module.wandb.module.app_gke.random_pet.node_pool",
            "module.wandb.module.database.google_sql_database.wandb",
            "module.wandb.module.database.google_sql_database_instance.default",
            "module.wandb.module.database.google_sql_user.wandb",
            "module.wandb.module.database.random_pet.mysql",
            "module.wandb.module.database.random_string.master_password",
            "module.wandb.module.kms.google_kms_crypto_key.default",
            "module.wandb.module.kms.google_kms_key_ring.default",
            "module.wandb.module.kms.random_pet.key_ring",
            "module.wandb.module.networking.google_compute_global_address.private_ip_address",
            "module.wandb.module.networking.google_compute_network.vpc",
            "module.wandb.module.networking.google_compute_subnetwork.default",
            "module.wandb.module.networking.google_service_networking_connection.default",
            "module.wandb.module.project_factory_project_services.data.google_compute_default_service_account.default",
            "module.wandb.module.project_factory_project_services.google_project_iam_member.project_service_identity_roles",
            "module.wandb.module.project_factory_project_services.google_project_service.project_services",
            "module.wandb.module.project_factory_project_services.google_project_service_identity.project_service_identities",
            "module.wandb.module.redis.data.google_compute_zones.available",
            "module.wandb.module.redis.google_redis_instance.default",
            "module.wandb.module.service_accounts.google_service_account.main",
            "module.wandb.module.service_accounts.random_id.main",
            "module.wandb.module.storage.module.bucket.google_storage_bucket.file_storage",
            "module.wandb.module.storage.module.bucket.google_storage_bucket_iam_member.object_admin",
            "module.wandb.module.storage.module.bucket.random_pet.file_storage",
            "module.wandb.module.storage.module.pubsub.data.google_client_config.current",
            "module.wandb.module.storage.module.pubsub.data.google_storage_project_service_account.default",
            "module.wandb.module.storage.module.pubsub.google_pubsub_subscription.file_storage",
            "module.wandb.module.storage.module.pubsub.google_pubsub_subscription_iam_member.admin",
            "module.wandb.module.storage.module.pubsub.google_pubsub_topic.file_storage",
            "module.wandb.module.storage.module.pubsub.google_pubsub_topic_iam_member.admin",
            "module.wandb.module.storage.module.pubsub.google_pubsub_topic_iam_member.gcp_publisher",
            "module.wandb.module.storage.module.pubsub.google_storage_notification.file_storage"
          ]
        }
      ]
    },
    {
      "module": "module.wandb.module.kms[0]",
      "mode": "data",
      "type": "google_project",
      "name": "project",
      "provider": "provider[\"registry.terraform.io/hashicorp/google\"]",
      "instances": [
        {
          "schema_version": 0,
          "attributes": {
            "auto_create_network": null,
            "billing_account": "01C8CE-E7A65A-B829EB",
            "folder_id": "753595601203",
            "id": "projects/playground-111",
            "labels": {
              "firebase": "enabled",
              "generative-language": "enabled"
            },
            "name": "WandB Sandbox",
            "number": "27586067691",
            "org_id": "",
            "project_id": "playground-111",
            "skip_delete": null
          },
          "sensitive_attributes": []
        }
      ]
    },
    {
      "module": "module.wandb.module.kms[0]",
      "mode": "data",
      "type": "google_storage_project_service_account",
      "name": "default",
      "provider": "provider[\"registry.terraform.io/hashicorp/google\"]",
      "instances": [
        {
          "schema_version": 0,
          "attributes": {
            "email_address": "service-27586067691@gs-project-accounts.iam.gserviceaccount.com",
            "id": "service-27586067691@gs-project-accounts.iam.gserviceaccount.com",
            "member": "serviceAccount:service-27586067691@gs-project-accounts.iam.gserviceaccount.com",
            "project": "playground-111",
            "user_project": null
          },
          "sensitive_attributes": []
        }
      ]
    },
    {
      "module": "module.wandb.module.kms[0]",
      "mode": "managed",
      "type": "google_kms_crypto_key",
      "name": "default",
      "provider": "provider[\"registry.terraform.io/hashicorp/google\"]",
      "instances": [
        {
          "schema_version": 1,
          "attributes": {
            "destroy_scheduled_duration": "2592000s",
            "id": "projects/playground-111/locations/global/keyRings/abe-andb-classic-mongoose/cryptoKeys/abe-andb-key",
            "import_only": false,
            "key_ring": "projects/playground-111/locations/global/keyRings/abe-andb-classic-mongoose",
            "labels": {},
            "name": "abe-andb-key",
            "purpose": "ENCRYPT_DECRYPT",
            "rotation_period": "100000s",
            "skip_initial_version_creation": false,
            "timeouts": null,
            "version_template": [
              {
                "algorithm": "GOOGLE_SYMMETRIC_ENCRYPTION",
                "protection_level": "SOFTWARE"
              }
            ]
          },
          "sensitive_attributes": [],
          "private": "eyJlMmJmYjczMC1lY2FhLTExZTYtOGY4OC0zNDM2M2JjN2M0YzAiOnsiY3JlYXRlIjoxMjAwMDAwMDAwMDAwLCJkZWxldGUiOjEyMDAwMDAwMDAwMDAsInVwZGF0ZSI6MTIwMDAwMDAwMDAwMH0sInNjaGVtYV92ZXJzaW9uIjoiMSJ9",
          "dependencies": [
            "module.wandb.module.kms.google_kms_key_ring.default",
            "module.wandb.module.kms.random_pet.key_ring"
          ]
        }
      ]
    },
    {
      "module": "module.wandb.module.kms[0]",
      "mode": "managed",
      "type": "google_kms_crypto_key_iam_member",
      "name": "pubsub_service_access",
      "provider": "provider[\"registry.terraform.io/hashicorp/google\"]",
      "instances": [
        {
          "schema_version": 0,
          "attributes": {
            "condition": [],
            "crypto_key_id": "projects/playground-111/locations/global/keyRings/abe-andb-classic-mongoose/cryptoKeys/abe-andb-key",
            "etag": "BwYdYFVdzaE=",
            "id": "projects/playground-111/locations/global/keyRings/abe-andb-classic-mongoose/cryptoKeys/abe-andb-key/roles/cloudkms.cryptoKeyEncrypterDecrypter/serviceAccount:service-27586067691@gcp-sa-pubsub.iam.gserviceaccount.com",
            "member": "serviceAccount:service-27586067691@gcp-sa-pubsub.iam.gserviceaccount.com",
            "role": "roles/cloudkms.cryptoKeyEncrypterDecrypter"
          },
          "sensitive_attributes": [],
          "private": "bnVsbA==",
          "dependencies": [
            "module.wandb.module.kms.data.google_project.project",
            "module.wandb.module.kms.google_kms_crypto_key.default",
            "module.wandb.module.kms.google_kms_key_ring.default",
            "module.wandb.module.kms.google_project_service_identity.pubsub",
            "module.wandb.module.kms.random_pet.key_ring"
          ]
        }
      ]
    },
    {
      "module": "module.wandb.module.kms[0]",
      "mode": "managed",
      "type": "google_kms_crypto_key_iam_member",
      "name": "storage_service_access",
      "provider": "provider[\"registry.terraform.io/hashicorp/google\"]",
      "instances": [
        {
          "schema_version": 0,
          "attributes": {
            "condition": [],
            "crypto_key_id": "projects/playground-111/locations/global/keyRings/abe-andb-classic-mongoose/cryptoKeys/abe-andb-key",
            "etag": "BwYdYFVdzaE=",
            "id": "projects/playground-111/locations/global/keyRings/abe-andb-classic-mongoose/cryptoKeys/abe-andb-key/roles/cloudkms.cryptoKeyEncrypterDecrypter/serviceAccount:service-27586067691@gs-project-accounts.iam.gserviceaccount.com",
            "member": "serviceAccount:service-27586067691@gs-project-accounts.iam.gserviceaccount.com",
            "role": "roles/cloudkms.cryptoKeyEncrypterDecrypter"
          },
          "sensitive_attributes": [],
          "private": "bnVsbA==",
          "dependencies": [
            "module.wandb.module.kms.data.google_storage_project_service_account.default",
            "module.wandb.module.kms.google_kms_crypto_key.default",
            "module.wandb.module.kms.google_kms_key_ring.default",
            "module.wandb.module.kms.random_pet.key_ring"
          ]
        }
      ]
    },
    {
      "module": "module.wandb.module.kms[0]",
      "mode": "managed",
      "type": "google_kms_key_ring",
      "name": "default",
      "provider": "provider[\"registry.terraform.io/hashicorp/google\"]",
      "instances": [
        {
          "schema_version": 0,
          "attributes": {
            "id": "projects/playground-111/locations/global/keyRings/abe-andb-classic-mongoose",
            "location": "global",
            "name": "abe-andb-classic-mongoose",
            "project": "playground-111",
            "timeouts": null
          },
          "sensitive_attributes": [],
          "private": "eyJlMmJmYjczMC1lY2FhLTExZTYtOGY4OC0zNDM2M2JjN2M0YzAiOnsiY3JlYXRlIjoxMjAwMDAwMDAwMDAwLCJkZWxldGUiOjEyMDAwMDAwMDAwMDB9fQ==",
          "dependencies": [
            "module.wandb.module.kms.random_pet.key_ring"
          ]
        }
      ]
    },
    {
      "module": "module.wandb.module.kms[0]",
      "mode": "managed",
      "type": "google_project_service_identity",
      "name": "pubsub",
      "provider": "provider[\"registry.terraform.io/hashicorp/google-beta\"]",
      "instances": [
        {
          "schema_version": 0,
          "attributes": {
            "email": "service-27586067691@gcp-sa-pubsub.iam.gserviceaccount.com",
            "id": "projects/playground-111/services/pubsub.googleapis.com",
            "project": "playground-111",
            "service": "pubsub.googleapis.com",
            "timeouts": null
          },
          "sensitive_attributes": [],
          "private": "eyJlMmJmYjczMC1lY2FhLTExZTYtOGY4OC0zNDM2M2JjN2M0YzAiOnsiY3JlYXRlIjoxMjAwMDAwMDAwMDAwLCJkZWxldGUiOjEyMDAwMDAwMDAwMDAsInJlYWQiOjYwMDAwMDAwMDAwMH19",
          "dependencies": [
            "module.wandb.module.kms.data.google_project.project"
          ]
        }
      ]
    },
    {
      "module": "module.wandb.module.kms[0]",
      "mode": "managed",
      "type": "random_pet",
      "name": "key_ring",
      "provider": "provider[\"registry.terraform.io/hashicorp/random\"]",
      "instances": [
        {
          "schema_version": 0,
          "attributes": {
            "id": "classic-mongoose",
            "keepers": {},
            "length": 2,
            "prefix": null,
            "separator": "-"
          },
          "sensitive_attributes": []
        }
      ]
    },
    {
      "module": "module.wandb.module.networking[0]",
      "mode": "managed",
      "type": "google_compute_global_address",
      "name": "private_ip_address",
      "provider": "provider[\"registry.terraform.io/hashicorp/google\"]",
      "instances": [
        {
          "schema_version": 0,
          "attributes": {
            "address": "10.38.0.0",
            "address_type": "INTERNAL",
            "creation_timestamp": "2024-07-16T10:04:18.686-07:00",
            "description": "",
            "id": "projects/playground-111/global/addresses/abe-andb-private-ip-address",
            "ip_version": "",
            "name": "abe-andb-private-ip-address",
            "network": "https://www.googleapis.com/compute/v1/projects/playground-111/global/networks/abe-andb-vpc",
            "prefix_length": 16,
            "project": "playground-111",
            "purpose": "VPC_PEERING",
            "self_link": "https://www.googleapis.com/compute/v1/projects/playground-111/global/addresses/abe-andb-private-ip-address",
            "timeouts": null
          },
          "sensitive_attributes": [],
          "private": "eyJlMmJmYjczMC1lY2FhLTExZTYtOGY4OC0zNDM2M2JjN2M0YzAiOnsiY3JlYXRlIjoxMjAwMDAwMDAwMDAwLCJkZWxldGUiOjEyMDAwMDAwMDAwMDB9fQ==",
          "dependencies": [
            "module.wandb.module.networking.google_compute_network.vpc",
            "module.wandb.module.project_factory_project_services.data.google_compute_default_service_account.default",
            "module.wandb.module.project_factory_project_services.google_project_iam_member.project_service_identity_roles",
            "module.wandb.module.project_factory_project_services.google_project_service.project_services",
            "module.wandb.module.project_factory_project_services.google_project_service_identity.project_service_identities"
          ]
        }
      ]
    },
    {
      "module": "module.wandb.module.networking[0]",
      "mode": "managed",
      "type": "google_compute_network",
      "name": "vpc",
      "provider": "provider[\"registry.terraform.io/hashicorp/google\"]",
      "instances": [
        {
          "schema_version": 0,
          "attributes": {
            "auto_create_subnetworks": false,
            "delete_default_routes_on_create": false,
            "description": "Weights \u0026 Biases VPC Network",
            "enable_ula_internal_ipv6": false,
            "gateway_ipv4": "",
            "id": "projects/playground-111/global/networks/abe-andb-vpc",
            "internal_ipv6_range": "",
            "mtu": 0,
            "name": "abe-andb-vpc",
            "network_firewall_policy_enforcement_order": "AFTER_CLASSIC_FIREWALL",
            "project": "playground-111",
            "routing_mode": "REGIONAL",
            "self_link": "https://www.googleapis.com/compute/v1/projects/playground-111/global/networks/abe-andb-vpc",
            "timeouts": null
          },
          "sensitive_attributes": [],
          "private": "eyJlMmJmYjczMC1lY2FhLTExZTYtOGY4OC0zNDM2M2JjN2M0YzAiOnsiY3JlYXRlIjoxMjAwMDAwMDAwMDAwLCJkZWxldGUiOjEyMDAwMDAwMDAwMDAsInVwZGF0ZSI6MTIwMDAwMDAwMDAwMH19",
          "dependencies": [
            "module.wandb.module.project_factory_project_services.data.google_compute_default_service_account.default",
            "module.wandb.module.project_factory_project_services.google_project_iam_member.project_service_identity_roles",
            "module.wandb.module.project_factory_project_services.google_project_service.project_services",
            "module.wandb.module.project_factory_project_services.google_project_service_identity.project_service_identities"
          ],
          "create_before_destroy": true
        }
      ]
    },
    {
      "module": "module.wandb.module.networking[0]",
      "mode": "managed",
      "type": "google_compute_subnetwork",
      "name": "default",
      "provider": "provider[\"registry.terraform.io/hashicorp/google\"]",
      "instances": [
        {
          "schema_version": 0,
          "attributes": {
            "creation_timestamp": "2024-07-16T10:04:18.861-07:00",
            "description": "",
            "external_ipv6_prefix": "",
            "fingerprint": null,
            "gateway_address": "10.10.0.1",
            "id": "projects/playground-111/regions/us-central1/subnetworks/abe-andb-subnet",
            "internal_ipv6_prefix": "",
            "ip_cidr_range": "10.10.0.0/16",
            "ipv6_access_type": "",
            "ipv6_cidr_range": "",
            "log_config": [
              {
                "aggregation_interval": "INTERVAL_10_MIN",
                "filter_expr": "true",
                "flow_sampling": 0.5,
                "metadata": "INCLUDE_ALL_METADATA",
                "metadata_fields": []
              }
            ],
            "name": "abe-andb-subnet",
            "network": "https://www.googleapis.com/compute/v1/projects/playground-111/global/networks/abe-andb-vpc",
            "private_ip_google_access": true,
            "private_ipv6_google_access": "DISABLE_GOOGLE_ACCESS",
            "project": "playground-111",
            "purpose": "PRIVATE",
            "region": "us-central1",
            "role": "",
            "secondary_ip_range": [
              {
                "ip_cidr_range": "10.0.0.0/14",
                "range_name": "gke-abe-andb-cluster-pods-73dc35d6"
              },
              {
                "ip_cidr_range": "10.254.32.0/19",
                "range_name": "gke-abe-andb-cluster-services-73dc35d6"
              }
            ],
            "self_link": "https://www.googleapis.com/compute/v1/projects/playground-111/regions/us-central1/subnetworks/abe-andb-subnet",
            "stack_type": "IPV4_ONLY",
            "timeouts": null
          },
          "sensitive_attributes": [],
          "private": "eyJlMmJmYjczMC1lY2FhLTExZTYtOGY4OC0zNDM2M2JjN2M0YzAiOnsiY3JlYXRlIjoxMjAwMDAwMDAwMDAwLCJkZWxldGUiOjEyMDAwMDAwMDAwMDAsInVwZGF0ZSI6MTIwMDAwMDAwMDAwMH19",
          "dependencies": [
            "module.wandb.module.networking.google_compute_network.vpc",
            "module.wandb.module.project_factory_project_services.data.google_compute_default_service_account.default",
            "module.wandb.module.project_factory_project_services.google_project_iam_member.project_service_identity_roles",
            "module.wandb.module.project_factory_project_services.google_project_service.project_services",
            "module.wandb.module.project_factory_project_services.google_project_service_identity.project_service_identities"
          ],
          "create_before_destroy": true
        }
      ]
    },
    {
      "module": "module.wandb.module.networking[0]",
      "mode": "managed",
      "type": "google_service_networking_connection",
      "name": "default",
      "provider": "provider[\"registry.terraform.io/hashicorp/google\"]",
      "instances": [
        {
          "schema_version": 0,
          "attributes": {
            "id": "projects%2Fplayground-111%2Fglobal%2Fnetworks%2Fabe-andb-vpc:servicenetworking.googleapis.com",
            "network": "projects/playground-111/global/networks/abe-andb-vpc",
            "peering": "servicenetworking-googleapis-com",
            "reserved_peering_ranges": [
              "abe-andb-private-ip-address"
            ],
            "service": "servicenetworking.googleapis.com",
            "timeouts": null
          },
          "sensitive_attributes": [],
          "private": "eyJlMmJmYjczMC1lY2FhLTExZTYtOGY4OC0zNDM2M2JjN2M0YzAiOnsiY3JlYXRlIjo2MDAwMDAwMDAwMDAsImRlbGV0ZSI6NjAwMDAwMDAwMDAwLCJ1cGRhdGUiOjYwMDAwMDAwMDAwMH19",
          "dependencies": [
            "module.wandb.module.networking.google_compute_global_address.private_ip_address",
            "module.wandb.module.networking.google_compute_network.vpc",
            "module.wandb.module.project_factory_project_services.data.google_compute_default_service_account.default",
            "module.wandb.module.project_factory_project_services.google_project_iam_member.project_service_identity_roles",
            "module.wandb.module.project_factory_project_services.google_project_service.project_services",
            "module.wandb.module.project_factory_project_services.google_project_service_identity.project_service_identities"
          ]
        }
      ]
    },
    {
      "module": "module.wandb.module.project_factory_project_services",
      "mode": "managed",
      "type": "google_project_service",
      "name": "project_services",
      "provider": "provider[\"registry.terraform.io/hashicorp/google\"]",
      "instances": [
        {
          "index_key": "cloudasset.googleapis.com",
          "schema_version": 0,
          "attributes": {
            "disable_dependent_services": false,
            "disable_on_destroy": false,
            "id": "playground-111/cloudasset.googleapis.com",
            "project": "playground-111",
            "service": "cloudasset.googleapis.com",
            "timeouts": null
          },
          "sensitive_attributes": [],
          "private": "eyJlMmJmYjczMC1lY2FhLTExZTYtOGY4OC0zNDM2M2JjN2M0YzAiOnsiY3JlYXRlIjoxMjAwMDAwMDAwMDAwLCJkZWxldGUiOjEyMDAwMDAwMDAwMDAsInJlYWQiOjYwMDAwMDAwMDAwMCwidXBkYXRlIjoxMjAwMDAwMDAwMDAwfX0=",
          "create_before_destroy": true
        },
        {
          "index_key": "cloudkms.googleapis.com",
          "schema_version": 0,
          "attributes": {
            "disable_dependent_services": false,
            "disable_on_destroy": false,
            "id": "playground-111/cloudkms.googleapis.com",
            "project": "playground-111",
            "service": "cloudkms.googleapis.com",
            "timeouts": null
          },
          "sensitive_attributes": [],
          "private": "eyJlMmJmYjczMC1lY2FhLTExZTYtOGY4OC0zNDM2M2JjN2M0YzAiOnsiY3JlYXRlIjoxMjAwMDAwMDAwMDAwLCJkZWxldGUiOjEyMDAwMDAwMDAwMDAsInJlYWQiOjYwMDAwMDAwMDAwMCwidXBkYXRlIjoxMjAwMDAwMDAwMDAwfX0=",
          "create_before_destroy": true
        },
        {
          "index_key": "compute.googleapis.com",
          "schema_version": 0,
          "attributes": {
            "disable_dependent_services": false,
            "disable_on_destroy": false,
            "id": "playground-111/compute.googleapis.com",
            "project": "playground-111",
            "service": "compute.googleapis.com",
            "timeouts": null
          },
          "sensitive_attributes": [],
          "private": "eyJlMmJmYjczMC1lY2FhLTExZTYtOGY4OC0zNDM2M2JjN2M0YzAiOnsiY3JlYXRlIjoxMjAwMDAwMDAwMDAwLCJkZWxldGUiOjEyMDAwMDAwMDAwMDAsInJlYWQiOjYwMDAwMDAwMDAwMCwidXBkYXRlIjoxMjAwMDAwMDAwMDAwfX0=",
          "create_before_destroy": true
        },
        {
          "index_key": "iam.googleapis.com",
          "schema_version": 0,
          "attributes": {
            "disable_dependent_services": false,
            "disable_on_destroy": false,
            "id": "playground-111/iam.googleapis.com",
            "project": "playground-111",
            "service": "iam.googleapis.com",
            "timeouts": null
          },
          "sensitive_attributes": [],
          "private": "eyJlMmJmYjczMC1lY2FhLTExZTYtOGY4OC0zNDM2M2JjN2M0YzAiOnsiY3JlYXRlIjoxMjAwMDAwMDAwMDAwLCJkZWxldGUiOjEyMDAwMDAwMDAwMDAsInJlYWQiOjYwMDAwMDAwMDAwMCwidXBkYXRlIjoxMjAwMDAwMDAwMDAwfX0=",
          "create_before_destroy": true
        },
        {
          "index_key": "logging.googleapis.com",
          "schema_version": 0,
          "attributes": {
            "disable_dependent_services": false,
            "disable_on_destroy": false,
            "id": "playground-111/logging.googleapis.com",
            "project": "playground-111",
            "service": "logging.googleapis.com",
            "timeouts": null
          },
          "sensitive_attributes": [],
          "private": "eyJlMmJmYjczMC1lY2FhLTExZTYtOGY4OC0zNDM2M2JjN2M0YzAiOnsiY3JlYXRlIjoxMjAwMDAwMDAwMDAwLCJkZWxldGUiOjEyMDAwMDAwMDAwMDAsInJlYWQiOjYwMDAwMDAwMDAwMCwidXBkYXRlIjoxMjAwMDAwMDAwMDAwfX0=",
          "create_before_destroy": true
        },
        {
          "index_key": "networkmanagement.googleapis.com",
          "schema_version": 0,
          "attributes": {
            "disable_dependent_services": false,
            "disable_on_destroy": false,
            "id": "playground-111/networkmanagement.googleapis.com",
            "project": "playground-111",
            "service": "networkmanagement.googleapis.com",
            "timeouts": null
          },
          "sensitive_attributes": [],
          "private": "eyJlMmJmYjczMC1lY2FhLTExZTYtOGY4OC0zNDM2M2JjN2M0YzAiOnsiY3JlYXRlIjoxMjAwMDAwMDAwMDAwLCJkZWxldGUiOjEyMDAwMDAwMDAwMDAsInJlYWQiOjYwMDAwMDAwMDAwMCwidXBkYXRlIjoxMjAwMDAwMDAwMDAwfX0=",
          "create_before_destroy": true
        },
        {
          "index_key": "pubsub.googleapis.com",
          "schema_version": 0,
          "attributes": {
            "disable_dependent_services": false,
            "disable_on_destroy": false,
            "id": "playground-111/pubsub.googleapis.com",
            "project": "playground-111",
            "service": "pubsub.googleapis.com",
            "timeouts": null
          },
          "sensitive_attributes": [],
          "private": "eyJlMmJmYjczMC1lY2FhLTExZTYtOGY4OC0zNDM2M2JjN2M0YzAiOnsiY3JlYXRlIjoxMjAwMDAwMDAwMDAwLCJkZWxldGUiOjEyMDAwMDAwMDAwMDAsInJlYWQiOjYwMDAwMDAwMDAwMCwidXBkYXRlIjoxMjAwMDAwMDAwMDAwfX0=",
          "create_before_destroy": true
        },
        {
          "index_key": "redis.googleapis.com",
          "schema_version": 0,
          "attributes": {
            "disable_dependent_services": false,
            "disable_on_destroy": false,
            "id": "playground-111/redis.googleapis.com",
            "project": "playground-111",
            "service": "redis.googleapis.com",
            "timeouts": null
          },
          "sensitive_attributes": [],
          "private": "eyJlMmJmYjczMC1lY2FhLTExZTYtOGY4OC0zNDM2M2JjN2M0YzAiOnsiY3JlYXRlIjoxMjAwMDAwMDAwMDAwLCJkZWxldGUiOjEyMDAwMDAwMDAwMDAsInJlYWQiOjYwMDAwMDAwMDAwMCwidXBkYXRlIjoxMjAwMDAwMDAwMDAwfX0=",
          "create_before_destroy": true
        },
        {
          "index_key": "secretmanager.googleapis.com",
          "schema_version": 0,
          "attributes": {
            "disable_dependent_services": false,
            "disable_on_destroy": false,
            "id": "playground-111/secretmanager.googleapis.com",
            "project": "playground-111",
            "service": "secretmanager.googleapis.com",
            "timeouts": null
          },
          "sensitive_attributes": [],
          "private": "eyJlMmJmYjczMC1lY2FhLTExZTYtOGY4OC0zNDM2M2JjN2M0YzAiOnsiY3JlYXRlIjoxMjAwMDAwMDAwMDAwLCJkZWxldGUiOjEyMDAwMDAwMDAwMDAsInJlYWQiOjYwMDAwMDAwMDAwMCwidXBkYXRlIjoxMjAwMDAwMDAwMDAwfX0=",
          "create_before_destroy": true
        },
        {
          "index_key": "servicenetworking.googleapis.com",
          "schema_version": 0,
          "attributes": {
            "disable_dependent_services": false,
            "disable_on_destroy": false,
            "id": "playground-111/servicenetworking.googleapis.com",
            "project": "playground-111",
            "service": "servicenetworking.googleapis.com",
            "timeouts": null
          },
          "sensitive_attributes": [],
          "private": "eyJlMmJmYjczMC1lY2FhLTExZTYtOGY4OC0zNDM2M2JjN2M0YzAiOnsiY3JlYXRlIjoxMjAwMDAwMDAwMDAwLCJkZWxldGUiOjEyMDAwMDAwMDAwMDAsInJlYWQiOjYwMDAwMDAwMDAwMCwidXBkYXRlIjoxMjAwMDAwMDAwMDAwfX0=",
          "create_before_destroy": true
        },
        {
          "index_key": "sqladmin.googleapis.com",
          "schema_version": 0,
          "attributes": {
            "disable_dependent_services": false,
            "disable_on_destroy": false,
            "id": "playground-111/sqladmin.googleapis.com",
            "project": "playground-111",
            "service": "sqladmin.googleapis.com",
            "timeouts": null
          },
          "sensitive_attributes": [],
          "private": "eyJlMmJmYjczMC1lY2FhLTExZTYtOGY4OC0zNDM2M2JjN2M0YzAiOnsiY3JlYXRlIjoxMjAwMDAwMDAwMDAwLCJkZWxldGUiOjEyMDAwMDAwMDAwMDAsInJlYWQiOjYwMDAwMDAwMDAwMCwidXBkYXRlIjoxMjAwMDAwMDAwMDAwfX0=",
          "create_before_destroy": true
        },
        {
          "index_key": "storage.googleapis.com",
          "schema_version": 0,
          "attributes": {
            "disable_dependent_services": false,
            "disable_on_destroy": false,
            "id": "playground-111/storage.googleapis.com",
            "project": "playground-111",
            "service": "storage.googleapis.com",
            "timeouts": null
          },
          "sensitive_attributes": [],
          "private": "eyJlMmJmYjczMC1lY2FhLTExZTYtOGY4OC0zNDM2M2JjN2M0YzAiOnsiY3JlYXRlIjoxMjAwMDAwMDAwMDAwLCJkZWxldGUiOjEyMDAwMDAwMDAwMDAsInJlYWQiOjYwMDAwMDAwMDAwMCwidXBkYXRlIjoxMjAwMDAwMDAwMDAwfX0=",
          "create_before_destroy": true
        }
      ]
    },
    {
      "module": "module.wandb.module.redis[0]",
      "mode": "data",
      "type": "google_compute_zones",
      "name": "available",
      "provider": "provider[\"registry.terraform.io/hashicorp/google\"]",
      "instances": [
        {
          "schema_version": 0,
          "attributes": {
            "id": "projects/playground-111/regions/us-central1",
            "names": [
              "us-central1-a",
              "us-central1-b",
              "us-central1-c",
              "us-central1-f"
            ],
            "project": "playground-111",
            "region": "us-central1",
            "status": null
          },
          "sensitive_attributes": []
        }
      ]
    },
    {
      "module": "module.wandb.module.redis[0]",
      "mode": "managed",
      "type": "google_redis_instance",
      "name": "default",
      "provider": "provider[\"registry.terraform.io/hashicorp/google\"]",
      "instances": [
        {
          "schema_version": 0,
          "attributes": {
            "alternative_location_id": "us-central1-b",
            "auth_enabled": true,
            "auth_string": "179ad3e1-bb6b-4c19-8004-c95c794c0697",
            "authorized_network": "projects/playground-111/global/networks/abe-andb-vpc",
            "connect_mode": "DIRECT_PEERING",
            "create_time": "2024-07-16T17:04:18.946017901Z",
            "current_location_id": "us-central1-a",
            "customer_managed_key": "",
            "display_name": "abe-andb W\u0026B Instance",
            "host": "10.30.0.4",
            "id": "projects/playground-111/locations/us-central1/instances/abe-andb-redis",
            "labels": {},
            "location_id": "us-central1-a",
            "maintenance_policy": [],
            "maintenance_schedule": [],
            "memory_size_gb": 6,
            "name": "abe-andb-redis",
            "nodes": [
              {
                "id": "node-0",
                "zone": "us-central1-a"
              },
              {
                "id": "node-1",
                "zone": "us-central1-b"
              }
            ],
            "persistence_config": [
              {
                "persistence_mode": "DISABLED",
                "rdb_next_snapshot_time": "",
                "rdb_snapshot_period": "",
                "rdb_snapshot_start_time": ""
              }
            ],
            "persistence_iam_identity": "serviceAccount:service-27586067691@cloud-redis.iam.gserviceaccount.com",
            "port": 6378,
            "project": "playground-111",
            "read_endpoint": "",
            "read_endpoint_port": 0,
            "read_replicas_mode": "READ_REPLICAS_DISABLED",
            "redis_configs": {},
            "redis_version": "REDIS_6_X",
            "region": "us-central1",
            "replica_count": 1,
            "reserved_ip_range": "10.30.0.0/16",
            "secondary_ip_range": "",
            "server_ca_certs": [
              {
                "cert": "-----BEGIN CERTIFICATE-----\nMIIDnTCCAoWgAwIBAgIBADANBgkqhkiG9w0BAQsFADCBhTEtMCsGA1UELhMkZDdm\nZGIzN2ItMzhkZC00NTM1LTgxNWUtZTk1ZGNhMmExMjFlMTEwLwYDVQQDEyhHb29n\nbGUgQ2xvdWQgTWVtb3J5c3RvcmUgUmVkaXMgU2VydmVyIENBMRQwEgYDVQQKEwtH\nb29nbGUsIEluYzELMAkGA1UEBhMCVVMwHhcNMjQwNzE2MTcwMzI3WhcNMzQwNzE0\nMTcwNDI3WjCBhTEtMCsGA1UELhMkZDdmZGIzN2ItMzhkZC00NTM1LTgxNWUtZTk1\nZGNhMmExMjFlMTEwLwYDVQQDEyhHb29nbGUgQ2xvdWQgTWVtb3J5c3RvcmUgUmVk\naXMgU2VydmVyIENBMRQwEgYDVQQKEwtHb29nbGUsIEluYzELMAkGA1UEBhMCVVMw\nggEiMA0GCSqGSIb3DQEBAQUAA4IBDwAwggEKAoIBAQCiDUl12rpvZLRGoA45V15t\nkc+sSjLDlfoc9dhMz6qQgMhCyjDwt2uEnmiGPkUCN+1Fm0zfDBkdKvZfEWVH/9IA\n15jjNNcwLhZcsyL5inZ4GDceEwX/QEg8QrIsPlgNzwjXO1tykbtp72A58zaYK7Lq\ntLbO4pP/vw+3WXZg51bAgyfZL+iW6lytOWdSWLD02uEOTcA38xzaPcAfFNexvo+1\n2A46mNuCAoGLAbQlQagQiSMGZPG15wa7K5ViQf73UTRGNJjB6OOwuip44kKHky4k\nMqduDmcnMg614D/tL4t8kflYr5OR5oeE0DFKV2fUYBTZ/18TtZz174ZUB+Gn4K8n\nAgMBAAGjFjAUMBIGA1UdEwEB/wQIMAYBAf8CAQAwDQYJKoZIhvcNAQELBQADggEB\nAH2lPJrVBqti/1Ff4yWCilbOAdHjAfIojf3G5CSKurSEw/m8NUVJa/2lY15B5Usr\nPHZO03qxAyqHS7+ojSfRRvZPs9F4yqVuoiFOirhz6zMb0alvT1NTGaXWVw5zsUJl\nV8i7HVOSK0uaGiEFd6j5IvZ6SNsd9YsuWStBRRol7L1HxoAyBB+Oo2G973+ZuMlE\n6kWwWnRIZXt2FW0GMgB74yp2MQnkZDEPJyZqy/BSrOVvN/i7FBt8r9wyIMQu9lra\nd4H+q5NLDRVqtuj8e52wIjf7wK9p0upNzcr+KusuaBmk6DMefivyuBjXarEIrqUL\nxBSPLVgMO73PI+Hc7PfI2a8=\n-----END CERTIFICATE-----",
                "create_time": "2024-07-16T17:04:27.694811Z",
                "expire_time": "2034-07-14T17:04:27.485Z",
                "serial_number": "0",
                "sha1_fingerprint": "275b9f9fbed05f7297d7ba6a81d01feed180bddb"
              }
            ],
            "tier": "STANDARD_HA",
            "timeouts": null,
            "transit_encryption_mode": "SERVER_AUTHENTICATION"
          },
          "sensitive_attributes": [],
          "private": "eyJlMmJmYjczMC1lY2FhLTExZTYtOGY4OC0zNDM2M2JjN2M0YzAiOnsiY3JlYXRlIjoxMjAwMDAwMDAwMDAwLCJkZWxldGUiOjEyMDAwMDAwMDAwMDAsInVwZGF0ZSI6MTIwMDAwMDAwMDAwMH19",
          "dependencies": [
            "module.wandb.module.networking.google_compute_network.vpc",
            "module.wandb.module.project_factory_project_services.data.google_compute_default_service_account.default",
            "module.wandb.module.project_factory_project_services.google_project_iam_member.project_service_identity_roles",
            "module.wandb.module.project_factory_project_services.google_project_service.project_services",
            "module.wandb.module.project_factory_project_services.google_project_service_identity.project_service_identities",
            "module.wandb.module.redis.data.google_compute_zones.available"
          ]
        }
      ]
    },
    {
      "module": "module.wandb.module.service_accounts",
      "mode": "data",
      "type": "google_client_config",
      "name": "current",
      "provider": "provider[\"registry.terraform.io/hashicorp/google\"]",
      "instances": [
        {
          "schema_version": 0,
          "attributes": {
            "access_token": "ya29.a0AXooCgsiL8OqgymgFwhD65trFohCzId2cEbZN5fBpFe68ddMSWmRd9gcXDg5gDiVumbSzK2cRxLLWTLzl83td0nNR8zgx_Vw0fAmyw-O_T6QbnWRricL-X4UXyHbxcWkBlV6ETaG4aKClGMGskA7GoOqRg_ky9DKuuCLhwaCgYKASsSARASFQHGX2MiA-xmJZQrI9aG_ITV8u3PZQ0173",
            "id": "projects/\"playground-111\"/regions/\"us-central1\"/zones/\"us-central1-c\"",
            "project": "playground-111",
            "region": "us-central1",
            "zone": "us-central1-c"
          },
          "sensitive_attributes": []
        }
      ]
    },
    {
      "module": "module.wandb.module.service_accounts",
      "mode": "managed",
      "type": "google_project_iam_member",
      "name": "cloudsql_client",
      "provider": "provider[\"registry.terraform.io/hashicorp/google\"]",
      "instances": [
        {
          "schema_version": 0,
          "attributes": {
            "condition": [],
            "etag": "BwYdYFVrPYA=",
            "id": "playground-111/roles/cloudsql.client/serviceAccount:abe-andb-sa-136616973301486430@playground-111.iam.gserviceaccount.com",
            "member": "serviceAccount:abe-andb-sa-136616973301486430@playground-111.iam.gserviceaccount.com",
            "project": "playground-111",
            "role": "roles/cloudsql.client"
          },
          "sensitive_attributes": [],
          "private": "bnVsbA==",
          "dependencies": [
            "module.wandb.module.project_factory_project_services.data.google_compute_default_service_account.default",
            "module.wandb.module.project_factory_project_services.google_project_iam_member.project_service_identity_roles",
            "module.wandb.module.project_factory_project_services.google_project_service.project_services",
            "module.wandb.module.project_factory_project_services.google_project_service_identity.project_service_identities",
            "module.wandb.module.service_accounts.data.google_client_config.current",
            "module.wandb.module.service_accounts.google_service_account.main",
            "module.wandb.module.service_accounts.random_id.main"
          ]
        }
      ]
    },
    {
      "module": "module.wandb.module.service_accounts",
      "mode": "managed",
      "type": "google_project_iam_member",
      "name": "log_writer",
      "provider": "provider[\"registry.terraform.io/hashicorp/google\"]",
      "instances": [
        {
          "schema_version": 0,
          "attributes": {
            "condition": [],
            "etag": "BwYdYFVrPYA=",
            "id": "playground-111/roles/logging.logWriter/serviceAccount:abe-andb-sa-136616973301486430@playground-111.iam.gserviceaccount.com",
            "member": "serviceAccount:abe-andb-sa-136616973301486430@playground-111.iam.gserviceaccount.com",
            "project": "playground-111",
            "role": "roles/logging.logWriter"
          },
          "sensitive_attributes": [],
          "private": "bnVsbA==",
          "dependencies": [
            "module.wandb.module.project_factory_project_services.data.google_compute_default_service_account.default",
            "module.wandb.module.project_factory_project_services.google_project_iam_member.project_service_identity_roles",
            "module.wandb.module.project_factory_project_services.google_project_service.project_services",
            "module.wandb.module.project_factory_project_services.google_project_service_identity.project_service_identities",
            "module.wandb.module.service_accounts.data.google_client_config.current",
            "module.wandb.module.service_accounts.google_service_account.main",
            "module.wandb.module.service_accounts.random_id.main"
          ]
        }
      ]
    },
    {
      "module": "module.wandb.module.service_accounts",
      "mode": "managed",
      "type": "google_project_iam_member",
      "name": "secretmanager_admin",
      "provider": "provider[\"registry.terraform.io/hashicorp/google\"]",
      "instances": [
        {
          "schema_version": 0,
          "attributes": {
            "condition": [],
            "etag": "BwYdYFVrPYA=",
            "id": "playground-111/roles/secretmanager.admin/serviceAccount:abe-andb-sa-136616973301486430@playground-111.iam.gserviceaccount.com",
            "member": "serviceAccount:abe-andb-sa-136616973301486430@playground-111.iam.gserviceaccount.com",
            "project": "playground-111",
            "role": "roles/secretmanager.admin"
          },
          "sensitive_attributes": [],
          "private": "bnVsbA==",
          "dependencies": [
            "module.wandb.module.project_factory_project_services.data.google_compute_default_service_account.default",
            "module.wandb.module.project_factory_project_services.google_project_iam_member.project_service_identity_roles",
            "module.wandb.module.project_factory_project_services.google_project_service.project_services",
            "module.wandb.module.project_factory_project_services.google_project_service_identity.project_service_identities",
            "module.wandb.module.service_accounts.data.google_client_config.current",
            "module.wandb.module.service_accounts.google_service_account.main",
            "module.wandb.module.service_accounts.random_id.main"
          ]
        }
      ]
    },
    {
      "module": "module.wandb.module.service_accounts",
      "mode": "managed",
      "type": "google_service_account",
      "name": "main",
      "provider": "provider[\"registry.terraform.io/hashicorp/google\"]",
      "instances": [
        {
          "schema_version": 0,
          "attributes": {
            "account_id": "abe-andb-sa-136616973301486430",
            "description": "Service Account used by Weights \u0026 Biases.",
            "disabled": false,
            "display_name": "Weights \u0026 Biases",
            "email": "abe-andb-sa-136616973301486430@playground-111.iam.gserviceaccount.com",
            "id": "projects/playground-111/serviceAccounts/abe-andb-sa-136616973301486430@playground-111.iam.gserviceaccount.com",
            "member": "serviceAccount:abe-andb-sa-136616973301486430@playground-111.iam.gserviceaccount.com",
            "name": "projects/playground-111/serviceAccounts/abe-andb-sa-136616973301486430@playground-111.iam.gserviceaccount.com",
            "project": "playground-111",
            "timeouts": null,
            "unique_id": "116791119778917754452"
          },
          "sensitive_attributes": [],
          "private": "eyJlMmJmYjczMC1lY2FhLTExZTYtOGY4OC0zNDM2M2JjN2M0YzAiOnsiY3JlYXRlIjozMDAwMDAwMDAwMDB9fQ==",
          "dependencies": [
            "module.wandb.module.project_factory_project_services.data.google_compute_default_service_account.default",
            "module.wandb.module.project_factory_project_services.google_project_iam_member.project_service_identity_roles",
            "module.wandb.module.project_factory_project_services.google_project_service.project_services",
            "module.wandb.module.project_factory_project_services.google_project_service_identity.project_service_identities",
            "module.wandb.module.service_accounts.random_id.main"
          ],
          "create_before_destroy": true
        }
      ]
    },
    {
      "module": "module.wandb.module.service_accounts",
      "mode": "managed",
      "type": "google_service_account_iam_member",
      "name": "token_creator",
      "provider": "provider[\"registry.terraform.io/hashicorp/google\"]",
      "instances": [
        {
          "schema_version": 0,
          "attributes": {
            "condition": [],
            "etag": "BwYdYFUvQVI=",
            "id": "projects/playground-111/serviceAccounts/abe-andb-sa-136616973301486430@playground-111.iam.gserviceaccount.com/roles/iam.serviceAccountTokenCreator/serviceAccount:abe-andb-sa-136616973301486430@playground-111.iam.gserviceaccount.com",
            "member": "serviceAccount:abe-andb-sa-136616973301486430@playground-111.iam.gserviceaccount.com",
            "role": "roles/iam.serviceAccountTokenCreator",
            "service_account_id": "projects/playground-111/serviceAccounts/abe-andb-sa-136616973301486430@playground-111.iam.gserviceaccount.com"
          },
          "sensitive_attributes": [],
          "private": "bnVsbA==",
          "dependencies": [
            "module.wandb.module.project_factory_project_services.data.google_compute_default_service_account.default",
            "module.wandb.module.project_factory_project_services.google_project_iam_member.project_service_identity_roles",
            "module.wandb.module.project_factory_project_services.google_project_service.project_services",
            "module.wandb.module.project_factory_project_services.google_project_service_identity.project_service_identities",
            "module.wandb.module.service_accounts.google_service_account.main",
            "module.wandb.module.service_accounts.random_id.main"
          ]
        }
      ]
    },
    {
      "module": "module.wandb.module.service_accounts",
      "mode": "managed",
      "type": "random_id",
      "name": "main",
      "provider": "provider[\"registry.terraform.io/hashicorp/random\"]",
      "instances": [
        {
          "schema_version": 0,
          "attributes": {
            "b64_std": "abe-andb-sa-xfINQIZMOaSQWBWT8nPIwkw9V/EEuADABpsyXxeB",
            "b64_url": "abe-andb-sa-xfINQIZMOaSQWBWT8nPIwkw9V_EEuADABpsyXxeB",
            "byte_length": 30,
            "dec": "abe-andb-sa-1366169733014864300398292249850961463384769373641455279962871231886071681",
            "hex": "abe-andb-sa-c5f20d40864c39a490581593f273c8c24c3d57f104b800c0069b325f1781",
            "id": "xfINQIZMOaSQWBWT8nPIwkw9V_EEuADABpsyXxeB",
            "keepers": null,
            "prefix": "abe-andb-sa-"
          },
          "sensitive_attributes": [],
          "dependencies": [
            "module.wandb.module.project_factory_project_services.data.google_compute_default_service_account.default",
            "module.wandb.module.project_factory_project_services.google_project_iam_member.project_service_identity_roles",
            "module.wandb.module.project_factory_project_services.google_project_service.project_services",
            "module.wandb.module.project_factory_project_services.google_project_service_identity.project_service_identities"
          ],
          "create_before_destroy": true
        }
      ]
    },
    {
      "module": "module.wandb.module.storage[0].module.bucket",
      "mode": "managed",
      "type": "google_storage_bucket",
      "name": "file_storage",
      "provider": "provider[\"registry.terraform.io/hashicorp/google\"]",
      "instances": [
        {
          "schema_version": 0,
          "attributes": {
            "autoclass": [],
            "cors": [
              {
                "max_age_seconds": 3000,
                "method": [
                  "GET",
                  "HEAD",
                  "PUT"
                ],
                "origin": [
                  "*"
                ],
                "response_header": [
                  "*"
                ]
              }
            ],
            "custom_placement_config": [],
            "default_event_based_hold": false,
            "encryption": [],
            "force_destroy": false,
            "id": "abe-andb-cool-bluebird",
            "labels": {},
            "lifecycle_rule": [],
            "location": "US",
            "logging": [],
            "name": "abe-andb-cool-bluebird",
            "project": "playground-111",
            "public_access_prevention": "inherited",
            "requester_pays": false,
            "retention_policy": [],
            "self_link": "https://www.googleapis.com/storage/v1/b/abe-andb-cool-bluebird",
            "soft_delete_policy": [
              {
                "effective_time": "2024-07-16T17:04:00.333Z",
                "retention_duration_seconds": 604800
              }
            ],
            "storage_class": "STANDARD",
            "timeouts": null,
            "uniform_bucket_level_access": true,
            "url": "gs://abe-andb-cool-bluebird",
            "versioning": [],
            "website": []
          },
          "sensitive_attributes": [],
          "private": "eyJlMmJmYjczMC1lY2FhLTExZTYtOGY4OC0zNDM2M2JjN2M0YzAiOnsiY3JlYXRlIjo2MDAwMDAwMDAwMDAsInJlYWQiOjI0MDAwMDAwMDAwMCwidXBkYXRlIjoyNDAwMDAwMDAwMDB9fQ==",
          "dependencies": [
            "module.wandb.module.project_factory_project_services.data.google_compute_default_service_account.default",
            "module.wandb.module.project_factory_project_services.google_project_iam_member.project_service_identity_roles",
            "module.wandb.module.project_factory_project_services.google_project_service.project_services",
            "module.wandb.module.project_factory_project_services.google_project_service_identity.project_service_identities",
            "module.wandb.module.storage.module.bucket.random_pet.file_storage"
          ]
        }
      ]
    },
    {
      "module": "module.wandb.module.storage[0].module.bucket",
      "mode": "managed",
      "type": "google_storage_bucket_iam_member",
      "name": "object_admin",
      "provider": "provider[\"registry.terraform.io/hashicorp/google\"]",
      "instances": [
        {
          "schema_version": 0,
          "attributes": {
            "bucket": "b/abe-andb-cool-bluebird",
            "condition": [],
            "etag": "CAM=",
            "id": "b/abe-andb-cool-bluebird/roles/storage.objectAdmin/serviceAccount:abe-andb-sa-136616973301486430@playground-111.iam.gserviceaccount.com",
            "member": "serviceAccount:abe-andb-sa-136616973301486430@playground-111.iam.gserviceaccount.com",
            "role": "roles/storage.objectAdmin"
          },
          "sensitive_attributes": [],
          "private": "bnVsbA==",
          "dependencies": [
            "module.wandb.module.project_factory_project_services.data.google_compute_default_service_account.default",
            "module.wandb.module.project_factory_project_services.google_project_iam_member.project_service_identity_roles",
            "module.wandb.module.project_factory_project_services.google_project_service.project_services",
            "module.wandb.module.project_factory_project_services.google_project_service_identity.project_service_identities",
            "module.wandb.module.service_accounts.google_service_account.main",
            "module.wandb.module.service_accounts.random_id.main",
            "module.wandb.module.storage.module.bucket.google_storage_bucket.file_storage",
            "module.wandb.module.storage.module.bucket.random_pet.file_storage"
          ]
        }
      ]
    },
    {
      "module": "module.wandb.module.storage[0].module.bucket",
      "mode": "managed",
      "type": "random_pet",
      "name": "file_storage",
      "provider": "provider[\"registry.terraform.io/hashicorp/random\"]",
      "instances": [
        {
          "schema_version": 0,
          "attributes": {
            "id": "cool-bluebird",
            "keepers": null,
            "length": 2,
            "prefix": null,
            "separator": "-"
          },
          "sensitive_attributes": [],
          "dependencies": [
            "module.wandb.module.project_factory_project_services.data.google_compute_default_service_account.default",
            "module.wandb.module.project_factory_project_services.google_project_iam_member.project_service_identity_roles",
            "module.wandb.module.project_factory_project_services.google_project_service.project_services",
            "module.wandb.module.project_factory_project_services.google_project_service_identity.project_service_identities"
          ]
        }
      ]
    },
    {
      "module": "module.wandb.module.storage[0].module.pubsub[0]",
      "mode": "data",
      "type": "google_client_config",
      "name": "current",
      "provider": "provider[\"registry.terraform.io/hashicorp/google\"]",
      "instances": [
        {
          "schema_version": 0,
          "attributes": {
            "access_token": "ya29.a0AXooCgsiL8OqgymgFwhD65trFohCzId2cEbZN5fBpFe68ddMSWmRd9gcXDg5gDiVumbSzK2cRxLLWTLzl83td0nNR8zgx_Vw0fAmyw-O_T6QbnWRricL-X4UXyHbxcWkBlV6ETaG4aKClGMGskA7GoOqRg_ky9DKuuCLhwaCgYKASsSARASFQHGX2MiA-xmJZQrI9aG_ITV8u3PZQ0173",
            "id": "projects/\"playground-111\"/regions/\"us-central1\"/zones/\"us-central1-c\"",
            "project": "playground-111",
            "region": "us-central1",
            "zone": "us-central1-c"
          },
          "sensitive_attributes": []
        }
      ]
    },
    {
      "module": "module.wandb.module.storage[0].module.pubsub[0]",
      "mode": "data",
      "type": "google_storage_project_service_account",
      "name": "default",
      "provider": "provider[\"registry.terraform.io/hashicorp/google\"]",
      "instances": [
        {
          "schema_version": 0,
          "attributes": {
            "email_address": "service-27586067691@gs-project-accounts.iam.gserviceaccount.com",
            "id": "service-27586067691@gs-project-accounts.iam.gserviceaccount.com",
            "member": "serviceAccount:service-27586067691@gs-project-accounts.iam.gserviceaccount.com",
            "project": "playground-111",
            "user_project": null
          },
          "sensitive_attributes": []
        }
      ]
    },
    {
      "module": "module.wandb.module.storage[0].module.pubsub[0]",
      "mode": "managed",
      "type": "google_pubsub_subscription",
      "name": "file_storage",
      "provider": "provider[\"registry.terraform.io/hashicorp/google\"]",
      "instances": [
        {
          "schema_version": 0,
          "attributes": {
            "ack_deadline_seconds": 30,
            "bigquery_config": [],
            "cloud_storage_config": [],
            "dead_letter_policy": [],
            "enable_exactly_once_delivery": false,
            "enable_message_ordering": false,
            "expiration_policy": [
              {
                "ttl": "2678400s"
              }
            ],
            "filter": "",
            "id": "projects/playground-111/subscriptions/abe-andb-file-storage",
            "labels": {},
            "message_retention_duration": "604800s",
            "name": "abe-andb-file-storage",
            "project": "playground-111",
            "push_config": [],
            "retain_acked_messages": false,
            "retry_policy": [],
            "timeouts": null,
            "topic": "projects/playground-111/topics/abe-andb-file-storage"
          },
          "sensitive_attributes": [],
          "private": "eyJlMmJmYjczMC1lY2FhLTExZTYtOGY4OC0zNDM2M2JjN2M0YzAiOnsiY3JlYXRlIjoxMjAwMDAwMDAwMDAwLCJkZWxldGUiOjEyMDAwMDAwMDAwMDAsInVwZGF0ZSI6MTIwMDAwMDAwMDAwMH19",
          "dependencies": [
            "module.wandb.module.kms.google_kms_crypto_key.default",
            "module.wandb.module.kms.google_kms_key_ring.default",
            "module.wandb.module.kms.random_pet.key_ring",
            "module.wandb.module.project_factory_project_services.data.google_compute_default_service_account.default",
            "module.wandb.module.project_factory_project_services.google_project_iam_member.project_service_identity_roles",
            "module.wandb.module.project_factory_project_services.google_project_service.project_services",
            "module.wandb.module.project_factory_project_services.google_project_service_identity.project_service_identities",
            "module.wandb.module.storage.module.pubsub.google_pubsub_topic.file_storage"
          ]
        }
      ]
    },
    {
      "module": "module.wandb.module.storage[0].module.pubsub[0]",
      "mode": "managed",
      "type": "google_pubsub_subscription_iam_member",
      "name": "admin",
      "provider": "provider[\"registry.terraform.io/hashicorp/google\"]",
      "instances": [
        {
          "schema_version": 0,
          "attributes": {
            "condition": [],
            "etag": "BwYdYVgW32Y=",
            "id": "projects/playground-111/subscriptions/abe-andb-file-storage/roles/pubsub.admin/serviceAccount:abe-andb-sa-136616973301486430@playground-111.iam.gserviceaccount.com",
            "member": "serviceAccount:abe-andb-sa-136616973301486430@playground-111.iam.gserviceaccount.com",
            "project": null,
            "role": "roles/pubsub.admin",
            "subscription": "abe-andb-file-storage"
          },
          "sensitive_attributes": [],
          "private": "bnVsbA==",
          "dependencies": [
            "module.wandb.module.kms.google_kms_crypto_key.default",
            "module.wandb.module.kms.google_kms_key_ring.default",
            "module.wandb.module.kms.random_pet.key_ring",
            "module.wandb.module.project_factory_project_services.data.google_compute_default_service_account.default",
            "module.wandb.module.project_factory_project_services.google_project_iam_member.project_service_identity_roles",
            "module.wandb.module.project_factory_project_services.google_project_service.project_services",
            "module.wandb.module.project_factory_project_services.google_project_service_identity.project_service_identities",
            "module.wandb.module.service_accounts.google_service_account.main",
            "module.wandb.module.service_accounts.random_id.main",
            "module.wandb.module.storage.module.pubsub.google_pubsub_subscription.file_storage",
            "module.wandb.module.storage.module.pubsub.google_pubsub_topic.file_storage"
          ]
        }
      ]
    },
    {
      "module": "module.wandb.module.storage[0].module.pubsub[0]",
      "mode": "managed",
      "type": "google_pubsub_topic",
      "name": "file_storage",
      "provider": "provider[\"registry.terraform.io/hashicorp/google\"]",
      "instances": [
        {
          "schema_version": 0,
          "attributes": {
            "id": "projects/playground-111/topics/abe-andb-file-storage",
            "kms_key_name": "projects/playground-111/locations/global/keyRings/abe-andb-classic-mongoose/cryptoKeys/abe-andb-key",
            "labels": {},
            "message_retention_duration": "",
            "message_storage_policy": [],
            "name": "abe-andb-file-storage",
            "project": "playground-111",
            "schema_settings": [],
            "timeouts": null
          },
          "sensitive_attributes": [],
          "private": "eyJlMmJmYjczMC1lY2FhLTExZTYtOGY4OC0zNDM2M2JjN2M0YzAiOnsiY3JlYXRlIjoxMjAwMDAwMDAwMDAwLCJkZWxldGUiOjEyMDAwMDAwMDAwMDAsInVwZGF0ZSI6MTIwMDAwMDAwMDAwMH19",
          "dependencies": [
            "module.wandb.module.kms.google_kms_crypto_key.default",
            "module.wandb.module.kms.google_kms_key_ring.default",
            "module.wandb.module.kms.random_pet.key_ring",
            "module.wandb.module.project_factory_project_services.data.google_compute_default_service_account.default",
            "module.wandb.module.project_factory_project_services.google_project_iam_member.project_service_identity_roles",
            "module.wandb.module.project_factory_project_services.google_project_service.project_services",
            "module.wandb.module.project_factory_project_services.google_project_service_identity.project_service_identities"
          ]
        }
      ]
    },
    {
      "module": "module.wandb.module.storage[0].module.pubsub[0]",
      "mode": "managed",
      "type": "google_pubsub_topic_iam_member",
      "name": "admin",
      "provider": "provider[\"registry.terraform.io/hashicorp/google\"]",
      "instances": [
        {
          "schema_version": 0,
          "attributes": {
            "condition": [],
            "etag": "BwYdYVgsYS0=",
            "id": "projects/playground-111/topics/abe-andb-file-storage/roles/pubsub.admin/serviceAccount:abe-andb-sa-136616973301486430@playground-111.iam.gserviceaccount.com",
            "member": "serviceAccount:abe-andb-sa-136616973301486430@playground-111.iam.gserviceaccount.com",
            "project": "playground-111",
            "role": "roles/pubsub.admin",
            "topic": "projects/playground-111/topics/abe-andb-file-storage"
          },
          "sensitive_attributes": [],
          "private": "bnVsbA==",
          "dependencies": [
            "module.wandb.module.kms.google_kms_crypto_key.default",
            "module.wandb.module.kms.google_kms_key_ring.default",
            "module.wandb.module.kms.random_pet.key_ring",
            "module.wandb.module.project_factory_project_services.data.google_compute_default_service_account.default",
            "module.wandb.module.project_factory_project_services.google_project_iam_member.project_service_identity_roles",
            "module.wandb.module.project_factory_project_services.google_project_service.project_services",
            "module.wandb.module.project_factory_project_services.google_project_service_identity.project_service_identities",
            "module.wandb.module.service_accounts.google_service_account.main",
            "module.wandb.module.service_accounts.random_id.main",
            "module.wandb.module.storage.module.pubsub.google_pubsub_topic.file_storage"
          ]
        }
      ]
    },
    {
      "module": "module.wandb.module.storage[0].module.pubsub[0]",
      "mode": "managed",
      "type": "google_pubsub_topic_iam_member",
      "name": "gcp_publisher",
      "provider": "provider[\"registry.terraform.io/hashicorp/google\"]",
      "instances": [
        {
          "schema_version": 0,
          "attributes": {
            "condition": [],
            "etag": "BwYdYVgsYS0=",
            "id": "projects/playground-111/topics/abe-andb-file-storage/roles/pubsub.publisher/serviceAccount:service-27586067691@gs-project-accounts.iam.gserviceaccount.com",
            "member": "serviceAccount:service-27586067691@gs-project-accounts.iam.gserviceaccount.com",
            "project": "playground-111",
            "role": "roles/pubsub.publisher",
            "topic": "projects/playground-111/topics/abe-andb-file-storage"
          },
          "sensitive_attributes": [],
          "private": "bnVsbA==",
          "dependencies": [
            "module.wandb.module.kms.google_kms_crypto_key.default",
            "module.wandb.module.kms.google_kms_key_ring.default",
            "module.wandb.module.kms.random_pet.key_ring",
            "module.wandb.module.project_factory_project_services.data.google_compute_default_service_account.default",
            "module.wandb.module.project_factory_project_services.google_project_iam_member.project_service_identity_roles",
            "module.wandb.module.project_factory_project_services.google_project_service.project_services",
            "module.wandb.module.project_factory_project_services.google_project_service_identity.project_service_identities",
            "module.wandb.module.storage.module.pubsub.data.google_storage_project_service_account.default",
            "module.wandb.module.storage.module.pubsub.google_pubsub_topic.file_storage"
          ]
        }
      ]
    },
    {
      "module": "module.wandb.module.storage[0].module.pubsub[0]",
      "mode": "managed",
      "type": "google_storage_notification",
      "name": "file_storage",
      "provider": "provider[\"registry.terraform.io/hashicorp/google\"]",
      "instances": [
        {
          "schema_version": 0,
          "attributes": {
            "bucket": "abe-andb-cool-bluebird",
            "custom_attributes": {},
            "event_types": [],
            "id": "abe-andb-cool-bluebird/notificationConfigs/2",
            "notification_id": "2",
            "object_name_prefix": "",
            "payload_format": "JSON_API_V1",
            "self_link": "https://www.googleapis.com/storage/v1/b/abe-andb-cool-bluebird/notificationConfigs/2",
            "topic": "//pubsub.googleapis.com/projects/playground-111/topics/abe-andb-file-storage"
          },
          "sensitive_attributes": [],
          "private": "bnVsbA==",
          "dependencies": [
            "module.wandb.module.kms.google_kms_crypto_key.default",
            "module.wandb.module.kms.google_kms_key_ring.default",
            "module.wandb.module.kms.random_pet.key_ring",
            "module.wandb.module.project_factory_project_services.data.google_compute_default_service_account.default",
            "module.wandb.module.project_factory_project_services.google_project_iam_member.project_service_identity_roles",
            "module.wandb.module.project_factory_project_services.google_project_service.project_services",
            "module.wandb.module.project_factory_project_services.google_project_service_identity.project_service_identities",
            "module.wandb.module.storage.module.bucket.google_storage_bucket.file_storage",
            "module.wandb.module.storage.module.bucket.random_pet.file_storage",
            "module.wandb.module.storage.module.pubsub.data.google_storage_project_service_account.default",
            "module.wandb.module.storage.module.pubsub.google_pubsub_topic.file_storage",
            "module.wandb.module.storage.module.pubsub.google_pubsub_topic_iam_member.gcp_publisher"
          ]
        }
      ]
    },
    {
      "module": "module.wandb.module.wandb",
      "mode": "managed",
      "type": "helm_release",
      "name": "operator",
      "provider": "provider[\"registry.terraform.io/hashicorp/helm\"]",
      "instances": [
        {
          "schema_version": 1,
          "attributes": {
            "atomic": false,
            "chart": "operator",
            "cleanup_on_fail": false,
            "create_namespace": true,
            "dependency_update": false,
            "description": null,
            "devel": null,
            "disable_crd_hooks": false,
            "disable_openapi_validation": false,
            "disable_webhooks": true,
            "force_update": false,
            "id": "operator",
            "keyring": null,
            "lint": false,
            "manifest": null,
            "max_history": 0,
            "metadata": [
              {
                "app_version": "1.0.0",
                "chart": "operator",
                "first_deployed": 1721164389,
                "last_deployed": 1721164389,
                "name": "operator",
                "namespace": "wandb",
                "notes": "",
                "revision": 1,
                "values": "{\"image\":{\"tag\":\"1.10.1\"}}",
                "version": "1.1.0"
              }
            ],
            "name": "operator",
            "namespace": "wandb",
            "pass_credentials": false,
            "postrender": [],
            "recreate_pods": false,
            "render_subchart_notes": true,
            "replace": false,
            "repository": "https://charts.wandb.ai",
            "repository_ca_file": null,
            "repository_cert_file": null,
            "repository_key_file": null,
            "repository_password": null,
            "repository_username": null,
            "reset_values": false,
            "reuse_values": false,
            "set": [
              {
                "name": "image.tag",
                "type": "",
                "value": "1.10.1"
              }
            ],
            "set_list": [],
            "set_sensitive": [],
            "skip_crds": false,
            "status": "deployed",
            "timeout": 300,
            "values": null,
            "verify": false,
            "version": "1.1.0",
            "wait": true,
            "wait_for_jobs": false
          },
          "sensitive_attributes": [],
          "private": "eyJzY2hlbWFfdmVyc2lvbiI6IjEifQ==",
          "dependencies": [
            "data.google_client_config.current",
            "module.wandb.module.app_gke.google_container_cluster.default",
            "module.wandb.module.app_gke.google_container_node_pool.default",
            "module.wandb.module.app_gke.random_pet.node_pool",
            "module.wandb.module.database.google_sql_database.wandb",
            "module.wandb.module.database.google_sql_database_instance.default",
            "module.wandb.module.database.google_sql_user.wandb",
            "module.wandb.module.database.random_pet.mysql",
            "module.wandb.module.database.random_string.master_password",
            "module.wandb.module.gke_app.kubernetes_config_map.config_map",
            "module.wandb.module.gke_app.kubernetes_deployment.parquet",
            "module.wandb.module.gke_app.kubernetes_deployment.wandb",
            "module.wandb.module.gke_app.kubernetes_deployment.weave",
            "module.wandb.module.gke_app.kubernetes_persistent_volume_claim.weave",
            "module.wandb.module.gke_app.kubernetes_priority_class.priority",
            "module.wandb.module.gke_app.kubernetes_secret.secret",
            "module.wandb.module.gke_app.kubernetes_service.parquet",
            "module.wandb.module.gke_app.kubernetes_service.prometheus",
            "module.wandb.module.gke_app.kubernetes_service.service",
            "module.wandb.module.gke_app.kubernetes_service.weave",
            "module.wandb.module.gke_app.kubernetes_service_account.default",
            "module.wandb.module.gke_app.kubernetes_storage_class.weave",
            "module.wandb.module.kms.google_kms_crypto_key.default",
            "module.wandb.module.networking.google_compute_network.vpc",
            "module.wandb.module.networking.google_compute_subnetwork.default",
            "module.wandb.module.networking.google_service_networking_connection.default",
            "module.wandb.module.project_factory_project_services.data.google_compute_default_service_account.default",
            "module.wandb.module.project_factory_project_services.google_project_iam_member.project_service_identity_roles",
            "module.wandb.module.project_factory_project_services.google_project_service.project_services",
            "module.wandb.module.project_factory_project_services.google_project_service_identity.project_service_identities",
            "module.wandb.module.redis.data.google_compute_zones.available",
            "module.wandb.module.redis.google_redis_instance.default",
            "module.wandb.module.service_accounts.google_service_account.main",
            "module.wandb.module.storage.module.bucket.google_storage_bucket.file_storage",
            "module.wandb.module.storage.module.bucket.google_storage_bucket_iam_member.object_admin",
            "module.wandb.module.storage.module.bucket.random_pet.file_storage",
            "module.wandb.module.storage.module.pubsub.data.google_client_config.current",
            "module.wandb.module.storage.module.pubsub.data.google_storage_project_service_account.default",
            "module.wandb.module.storage.module.pubsub.google_pubsub_subscription.file_storage",
            "module.wandb.module.storage.module.pubsub.google_pubsub_subscription_iam_member.admin",
            "module.wandb.module.storage.module.pubsub.google_pubsub_topic.file_storage",
            "module.wandb.module.storage.module.pubsub.google_pubsub_topic_iam_member.admin",
            "module.wandb.module.storage.module.pubsub.google_pubsub_topic_iam_member.gcp_publisher",
            "module.wandb.module.storage.module.pubsub.google_storage_notification.file_storage"
          ]
        }
      ]
    },
    {
      "module": "module.wandb.module.wandb",
      "mode": "managed",
      "type": "helm_release",
      "name": "wandb",
      "provider": "provider[\"registry.terraform.io/hashicorp/helm\"]",
      "instances": [
        {
          "schema_version": 1,
          "attributes": {
            "atomic": false,
            "chart": "wandb-cr",
            "cleanup_on_fail": false,
            "create_namespace": true,
            "dependency_update": false,
            "description": null,
            "devel": null,
            "disable_crd_hooks": false,
            "disable_openapi_validation": false,
            "disable_webhooks": false,
            "force_update": true,
            "id": "wandb-cr",
            "keyring": null,
            "lint": false,
            "manifest": null,
            "max_history": 0,
            "metadata": [
              {
                "app_version": "1.0.0",
                "chart": "wandb-cr",
                "first_deployed": 1721164406,
                "last_deployed": 1721164406,
                "name": "wandb-cr",
                "namespace": "default",
                "notes": "",
                "revision": 1,
                "values": "{\"name\":\"wandb\",\"spec\":\"\\\"values\\\":\\n  \\\"app\\\":\\n    \\\"extraEnvs\\\":\\n      \\\"GORILLA_GLUE_LIST\\\": true\\n  \\\"global\\\":\\n    \\\"bucket\\\":\\n      \\\"name\\\": \\\"abe-andb-cool-bluebird\\\"\\n      \\\"provider\\\": \\\"gcs\\\"\\n    \\\"extraEnv\\\":\\n      \\\"GORILLA_CUSTOMER_SECRET_STORE_SOURCE\\\": \\\"gcp-secretmanager://playground-111?namespace=abe-andb\\\"\\n      \\\"GORILLA_DISABLE_CODE_SAVING\\\": false\\n      \\\"OIDC_AUTH_METHOD\\\": \\\"implicit\\\"\\n      \\\"OIDC_CLIENT_ID\\\": \\\"\\\"\\n      \\\"OIDC_ISSUER\\\": \\\"\\\"\\n      \\\"OIDC_SECRET\\\": \\\"\\\"\\n      \\\"TAG_CUSTOMER_NS\\\": \\\"abe-andb\\\"\\n    \\\"host\\\": \\\"https://abe-sm.wandb.ml\\\"\\n    \\\"license\\\": \\\"eyJhbGciOiJSUzI1NiIsImtpZCI6InUzaHgyQjQyQWhEUXM1M0xQY09yNnZhaTdoSlduYnF1bTRZTlZWd1VwSWM9In0.eyJjb25jdXJyZW50QWdlbnRzIjoxMCwidHJpYWwiOnRydWUsIm1heFN0b3JhZ2VHYiI6MTAwMDAwMCwibWF4VGVhbXMiOjUwLCJtYXhVc2VycyI6MTAwLCJtYXhWaWV3T25seVVzZXJzIjowLCJtYXhSZWdpc3RlcmVkTW9kZWxzIjo1LCJleHBpcmVzQXQiOiIyMDI0LTA4LTE0VDEzOjU4OjMyLjkxM1oiLCJkZXBsb3ltZW50SWQiOiJmNDI5ZDAxOS1lMzY2LTRjNWMtOWI5MS04YjFjOWRjMDA2ZTMiLCJmbGFncyI6WyJOT1RJRklDQVRJT05TIiwic2xhY2siLCJub3RpZmljYXRpb25zIiwiU0NBTEFCTEUiLCJteXNxbCIsInMzIiwicmVkaXMiLCJNQU5BR0VNRU5UIiwib3JnX2Rhc2giLCJhdXRoMCIsImNvbGxlY3RfYXVkaXRfbG9ncyIsInJiYWMiXSwiYWNjZXNzS2V5IjoiYWFlMzM0MTEtMDc1Zi00YzdkLTk0ZDItOGI3NThmOGRkMTQ0Iiwic2VhdHMiOjEwMCwidmlld09ubHlTZWF0cyI6MCwidGVhbXMiOjUwLCJyZWdpc3RlcmVkTW9kZWxzIjo1LCJzdG9yYWdlR2lncyI6MTAwMDAwMCwiZXhwIjoxNzIzNjQzOTEyfQ.Ic7o8U8aqyzbKGkfv0FLVyEPljXxALRiiL-tezHSDpZMUyaG2ABxz2su54sPo-Ldc-GroFxxMOOVBBsNz7aTdH-PIPwKkJkmO1a3ED_aW4h3as1E12LyUNgrcAkQx1SuC0gS8SRxaVtpedzprgLsHd_ZMMPOIr2WFIUoqDhgRAHBScPZ9keGZ4DVuv1c1bR1r2ykFGyXJO8IhQG1l--ZpWNoFI4Su-lng8VgpYwYb4QwdUyvDdmnjhrhTd9vIDCDfinroaOrf64NnVcgBs3sJ3sMMMtjJL71t3WMElXQxQDFkgjQ074yI-dzX68RUsk_SrukKGKcDzqFzB0IU_G8UA\\\"\\n    \\\"mysql\\\":\\n      \\\"database\\\": \\\"wandb_local\\\"\\n      \\\"host\\\": \\\"10.38.0.2\\\"\\n      \\\"name\\\": \\\"wandb_local\\\"\\n      \\\"password\\\": \\\"xcCNtnFWNNHwLAC120AubYLyJJ93b1av\\\"\\n      \\\"port\\\": 3306\\n      \\\"user\\\": \\\"wandb\\\"\\n    \\\"redis\\\":\\n      \\\"caCert\\\": |-\\n        -----BEGIN CERTIFICATE-----\\n        MIIDnTCCAoWgAwIBAgIBADANBgkqhkiG9w0BAQsFADCBhTEtMCsGA1UELhMkZDdm\\n        ZGIzN2ItMzhkZC00NTM1LTgxNWUtZTk1ZGNhMmExMjFlMTEwLwYDVQQDEyhHb29n\\n        bGUgQ2xvdWQgTWVtb3J5c3RvcmUgUmVkaXMgU2VydmVyIENBMRQwEgYDVQQKEwtH\\n        b29nbGUsIEluYzELMAkGA1UEBhMCVVMwHhcNMjQwNzE2MTcwMzI3WhcNMzQwNzE0\\n        MTcwNDI3WjCBhTEtMCsGA1UELhMkZDdmZGIzN2ItMzhkZC00NTM1LTgxNWUtZTk1\\n        ZGNhMmExMjFlMTEwLwYDVQQDEyhHb29nbGUgQ2xvdWQgTWVtb3J5c3RvcmUgUmVk\\n        aXMgU2VydmVyIENBMRQwEgYDVQQKEwtHb29nbGUsIEluYzELMAkGA1UEBhMCVVMw\\n        ggEiMA0GCSqGSIb3DQEBAQUAA4IBDwAwggEKAoIBAQCiDUl12rpvZLRGoA45V15t\\n        kc+sSjLDlfoc9dhMz6qQgMhCyjDwt2uEnmiGPkUCN+1Fm0zfDBkdKvZfEWVH/9IA\\n        15jjNNcwLhZcsyL5inZ4GDceEwX/QEg8QrIsPlgNzwjXO1tykbtp72A58zaYK7Lq\\n        tLbO4pP/vw+3WXZg51bAgyfZL+iW6lytOWdSWLD02uEOTcA38xzaPcAfFNexvo+1\\n        2A46mNuCAoGLAbQlQagQiSMGZPG15wa7K5ViQf73UTRGNJjB6OOwuip44kKHky4k\\n        MqduDmcnMg614D/tL4t8kflYr5OR5oeE0DFKV2fUYBTZ/18TtZz174ZUB+Gn4K8n\\n        AgMBAAGjFjAUMBIGA1UdEwEB/wQIMAYBAf8CAQAwDQYJKoZIhvcNAQELBQADggEB\\n        AH2lPJrVBqti/1Ff4yWCilbOAdHjAfIojf3G5CSKurSEw/m8NUVJa/2lY15B5Usr\\n        PHZO03qxAyqHS7+ojSfRRvZPs9F4yqVuoiFOirhz6zMb0alvT1NTGaXWVw5zsUJl\\n        V8i7HVOSK0uaGiEFd6j5IvZ6SNsd9YsuWStBRRol7L1HxoAyBB+Oo2G973+ZuMlE\\n        6kWwWnRIZXt2FW0GMgB74yp2MQnkZDEPJyZqy/BSrOVvN/i7FBt8r9wyIMQu9lra\\n        d4H+q5NLDRVqtuj8e52wIjf7wK9p0upNzcr+KusuaBmk6DMefivyuBjXarEIrqUL\\n        xBSPLVgMO73PI+Hc7PfI2a8=\\n        -----END CERTIFICATE-----\\n      \\\"host\\\": \\\"10.30.0.4\\\"\\n      \\\"params\\\":\\n        \\\"caCertPath\\\": \\\"/etc/ssl/certs/redis_ca.pem\\\"\\n        \\\"tls\\\": true\\n        \\\"ttlInSeconds\\\": 604800\\n      \\\"password\\\": \\\"179ad3e1-bb6b-4c19-8004-c95c794c0697\\\"\\n      \\\"port\\\": 6378\\n  \\\"ingress\\\":\\n    \\\"annotations\\\":\\n      \\\"ingress.gcp.kubernetes.io/pre-shared-cert\\\": \\\"abe-andb-cert-pleasing-primate\\\"\\n      \\\"kubernetes.io/ingress.class\\\": \\\"gce\\\"\\n      \\\"kubernetes.io/ingress.global-static-ip-name\\\": \\\"abe-andb-operator-address\\\"\\n    \\\"nameOverride\\\": \\\"abe-andb\\\"\\n  \\\"mysql\\\":\\n    \\\"install\\\": false\\n  \\\"redis\\\":\\n    \\\"install\\\": false\\n\"}",
                "version": "0.1.0"
              }
            ],
            "name": "wandb-cr",
            "namespace": "default",
            "pass_credentials": false,
            "postrender": [],
            "recreate_pods": false,
            "render_subchart_notes": true,
            "replace": false,
            "repository": ".terraform/modules/wandb.wandb",
            "repository_ca_file": null,
            "repository_cert_file": null,
            "repository_key_file": null,
            "repository_password": null,
            "repository_username": null,
            "reset_values": false,
            "reuse_values": false,
            "set": [
              {
                "name": "name",
                "type": "",
                "value": "wandb"
              },
              {
                "name": "spec",
                "type": "string",
                "value": "\"values\":\n  \"app\":\n    \"extraEnvs\":\n      \"GORILLA_GLUE_LIST\": true\n  \"global\":\n    \"bucket\":\n      \"name\": \"abe-andb-cool-bluebird\"\n      \"provider\": \"gcs\"\n    \"extraEnv\":\n      \"GORILLA_CUSTOMER_SECRET_STORE_SOURCE\": \"gcp-secretmanager://playground-111?namespace=abe-andb\"\n      \"GORILLA_DISABLE_CODE_SAVING\": false\n      \"OIDC_AUTH_METHOD\": \"implicit\"\n      \"OIDC_CLIENT_ID\": \"\"\n      \"OIDC_ISSUER\": \"\"\n      \"OIDC_SECRET\": \"\"\n      \"TAG_CUSTOMER_NS\": \"abe-andb\"\n    \"host\": \"https://abe-sm.wandb.ml\"\n    \"license\": \"eyJhbGciOiJSUzI1NiIsImtpZCI6InUzaHgyQjQyQWhEUXM1M0xQY09yNnZhaTdoSlduYnF1bTRZTlZWd1VwSWM9In0.eyJjb25jdXJyZW50QWdlbnRzIjoxMCwidHJpYWwiOnRydWUsIm1heFN0b3JhZ2VHYiI6MTAwMDAwMCwibWF4VGVhbXMiOjUwLCJtYXhVc2VycyI6MTAwLCJtYXhWaWV3T25seVVzZXJzIjowLCJtYXhSZWdpc3RlcmVkTW9kZWxzIjo1LCJleHBpcmVzQXQiOiIyMDI0LTA4LTE0VDEzOjU4OjMyLjkxM1oiLCJkZXBsb3ltZW50SWQiOiJmNDI5ZDAxOS1lMzY2LTRjNWMtOWI5MS04YjFjOWRjMDA2ZTMiLCJmbGFncyI6WyJOT1RJRklDQVRJT05TIiwic2xhY2siLCJub3RpZmljYXRpb25zIiwiU0NBTEFCTEUiLCJteXNxbCIsInMzIiwicmVkaXMiLCJNQU5BR0VNRU5UIiwib3JnX2Rhc2giLCJhdXRoMCIsImNvbGxlY3RfYXVkaXRfbG9ncyIsInJiYWMiXSwiYWNjZXNzS2V5IjoiYWFlMzM0MTEtMDc1Zi00YzdkLTk0ZDItOGI3NThmOGRkMTQ0Iiwic2VhdHMiOjEwMCwidmlld09ubHlTZWF0cyI6MCwidGVhbXMiOjUwLCJyZWdpc3RlcmVkTW9kZWxzIjo1LCJzdG9yYWdlR2lncyI6MTAwMDAwMCwiZXhwIjoxNzIzNjQzOTEyfQ.Ic7o8U8aqyzbKGkfv0FLVyEPljXxALRiiL-tezHSDpZMUyaG2ABxz2su54sPo-Ldc-GroFxxMOOVBBsNz7aTdH-PIPwKkJkmO1a3ED_aW4h3as1E12LyUNgrcAkQx1SuC0gS8SRxaVtpedzprgLsHd_ZMMPOIr2WFIUoqDhgRAHBScPZ9keGZ4DVuv1c1bR1r2ykFGyXJO8IhQG1l--ZpWNoFI4Su-lng8VgpYwYb4QwdUyvDdmnjhrhTd9vIDCDfinroaOrf64NnVcgBs3sJ3sMMMtjJL71t3WMElXQxQDFkgjQ074yI-dzX68RUsk_SrukKGKcDzqFzB0IU_G8UA\"\n    \"mysql\":\n      \"database\": \"wandb_local\"\n      \"host\": \"10.38.0.2\"\n      \"name\": \"wandb_local\"\n      \"password\": \"xcCNtnFWNNHwLAC120AubYLyJJ93b1av\"\n      \"port\": 3306\n      \"user\": \"wandb\"\n    \"redis\":\n      \"caCert\": |-\n        -----BEGIN CERTIFICATE-----\n        MIIDnTCCAoWgAwIBAgIBADANBgkqhkiG9w0BAQsFADCBhTEtMCsGA1UELhMkZDdm\n        ZGIzN2ItMzhkZC00NTM1LTgxNWUtZTk1ZGNhMmExMjFlMTEwLwYDVQQDEyhHb29n\n        bGUgQ2xvdWQgTWVtb3J5c3RvcmUgUmVkaXMgU2VydmVyIENBMRQwEgYDVQQKEwtH\n        b29nbGUsIEluYzELMAkGA1UEBhMCVVMwHhcNMjQwNzE2MTcwMzI3WhcNMzQwNzE0\n        MTcwNDI3WjCBhTEtMCsGA1UELhMkZDdmZGIzN2ItMzhkZC00NTM1LTgxNWUtZTk1\n        ZGNhMmExMjFlMTEwLwYDVQQDEyhHb29nbGUgQ2xvdWQgTWVtb3J5c3RvcmUgUmVk\n        aXMgU2VydmVyIENBMRQwEgYDVQQKEwtHb29nbGUsIEluYzELMAkGA1UEBhMCVVMw\n        ggEiMA0GCSqGSIb3DQEBAQUAA4IBDwAwggEKAoIBAQCiDUl12rpvZLRGoA45V15t\n        kc+sSjLDlfoc9dhMz6qQgMhCyjDwt2uEnmiGPkUCN+1Fm0zfDBkdKvZfEWVH/9IA\n        15jjNNcwLhZcsyL5inZ4GDceEwX/QEg8QrIsPlgNzwjXO1tykbtp72A58zaYK7Lq\n        tLbO4pP/vw+3WXZg51bAgyfZL+iW6lytOWdSWLD02uEOTcA38xzaPcAfFNexvo+1\n        2A46mNuCAoGLAbQlQagQiSMGZPG15wa7K5ViQf73UTRGNJjB6OOwuip44kKHky4k\n        MqduDmcnMg614D/tL4t8kflYr5OR5oeE0DFKV2fUYBTZ/18TtZz174ZUB+Gn4K8n\n        AgMBAAGjFjAUMBIGA1UdEwEB/wQIMAYBAf8CAQAwDQYJKoZIhvcNAQELBQADggEB\n        AH2lPJrVBqti/1Ff4yWCilbOAdHjAfIojf3G5CSKurSEw/m8NUVJa/2lY15B5Usr\n        PHZO03qxAyqHS7+ojSfRRvZPs9F4yqVuoiFOirhz6zMb0alvT1NTGaXWVw5zsUJl\n        V8i7HVOSK0uaGiEFd6j5IvZ6SNsd9YsuWStBRRol7L1HxoAyBB+Oo2G973+ZuMlE\n        6kWwWnRIZXt2FW0GMgB74yp2MQnkZDEPJyZqy/BSrOVvN/i7FBt8r9wyIMQu9lra\n        d4H+q5NLDRVqtuj8e52wIjf7wK9p0upNzcr+KusuaBmk6DMefivyuBjXarEIrqUL\n        xBSPLVgMO73PI+Hc7PfI2a8=\n        -----END CERTIFICATE-----\n      \"host\": \"10.30.0.4\"\n      \"params\":\n        \"caCertPath\": \"/etc/ssl/certs/redis_ca.pem\"\n        \"tls\": true\n        \"ttlInSeconds\": 604800\n      \"password\": \"179ad3e1-bb6b-4c19-8004-c95c794c0697\"\n      \"port\": 6378\n  \"ingress\":\n    \"annotations\":\n      \"ingress.gcp.kubernetes.io/pre-shared-cert\": \"abe-andb-cert-pleasing-primate\"\n      \"kubernetes.io/ingress.class\": \"gce\"\n      \"kubernetes.io/ingress.global-static-ip-name\": \"abe-andb-operator-address\"\n    \"nameOverride\": \"abe-andb\"\n  \"mysql\":\n    \"install\": false\n  \"redis\":\n    \"install\": false\n"
              }
            ],
            "set_list": [],
            "set_sensitive": [],
            "skip_crds": false,
            "status": "deployed",
            "timeout": 300,
            "values": null,
            "verify": false,
            "version": "0.1.0",
            "wait": true,
            "wait_for_jobs": false
          },
          "sensitive_attributes": [
            [
              {
                "type": "get_attr",
                "value": "set"
              }
            ]
          ],
          "private": "eyJzY2hlbWFfdmVyc2lvbiI6IjEifQ==",
          "dependencies": [
            "data.google_client_config.current",
            "module.wandb.module.app_gke.google_container_cluster.default",
            "module.wandb.module.app_gke.google_container_node_pool.default",
            "module.wandb.module.app_gke.random_pet.node_pool",
            "module.wandb.module.app_lb.google_compute_global_address.operator",
            "module.wandb.module.app_lb.module.https.google_compute_managed_ssl_certificate.default",
            "module.wandb.module.database.google_sql_database.wandb",
            "module.wandb.module.database.google_sql_database_instance.default",
            "module.wandb.module.database.google_sql_user.wandb",
            "module.wandb.module.database.random_pet.mysql",
            "module.wandb.module.database.random_string.master_password",
            "module.wandb.module.gke_app.kubernetes_config_map.config_map",
            "module.wandb.module.gke_app.kubernetes_deployment.parquet",
            "module.wandb.module.gke_app.kubernetes_deployment.wandb",
            "module.wandb.module.gke_app.kubernetes_deployment.weave",
            "module.wandb.module.gke_app.kubernetes_persistent_volume_claim.weave",
            "module.wandb.module.gke_app.kubernetes_priority_class.priority",
            "module.wandb.module.gke_app.kubernetes_secret.secret",
            "module.wandb.module.gke_app.kubernetes_service.parquet",
            "module.wandb.module.gke_app.kubernetes_service.prometheus",
            "module.wandb.module.gke_app.kubernetes_service.service",
            "module.wandb.module.gke_app.kubernetes_service.weave",
            "module.wandb.module.gke_app.kubernetes_service_account.default",
            "module.wandb.module.gke_app.kubernetes_storage_class.weave",
            "module.wandb.module.kms.google_kms_crypto_key.default",
            "module.wandb.module.networking.google_compute_network.vpc",
            "module.wandb.module.networking.google_compute_subnetwork.default",
            "module.wandb.module.networking.google_service_networking_connection.default",
            "module.wandb.module.project_factory_project_services.data.google_compute_default_service_account.default",
            "module.wandb.module.project_factory_project_services.google_project_iam_member.project_service_identity_roles",
            "module.wandb.module.project_factory_project_services.google_project_service.project_services",
            "module.wandb.module.project_factory_project_services.google_project_service_identity.project_service_identities",
            "module.wandb.module.redis.data.google_compute_zones.available",
            "module.wandb.module.redis.google_redis_instance.default",
            "module.wandb.module.service_accounts.google_service_account.main",
            "module.wandb.module.storage.module.bucket.google_storage_bucket.file_storage",
            "module.wandb.module.storage.module.bucket.google_storage_bucket_iam_member.object_admin",
            "module.wandb.module.storage.module.bucket.random_pet.file_storage",
            "module.wandb.module.storage.module.pubsub.data.google_client_config.current",
            "module.wandb.module.storage.module.pubsub.data.google_storage_project_service_account.default",
            "module.wandb.module.storage.module.pubsub.google_pubsub_subscription.file_storage",
            "module.wandb.module.storage.module.pubsub.google_pubsub_subscription_iam_member.admin",
            "module.wandb.module.storage.module.pubsub.google_pubsub_topic.file_storage",
            "module.wandb.module.storage.module.pubsub.google_pubsub_topic_iam_member.admin",
            "module.wandb.module.storage.module.pubsub.google_pubsub_topic_iam_member.gcp_publisher",
            "module.wandb.module.storage.module.pubsub.google_storage_notification.file_storage",
            "module.wandb.module.wandb.helm_release.operator"
          ]
        }
      ]
    }
  ],
  "check_results": null
}
